{
  "version": 4,
  "terraform_version": "1.3.9",
  "serial": 0,
  "lineage": "a3c032e0-ba6a-4554-78b0-5c142ac6af8c",
  "outputs": {},
  "resources": [
    {
      "mode": "managed",
      "type": "genesyscloud_user",
      "name": "Adams_M365x602812_OnMicrosoft_com",
      "provider": "provider[\"registry.terraform.io/-/genesyscloud\"]",
      "instances": [
        {
          "schema_version": 1,
          "attributes_flat": {
            "acd_auto_answer": "false",
            "addresses.#": "1",
            "addresses.0.other_emails.#": "1",
            "addresses.0.other_emails.1636456382.address": "Adams@M365x602812.OnMicrosoft.com",
            "addresses.0.other_emails.1636456382.type": "WORK",
            "addresses.0.phone_numbers.#": "0",
            "certifications.#": "0",
            "department": "",
            "division_id": "223a1aba-4f9c-40a8-b6f1-9c1a56f04419",
            "email": "Adams@M365x602812.OnMicrosoft.com",
            "employer_info.#": "0",
            "id": "3d400445-5960-44eb-963b-efb47a2ce74e",
            "locations.#": "0",
            "manager": "",
            "name": "Conf Room Adams",
            "profile_skills.#": "0",
            "routing_languages.#": "0",
            "routing_skills.#": "0",
            "routing_utilization.#": "0",
            "state": "active",
            "title": ""
          },
          "sensitive_attributes": []
        }
      ]
    },
    {
      "mode": "managed",
      "type": "genesyscloud_user",
      "name": "AdeleV_M365x602812_OnMicrosoft_com",
      "provider": "provider[\"registry.terraform.io/-/genesyscloud\"]",
      "instances": [
        {
          "schema_version": 1,
          "attributes_flat": {
            "acd_auto_answer": "false",
            "addresses.#": "1",
            "addresses.0.other_emails.#": "1",
            "addresses.0.other_emails.3123435753.address": "AdeleV@M365x602812.OnMicrosoft.com",
            "addresses.0.other_emails.3123435753.type": "WORK",
            "addresses.0.phone_numbers.#": "1",
            "addresses.0.phone_numbers.2671164099.extension": "",
            "addresses.0.phone_numbers.2671164099.media_type": "PHONE",
            "addresses.0.phone_numbers.2671164099.number": "+14255550109",
            "addresses.0.phone_numbers.2671164099.type": "OTHER",
            "certifications.#": "0",
            "department": "Retail",
            "division_id": "223a1aba-4f9c-40a8-b6f1-9c1a56f04419",
            "email": "AdeleV@M365x602812.OnMicrosoft.com",
            "employer_info.#": "0",
            "id": "b44c055d-2170-43a3-a8cf-05d3d5cbd7e1",
            "locations.#": "0",
            "manager": "1353fefb-ed76-4b28-8d75-6b1fcf615fe1",
            "name": "Adele Vance",
            "profile_skills.#": "0",
            "routing_languages.#": "0",
            "routing_skills.#": "0",
            "routing_utilization.#": "0",
            "state": "active",
            "title": "Retail Manager"
          },
          "sensitive_attributes": []
        }
      ]
    },
    {
      "mode": "managed",
      "type": "genesyscloud_user",
      "name": "AutomateB_M365x602812_OnMicrosoft_com",
      "provider": "provider[\"registry.terraform.io/-/genesyscloud\"]",
      "instances": [
        {
          "schema_version": 1,
          "attributes_flat": {
            "acd_auto_answer": "false",
            "addresses.#": "0",
            "certifications.#": "0",
            "department": "",
            "division_id": "223a1aba-4f9c-40a8-b6f1-9c1a56f04419",
            "email": "AutomateB@M365x602812.OnMicrosoft.com",
            "employer_info.#": "0",
            "id": "ea9ae610-0959-4c25-8254-4abb4de39fb8",
            "locations.#": "0",
            "manager": "",
            "name": "Automate Bot",
            "profile_skills.#": "0",
            "routing_languages.#": "0",
            "routing_skills.#": "1",
            "routing_skills.1771037375.proficiency": "0",
            "routing_skills.1771037375.skill_id": "e2cbfceb-53dd-4540-a7ba-7725ceff3996",
            "routing_utilization.#": "0",
            "state": "active",
            "title": ""
          },
          "sensitive_attributes": []
        }
      ]
    },
    {
      "mode": "managed",
      "type": "genesyscloud_user",
      "name": "Baker_M365x602812_OnMicrosoft_com",
      "provider": "provider[\"registry.terraform.io/-/genesyscloud\"]",
      "instances": [
        {
          "schema_version": 1,
          "attributes_flat": {
            "acd_auto_answer": "false",
            "addresses.#": "1",
            "addresses.0.other_emails.#": "1",
            "addresses.0.other_emails.2373583151.address": "Baker@M365x602812.OnMicrosoft.com",
            "addresses.0.other_emails.2373583151.type": "WORK",
            "addresses.0.phone_numbers.#": "0",
            "certifications.#": "0",
            "department": "",
            "division_id": "223a1aba-4f9c-40a8-b6f1-9c1a56f04419",
            "email": "Baker@M365x602812.OnMicrosoft.com",
            "employer_info.#": "0",
            "id": "c779617a-c5b9-40ed-99ab-3a2a64a61ec1",
            "locations.#": "0",
            "manager": "",
            "name": "Conf Room Baker",
            "profile_skills.#": "0",
            "routing_languages.#": "0",
            "routing_skills.#": "0",
            "routing_utilization.#": "0",
            "state": "active",
            "title": ""
          },
          "sensitive_attributes": []
        }
      ]
    },
    {
      "mode": "managed",
      "type": "genesyscloud_user",
      "name": "BiancaP_M365x602812_OnMicrosoft_com",
      "provider": "provider[\"registry.terraform.io/-/genesyscloud\"]",
      "instances": [
        {
          "schema_version": 1,
          "attributes_flat": {
            "acd_auto_answer": "false",
            "addresses.#": "1",
            "addresses.0.other_emails.#": "0",
            "addresses.0.phone_numbers.#": "1",
            "addresses.0.phone_numbers.413380651.extension": "",
            "addresses.0.phone_numbers.413380651.media_type": "PHONE",
            "addresses.0.phone_numbers.413380651.number": "+14255550100",
            "addresses.0.phone_numbers.413380651.type": "OTHER",
            "certifications.#": "0",
            "department": "Sales",
            "division_id": "223a1aba-4f9c-40a8-b6f1-9c1a56f04419",
            "email": "BiancaP@M365x602812.OnMicrosoft.com",
            "employer_info.#": "0",
            "id": "b10743c3-e1e4-409f-821f-6dbddac52f17",
            "locations.#": "0",
            "manager": "1353fefb-ed76-4b28-8d75-6b1fcf615fe1",
            "name": "Bianca Pisani",
            "profile_skills.#": "0",
            "routing_languages.#": "0",
            "routing_skills.#": "0",
            "routing_utilization.#": "0",
            "state": "active",
            "title": "Salesperson"
          },
          "sensitive_attributes": []
        }
      ]
    },
    {
      "mode": "managed",
      "type": "genesyscloud_user",
      "name": "BrianJ_M365x602812_OnMicrosoft_com",
      "provider": "provider[\"registry.terraform.io/-/genesyscloud\"]",
      "instances": [
        {
          "schema_version": 1,
          "attributes_flat": {
            "acd_auto_answer": "false",
            "addresses.#": "1",
            "addresses.0.other_emails.#": "1",
            "addresses.0.other_emails.4123105335.address": "BrianJ@M365x602812.OnMicrosoft.com",
            "addresses.0.other_emails.4123105335.type": "WORK",
            "addresses.0.phone_numbers.#": "0",
            "certifications.#": "0",
            "department": "",
            "division_id": "223a1aba-4f9c-40a8-b6f1-9c1a56f04419",
            "email": "BrianJ@M365x602812.OnMicrosoft.com",
            "employer_info.#": "0",
            "id": "792209ed-fb9b-4099-a8bb-dbf7e7ff399c",
            "locations.#": "0",
            "manager": "",
            "name": "Brian Johnson (TAILSPIN)",
            "profile_skills.#": "0",
            "routing_languages.#": "0",
            "routing_skills.#": "0",
            "routing_utilization.#": "0",
            "state": "active",
            "title": ""
          },
          "sensitive_attributes": []
        }
      ]
    },
    {
      "mode": "managed",
      "type": "genesyscloud_user",
      "name": "CameronW_M365x602812_OnMicrosoft_com",
      "provider": "provider[\"registry.terraform.io/-/genesyscloud\"]",
      "instances": [
        {
          "schema_version": 1,
          "attributes_flat": {
            "acd_auto_answer": "false",
            "addresses.#": "1",
            "addresses.0.other_emails.#": "0",
            "addresses.0.phone_numbers.#": "1",
            "addresses.0.phone_numbers.413380651.extension": "",
            "addresses.0.phone_numbers.413380651.media_type": "PHONE",
            "addresses.0.phone_numbers.413380651.number": "+14255550100",
            "addresses.0.phone_numbers.413380651.type": "OTHER",
            "certifications.#": "0",
            "department": "Sales",
            "division_id": "223a1aba-4f9c-40a8-b6f1-9c1a56f04419",
            "email": "CameronW@M365x602812.OnMicrosoft.com",
            "employer_info.#": "0",
            "id": "b766821c-10ae-41ae-bb9a-177929872c45",
            "locations.#": "0",
            "manager": "1353fefb-ed76-4b28-8d75-6b1fcf615fe1",
            "name": "Cameron White",
            "profile_skills.#": "0",
            "routing_languages.#": "0",
            "routing_skills.#": "0",
            "routing_utilization.#": "0",
            "state": "active",
            "title": "Salesperson"
          },
          "sensitive_attributes": []
        }
      ]
    },
    {
      "mode": "managed",
      "type": "genesyscloud_user",
      "name": "Crystal_M365x602812_OnMicrosoft_com",
      "provider": "provider[\"registry.terraform.io/-/genesyscloud\"]",
      "instances": [
        {
          "schema_version": 1,
          "attributes_flat": {
            "acd_auto_answer": "false",
            "addresses.#": "1",
            "addresses.0.other_emails.#": "1",
            "addresses.0.other_emails.1518831845.address": "Crystal@M365x602812.OnMicrosoft.com",
            "addresses.0.other_emails.1518831845.type": "WORK",
            "addresses.0.phone_numbers.#": "0",
            "certifications.#": "0",
            "department": "",
            "division_id": "223a1aba-4f9c-40a8-b6f1-9c1a56f04419",
            "email": "Crystal@M365x602812.OnMicrosoft.com",
            "employer_info.#": "0",
            "id": "11369649-208f-4e38-b2eb-54123aa29ec4",
            "locations.#": "0",
            "manager": "",
            "name": "Conf Room Crystal",
            "profile_skills.#": "0",
            "routing_languages.#": "0",
            "routing_skills.#": "0",
            "routing_utilization.#": "0",
            "state": "active",
            "title": ""
          },
          "sensitive_attributes": []
        }
      ]
    },
    {
      "mode": "managed",
      "type": "genesyscloud_user",
      "name": "David_Strong_infinit_cx",
      "provider": "provider[\"registry.terraform.io/-/genesyscloud\"]",
      "instances": [
        {
          "schema_version": 1,
          "attributes_flat": {
            "acd_auto_answer": "false",
            "addresses.#": "1",
            "addresses.0.other_emails.#": "1",
            "addresses.0.other_emails.1095221821.address": "David.Strong@infinit.cx",
            "addresses.0.other_emails.1095221821.type": "WORK",
            "addresses.0.phone_numbers.#": "0",
            "certifications.#": "0",
            "department": "Support",
            "division_id": "1ff5a765-bdc7-4946-9b65-0e855f9d92af",
            "email": "David.Strong@infinit.cx",
            "employer_info.#": "0",
            "id": "90de336d-e8f5-435d-87b6-25f294ca5e32",
            "locations.#": "0",
            "manager": "",
            "name": "David Strong",
            "profile_skills.#": "0",
            "routing_languages.#": "0",
            "routing_skills.#": "1",
            "routing_skills.3752674293.proficiency": "5",
            "routing_skills.3752674293.skill_id": "0f0e58e1-f90a-41d0-b17e-9b763b7f59e8",
            "routing_utilization.#": "0",
            "state": "active",
            "title": "Agent"
          },
          "sensitive_attributes": []
        }
      ]
    },
    {
      "mode": "managed",
      "type": "genesyscloud_user",
      "name": "DebraB_M365x602812_OnMicrosoft_com",
      "provider": "provider[\"registry.terraform.io/-/genesyscloud\"]",
      "instances": [
        {
          "schema_version": 1,
          "attributes_flat": {
            "acd_auto_answer": "false",
            "addresses.#": "1",
            "addresses.0.other_emails.#": "1",
            "addresses.0.other_emails.2253709452.address": "DebraB@M365x602812.OnMicrosoft.com",
            "addresses.0.other_emails.2253709452.type": "WORK",
            "addresses.0.phone_numbers.#": "1",
            "addresses.0.phone_numbers.93061944.extension": "",
            "addresses.0.phone_numbers.93061944.media_type": "PHONE",
            "addresses.0.phone_numbers.93061944.number": "+14255550105",
            "addresses.0.phone_numbers.93061944.type": "OTHER",
            "certifications.#": "0",
            "department": "Executive Management",
            "division_id": "223a1aba-4f9c-40a8-b6f1-9c1a56f04419",
            "email": "DebraB@M365x602812.OnMicrosoft.com",
            "employer_info.#": "0",
            "id": "e78f41f2-585f-47ba-9728-a1fd5fd38f86",
            "locations.#": "0",
            "manager": "baaf7dad-f0fa-4d5f-ae19-99a8b22a4809",
            "name": "Debra Berger",
            "profile_skills.#": "0",
            "routing_languages.#": "0",
            "routing_skills.#": "0",
            "routing_utilization.#": "0",
            "state": "active",
            "title": "Administrative Assistant"
          },
          "sensitive_attributes": []
        }
      ]
    },
    {
      "mode": "managed",
      "type": "genesyscloud_user",
      "name": "DeliaD_M365x602812_OnMicrosoft_com",
      "provider": "provider[\"registry.terraform.io/-/genesyscloud\"]",
      "instances": [
        {
          "schema_version": 1,
          "attributes_flat": {
            "acd_auto_answer": "false",
            "addresses.#": "1",
            "addresses.0.other_emails.#": "0",
            "addresses.0.phone_numbers.#": "1",
            "addresses.0.phone_numbers.413380651.extension": "",
            "addresses.0.phone_numbers.413380651.media_type": "PHONE",
            "addresses.0.phone_numbers.413380651.number": "+14255550100",
            "addresses.0.phone_numbers.413380651.type": "OTHER",
            "certifications.#": "0",
            "department": "Engineering",
            "division_id": "223a1aba-4f9c-40a8-b6f1-9c1a56f04419",
            "email": "DeliaD@M365x602812.OnMicrosoft.com",
            "employer_info.#": "0",
            "id": "8abc3439-8a6a-49bd-a451-e4ff44845ea9",
            "locations.#": "0",
            "manager": "b3a05374-9084-419d-85e8-825b44241498",
            "name": "Delia Dennis",
            "profile_skills.#": "0",
            "routing_languages.#": "0",
            "routing_skills.#": "0",
            "routing_utilization.#": "0",
            "state": "active",
            "title": "Engineer"
          },
          "sensitive_attributes": []
        }
      ]
    },
    {
      "mode": "managed",
      "type": "genesyscloud_user",
      "name": "DiegoS_M365x602812_OnMicrosoft_com",
      "provider": "provider[\"registry.terraform.io/-/genesyscloud\"]",
      "instances": [
        {
          "schema_version": 1,
          "attributes_flat": {
            "acd_auto_answer": "false",
            "addresses.#": "1",
            "addresses.0.other_emails.#": "1",
            "addresses.0.other_emails.2592969406.address": "DiegoS@M365x602812.OnMicrosoft.com",
            "addresses.0.other_emails.2592969406.type": "WORK",
            "addresses.0.phone_numbers.#": "1",
            "addresses.0.phone_numbers.3566549179.extension": "",
            "addresses.0.phone_numbers.3566549179.media_type": "PHONE",
            "addresses.0.phone_numbers.3566549179.number": "+12055550108",
            "addresses.0.phone_numbers.3566549179.type": "OTHER",
            "certifications.#": "0",
            "department": "HR",
            "division_id": "223a1aba-4f9c-40a8-b6f1-9c1a56f04419",
            "email": "DiegoS@M365x602812.OnMicrosoft.com",
            "employer_info.#": "0",
            "id": "1929a740-077b-448c-87f4-865d2c543149",
            "locations.#": "0",
            "manager": "da3f7915-2286-43f1-a269-46ad14ddea36",
            "name": "Diego Siciliani",
            "profile_skills.#": "0",
            "routing_languages.#": "0",
            "routing_skills.#": "0",
            "routing_utilization.#": "0",
            "state": "active",
            "title": "HR Manager"
          },
          "sensitive_attributes": []
        }
      ]
    },
    {
      "mode": "managed",
      "type": "genesyscloud_user",
      "name": "GerhartM_M365x602812_OnMicrosoft_com",
      "provider": "provider[\"registry.terraform.io/-/genesyscloud\"]",
      "instances": [
        {
          "schema_version": 1,
          "attributes_flat": {
            "acd_auto_answer": "false",
            "addresses.#": "1",
            "addresses.0.other_emails.#": "0",
            "addresses.0.phone_numbers.#": "1",
            "addresses.0.phone_numbers.413380651.extension": "",
            "addresses.0.phone_numbers.413380651.media_type": "PHONE",
            "addresses.0.phone_numbers.413380651.number": "+14255550100",
            "addresses.0.phone_numbers.413380651.type": "OTHER",
            "certifications.#": "0",
            "department": "",
            "division_id": "223a1aba-4f9c-40a8-b6f1-9c1a56f04419",
            "email": "GerhartM@M365x602812.OnMicrosoft.com",
            "employer_info.#": "0",
            "id": "a139d02e-c5f0-45a3-a036-b411973fefe2",
            "locations.#": "0",
            "manager": "baaf7dad-f0fa-4d5f-ae19-99a8b22a4809",
            "name": "Gerhart Moller",
            "profile_skills.#": "0",
            "routing_languages.#": "0",
            "routing_skills.#": "0",
            "routing_utilization.#": "0",
            "state": "active",
            "title": "Manager"
          },
          "sensitive_attributes": []
        }
      ]
    },
    {
      "mode": "managed",
      "type": "genesyscloud_user",
      "name": "GradyA_M365x602812_OnMicrosoft_com",
      "provider": "provider[\"registry.terraform.io/-/genesyscloud\"]",
      "instances": [
        {
          "schema_version": 1,
          "attributes_flat": {
            "acd_auto_answer": "false",
            "addresses.#": "1",
            "addresses.0.other_emails.#": "1",
            "addresses.0.other_emails.1461177293.address": "GradyA@M365x602812.OnMicrosoft.com",
            "addresses.0.other_emails.1461177293.type": "WORK",
            "addresses.0.phone_numbers.#": "1",
            "addresses.0.phone_numbers.2318522475.extension": "",
            "addresses.0.phone_numbers.2318522475.media_type": "PHONE",
            "addresses.0.phone_numbers.2318522475.number": "+13095550104",
            "addresses.0.phone_numbers.2318522475.type": "OTHER",
            "certifications.#": "0",
            "department": "R\u0026D",
            "division_id": "223a1aba-4f9c-40a8-b6f1-9c1a56f04419",
            "email": "GradyA@M365x602812.OnMicrosoft.com",
            "employer_info.#": "0",
            "id": "90257a3a-0244-4420-b589-21ac6d37ae32",
            "locations.#": "0",
            "manager": "b3a05374-9084-419d-85e8-825b44241498",
            "name": "Grady Archie",
            "profile_skills.#": "0",
            "routing_languages.#": "0",
            "routing_skills.#": "0",
            "routing_utilization.#": "0",
            "state": "active",
            "title": "Designer"
          },
          "sensitive_attributes": []
        }
      ]
    },
    {
      "mode": "managed",
      "type": "genesyscloud_user",
      "name": "Helen_Overview_infinit_cx",
      "provider": "provider[\"registry.terraform.io/-/genesyscloud\"]",
      "instances": [
        {
          "schema_version": 1,
          "attributes_flat": {
            "acd_auto_answer": "false",
            "addresses.#": "1",
            "addresses.0.other_emails.#": "1",
            "addresses.0.other_emails.608386643.address": "Helen.Overview@infinit.cx",
            "addresses.0.other_emails.608386643.type": "WORK",
            "addresses.0.phone_numbers.#": "0",
            "certifications.#": "0",
            "department": "Support",
            "division_id": "1ff5a765-bdc7-4946-9b65-0e855f9d92af",
            "email": "Helen.Overview@infinit.cx",
            "employer_info.#": "0",
            "id": "02a4526a-68aa-4caf-96ab-219b1b6e117a",
            "locations.#": "0",
            "manager": "",
            "name": "Helen Overview",
            "profile_skills.#": "0",
            "routing_languages.#": "0",
            "routing_skills.#": "1",
            "routing_skills.3752674293.proficiency": "5",
            "routing_skills.3752674293.skill_id": "0f0e58e1-f90a-41d0-b17e-9b763b7f59e8",
            "routing_utilization.#": "0",
            "state": "active",
            "title": "Supervisor"
          },
          "sensitive_attributes": []
        }
      ]
    },
    {
      "mode": "managed",
      "type": "genesyscloud_user",
      "name": "Hood_M365x602812_OnMicrosoft_com",
      "provider": "provider[\"registry.terraform.io/-/genesyscloud\"]",
      "instances": [
        {
          "schema_version": 1,
          "attributes_flat": {
            "acd_auto_answer": "false",
            "addresses.#": "1",
            "addresses.0.other_emails.#": "1",
            "addresses.0.other_emails.3583201877.address": "Hood@M365x602812.OnMicrosoft.com",
            "addresses.0.other_emails.3583201877.type": "WORK",
            "addresses.0.phone_numbers.#": "0",
            "certifications.#": "0",
            "department": "",
            "division_id": "223a1aba-4f9c-40a8-b6f1-9c1a56f04419",
            "email": "Hood@M365x602812.OnMicrosoft.com",
            "employer_info.#": "0",
            "id": "f351ddc7-a2f7-491a-a726-a68a617fe289",
            "locations.#": "0",
            "manager": "",
            "name": "Conf Room Hood",
            "profile_skills.#": "0",
            "routing_languages.#": "0",
            "routing_skills.#": "0",
            "routing_utilization.#": "0",
            "state": "active",
            "title": ""
          },
          "sensitive_attributes": []
        }
      ]
    },
    {
      "mode": "managed",
      "type": "genesyscloud_user",
      "name": "IrvinS_M365x602812_OnMicrosoft_com",
      "provider": "provider[\"registry.terraform.io/-/genesyscloud\"]",
      "instances": [
        {
          "schema_version": 1,
          "attributes_flat": {
            "acd_auto_answer": "false",
            "addresses.#": "1",
            "addresses.0.other_emails.#": "1",
            "addresses.0.other_emails.263754361.address": "IrvinS@M365x602812.OnMicrosoft.com",
            "addresses.0.other_emails.263754361.type": "WORK",
            "addresses.0.phone_numbers.#": "1",
            "addresses.0.phone_numbers.2535353208.extension": "",
            "addresses.0.phone_numbers.2535353208.media_type": "PHONE",
            "addresses.0.phone_numbers.2535353208.number": "+13095550101",
            "addresses.0.phone_numbers.2535353208.type": "OTHER",
            "certifications.#": "0",
            "department": "R\u0026D",
            "division_id": "223a1aba-4f9c-40a8-b6f1-9c1a56f04419",
            "email": "IrvinS@M365x602812.OnMicrosoft.com",
            "employer_info.#": "0",
            "id": "eb4d237a-8b7d-4d47-964e-a07d56ed08a1",
            "locations.#": "0",
            "manager": "b3a05374-9084-419d-85e8-825b44241498",
            "name": "Irvin Sayers",
            "profile_skills.#": "0",
            "routing_languages.#": "0",
            "routing_skills.#": "0",
            "routing_utilization.#": "0",
            "state": "active",
            "title": "Project Manager"
          },
          "sensitive_attributes": []
        }
      ]
    },
    {
      "mode": "managed",
      "type": "genesyscloud_user",
      "name": "IsaiahL_M365x602812_OnMicrosoft_com",
      "provider": "provider[\"registry.terraform.io/-/genesyscloud\"]",
      "instances": [
        {
          "schema_version": 1,
          "attributes_flat": {
            "acd_auto_answer": "false",
            "addresses.#": "1",
            "addresses.0.other_emails.#": "1",
            "addresses.0.other_emails.3600080151.address": "IsaiahL@M365x602812.OnMicrosoft.com",
            "addresses.0.other_emails.3600080151.type": "WORK",
            "addresses.0.phone_numbers.#": "1",
            "addresses.0.phone_numbers.4205853728.extension": "",
            "addresses.0.phone_numbers.4205853728.media_type": "PHONE",
            "addresses.0.phone_numbers.4205853728.number": "+19185550101",
            "addresses.0.phone_numbers.4205853728.type": "OTHER",
            "certifications.#": "0",
            "department": "Sales",
            "division_id": "223a1aba-4f9c-40a8-b6f1-9c1a56f04419",
            "email": "IsaiahL@M365x602812.OnMicrosoft.com",
            "employer_info.#": "0",
            "id": "417f4fd5-cb9a-43c6-997f-3f1776bc495a",
            "locations.#": "0",
            "manager": "1353fefb-ed76-4b28-8d75-6b1fcf615fe1",
            "name": "Isaiah Langer",
            "profile_skills.#": "0",
            "routing_languages.#": "0",
            "routing_skills.#": "0",
            "routing_utilization.#": "0",
            "state": "active",
            "title": "Sales Rep"
          },
          "sensitive_attributes": []
        }
      ]
    },
    {
      "mode": "managed",
      "type": "genesyscloud_user",
      "name": "JohannaL_M365x602812_OnMicrosoft_com",
      "provider": "provider[\"registry.terraform.io/-/genesyscloud\"]",
      "instances": [
        {
          "schema_version": 1,
          "attributes_flat": {
            "acd_auto_answer": "false",
            "addresses.#": "1",
            "addresses.0.other_emails.#": "1",
            "addresses.0.other_emails.29463375.address": "JohannaL@M365x602812.OnMicrosoft.com",
            "addresses.0.other_emails.29463375.type": "WORK",
            "addresses.0.phone_numbers.#": "1",
            "addresses.0.phone_numbers.1784137294.extension": "",
            "addresses.0.phone_numbers.1784137294.media_type": "PHONE",
            "addresses.0.phone_numbers.1784137294.number": "+15025550102",
            "addresses.0.phone_numbers.1784137294.type": "OTHER",
            "certifications.#": "0",
            "department": "Engineering",
            "division_id": "223a1aba-4f9c-40a8-b6f1-9c1a56f04419",
            "email": "JohannaL@M365x602812.OnMicrosoft.com",
            "employer_info.#": "0",
            "id": "03e90dd5-09be-470b-adc6-c9a16dddddf4",
            "locations.#": "0",
            "manager": "b3a05374-9084-419d-85e8-825b44241498",
            "name": "Johanna Lorenz",
            "profile_skills.#": "0",
            "routing_languages.#": "0",
            "routing_skills.#": "0",
            "routing_utilization.#": "0",
            "state": "active",
            "title": "Senior Engineer"
          },
          "sensitive_attributes": []
        }
      ]
    },
    {
      "mode": "managed",
      "type": "genesyscloud_user",
      "name": "JoniS_M365x602812_OnMicrosoft_com",
      "provider": "provider[\"registry.terraform.io/-/genesyscloud\"]",
      "instances": [
        {
          "schema_version": 1,
          "attributes_flat": {
            "acd_auto_answer": "false",
            "addresses.#": "1",
            "addresses.0.other_emails.#": "1",
            "addresses.0.other_emails.4113339739.address": "JoniS@M365x602812.OnMicrosoft.com",
            "addresses.0.other_emails.4113339739.type": "WORK",
            "addresses.0.phone_numbers.#": "1",
            "addresses.0.phone_numbers.3712180346.extension": "",
            "addresses.0.phone_numbers.3712180346.media_type": "PHONE",
            "addresses.0.phone_numbers.3712180346.number": "+19805550101",
            "addresses.0.phone_numbers.3712180346.type": "OTHER",
            "certifications.#": "0",
            "department": "Legal",
            "division_id": "223a1aba-4f9c-40a8-b6f1-9c1a56f04419",
            "email": "JoniS@M365x602812.OnMicrosoft.com",
            "employer_info.#": "0",
            "id": "6af23975-d0cf-43e4-ba4c-424f17938394",
            "locations.#": "0",
            "manager": "da3f7915-2286-43f1-a269-46ad14ddea36",
            "name": "Joni Sherman",
            "profile_skills.#": "0",
            "routing_languages.#": "0",
            "routing_skills.#": "0",
            "routing_utilization.#": "0",
            "state": "active",
            "title": "Paralegal"
          },
          "sensitive_attributes": []
        }
      ]
    },
    {
      "mode": "managed",
      "type": "genesyscloud_user",
      "name": "Larissa_Fleissig_infinit_cx",
      "provider": "provider[\"registry.terraform.io/-/genesyscloud\"]",
      "instances": [
        {
          "schema_version": 1,
          "attributes_flat": {
            "acd_auto_answer": "false",
            "addresses.#": "0",
            "certifications.#": "2",
            "certifications.3108029790": "Autoversicherung",
            "certifications.322573706": "Genesys Cloud Agent",
            "department": "Spezialistin",
            "division_id": "00995efb-0846-4ced-878e-2c88a1901753",
            "email": "Larissa.Fleissig@infinit.cx",
            "employer_info.#": "0",
            "id": "ce83b7e1-bca8-49b7-8346-40f5ede1ed19",
            "locations.#": "0",
            "manager": "ee317955-9857-4259-baf5-970bb308694c",
            "name": "Larissa Fleißig",
            "profile_skills.#": "2",
            "profile_skills.1179272790": "Adressänderung",
            "profile_skills.1728181328": "Unfallaufnahme",
            "routing_languages.#": "2",
            "routing_languages.3207428808.language_id": "6920b33a-1637-463e-ac3b-7f452ad80e13",
            "routing_languages.3207428808.proficiency": "0",
            "routing_languages.4294058497.language_id": "23c88d88-ebbd-47e8-b928-d291eb8b68f4",
            "routing_languages.4294058497.proficiency": "0",
            "routing_skills.#": "15",
            "routing_skills.1327886857.proficiency": "5",
            "routing_skills.1327886857.skill_id": "80370def-d6d3-4f57-92cf-fa400c5509c1",
            "routing_skills.13505815.proficiency": "5",
            "routing_skills.13505815.skill_id": "6e657bbf-3ae3-40c8-8d79-004052c8572c",
            "routing_skills.1614339832.proficiency": "5",
            "routing_skills.1614339832.skill_id": "6f242af7-09b8-435a-9f73-ae88dbe29ff8",
            "routing_skills.2113865622.proficiency": "5",
            "routing_skills.2113865622.skill_id": "edef7cc8-71bd-4daa-ae70-7deceda3972d",
            "routing_skills.2288911979.proficiency": "3",
            "routing_skills.2288911979.skill_id": "a5224b21-3126-4d1f-aeb8-00e8bb9b4677",
            "routing_skills.3158120547.proficiency": "0",
            "routing_skills.3158120547.skill_id": "c1c166e9-c351-44f4-b8f2-01ecd7881300",
            "routing_skills.3193560786.proficiency": "5",
            "routing_skills.3193560786.skill_id": "f621d7c2-c5af-49cc-b71f-4705921f3b67",
            "routing_skills.3210686100.proficiency": "0",
            "routing_skills.3210686100.skill_id": "9ee3bb49-32d5-43db-9953-80797c150101",
            "routing_skills.3795804261.proficiency": "5",
            "routing_skills.3795804261.skill_id": "352c9085-dec5-4a19-b077-aa5292b1d52a",
            "routing_skills.4038521755.proficiency": "5",
            "routing_skills.4038521755.skill_id": "859eed7c-4fd6-43b9-ac1f-41a147dbae5d",
            "routing_skills.4139502015.proficiency": "3",
            "routing_skills.4139502015.skill_id": "810298e1-f94b-43a4-8db9-49505efc5461",
            "routing_skills.436781296.proficiency": "5",
            "routing_skills.436781296.skill_id": "afa0726a-346e-4c7f-99af-2b33329d40df",
            "routing_skills.459689234.proficiency": "5",
            "routing_skills.459689234.skill_id": "851fa026-7042-429a-bc54-e7dfa396ab66",
            "routing_skills.697562483.proficiency": "5",
            "routing_skills.697562483.skill_id": "f1f53ded-69b6-4581-85b9-93eec8302495",
            "routing_skills.855679463.proficiency": "5",
            "routing_skills.855679463.skill_id": "6c6e2b42-fac1-440a-8f28-3e68bbe97505",
            "routing_utilization.#": "0",
            "state": "active",
            "title": "Service Beraterin"
          },
          "sensitive_attributes": []
        }
      ]
    },
    {
      "mode": "managed",
      "type": "genesyscloud_user",
      "name": "LeeG_M365x602812_OnMicrosoft_com",
      "provider": "provider[\"registry.terraform.io/-/genesyscloud\"]",
      "instances": [
        {
          "schema_version": 1,
          "attributes_flat": {
            "acd_auto_answer": "false",
            "addresses.#": "1",
            "addresses.0.other_emails.#": "1",
            "addresses.0.other_emails.3155279592.address": "LeeG@M365x602812.OnMicrosoft.com",
            "addresses.0.other_emails.3155279592.type": "WORK",
            "addresses.0.phone_numbers.#": "1",
            "addresses.0.phone_numbers.3368200024.extension": "",
            "addresses.0.phone_numbers.3368200024.media_type": "PHONE",
            "addresses.0.phone_numbers.3368200024.number": "+19135550101",
            "addresses.0.phone_numbers.3368200024.type": "OTHER",
            "certifications.#": "0",
            "department": "Manufacturing",
            "division_id": "223a1aba-4f9c-40a8-b6f1-9c1a56f04419",
            "email": "LeeG@M365x602812.OnMicrosoft.com",
            "employer_info.#": "0",
            "id": "b3a05374-9084-419d-85e8-825b44241498",
            "locations.#": "0",
            "manager": "baaf7dad-f0fa-4d5f-ae19-99a8b22a4809",
            "name": "Lee Gu",
            "profile_skills.#": "0",
            "routing_languages.#": "0",
            "routing_skills.#": "0",
            "routing_utilization.#": "0",
            "state": "active",
            "title": "Director"
          },
          "sensitive_attributes": []
        }
      ]
    },
    {
      "mode": "managed",
      "type": "genesyscloud_user",
      "name": "LidiaH_M365x602812_OnMicrosoft_com",
      "provider": "provider[\"registry.terraform.io/-/genesyscloud\"]",
      "instances": [
        {
          "schema_version": 1,
          "attributes_flat": {
            "acd_auto_answer": "false",
            "addresses.#": "1",
            "addresses.0.other_emails.#": "1",
            "addresses.0.other_emails.740741171.address": "LidiaH@M365x602812.OnMicrosoft.com",
            "addresses.0.other_emails.740741171.type": "WORK",
            "addresses.0.phone_numbers.#": "1",
            "addresses.0.phone_numbers.1515578365.extension": "",
            "addresses.0.phone_numbers.1515578365.media_type": "PHONE",
            "addresses.0.phone_numbers.1515578365.number": "+19185550107",
            "addresses.0.phone_numbers.1515578365.type": "OTHER",
            "certifications.#": "0",
            "department": "Engineering",
            "division_id": "223a1aba-4f9c-40a8-b6f1-9c1a56f04419",
            "email": "LidiaH@M365x602812.OnMicrosoft.com",
            "employer_info.#": "0",
            "id": "022212fb-85cc-4869-bb59-ac834bf189af",
            "locations.#": "0",
            "manager": "b3a05374-9084-419d-85e8-825b44241498",
            "name": "Lidia Holloway",
            "profile_skills.#": "0",
            "routing_languages.#": "0",
            "routing_skills.#": "0",
            "routing_utilization.#": "0",
            "state": "active",
            "title": "Product Manager"
          },
          "sensitive_attributes": []
        }
      ]
    },
    {
      "mode": "managed",
      "type": "genesyscloud_user",
      "name": "LynneR_M365x602812_OnMicrosoft_com",
      "provider": "provider[\"registry.terraform.io/-/genesyscloud\"]",
      "instances": [
        {
          "schema_version": 1,
          "attributes_flat": {
            "acd_auto_answer": "false",
            "addresses.#": "1",
            "addresses.0.other_emails.#": "1",
            "addresses.0.other_emails.4102254845.address": "LynneR@M365x602812.OnMicrosoft.com",
            "addresses.0.other_emails.4102254845.type": "WORK",
            "addresses.0.phone_numbers.#": "1",
            "addresses.0.phone_numbers.3885993779.extension": "",
            "addresses.0.phone_numbers.3885993779.media_type": "PHONE",
            "addresses.0.phone_numbers.3885993779.number": "+19185550104",
            "addresses.0.phone_numbers.3885993779.type": "OTHER",
            "certifications.#": "0",
            "department": "Retail",
            "division_id": "223a1aba-4f9c-40a8-b6f1-9c1a56f04419",
            "email": "LynneR@M365x602812.OnMicrosoft.com",
            "employer_info.#": "0",
            "id": "99acf65c-9b8b-42b1-9e39-ac154d8ed52c",
            "locations.#": "0",
            "manager": "1353fefb-ed76-4b28-8d75-6b1fcf615fe1",
            "name": "Lynne Robbins",
            "profile_skills.#": "0",
            "routing_languages.#": "0",
            "routing_skills.#": "0",
            "routing_utilization.#": "0",
            "state": "active",
            "title": "Planner"
          },
          "sensitive_attributes": []
        }
      ]
    },
    {
      "mode": "managed",
      "type": "genesyscloud_user",
      "name": "MalloryC_M365x602812_OnMicrosoft_com",
      "provider": "provider[\"registry.terraform.io/-/genesyscloud\"]",
      "instances": [
        {
          "schema_version": 1,
          "attributes_flat": {
            "acd_auto_answer": "false",
            "addresses.#": "1",
            "addresses.0.other_emails.#": "0",
            "addresses.0.phone_numbers.#": "1",
            "addresses.0.phone_numbers.413380651.extension": "",
            "addresses.0.phone_numbers.413380651.media_type": "PHONE",
            "addresses.0.phone_numbers.413380651.number": "+14255550100",
            "addresses.0.phone_numbers.413380651.type": "OTHER",
            "certifications.#": "0",
            "department": "",
            "division_id": "223a1aba-4f9c-40a8-b6f1-9c1a56f04419",
            "email": "MalloryC@M365x602812.OnMicrosoft.com",
            "employer_info.#": "0",
            "id": "22fc442c-e485-41a9-885a-61bc75a1cd08",
            "locations.#": "0",
            "manager": "1353fefb-ed76-4b28-8d75-6b1fcf615fe1",
            "name": "Mallory Cortez",
            "profile_skills.#": "0",
            "routing_languages.#": "0",
            "routing_skills.#": "0",
            "routing_utilization.#": "0",
            "state": "active",
            "title": ""
          },
          "sensitive_attributes": []
        }
      ]
    },
    {
      "mode": "managed",
      "type": "genesyscloud_user",
      "name": "MeganB_M365x602812_OnMicrosoft_com",
      "provider": "provider[\"registry.terraform.io/-/genesyscloud\"]",
      "instances": [
        {
          "schema_version": 1,
          "attributes_flat": {
            "acd_auto_answer": "false",
            "addresses.#": "1",
            "addresses.0.other_emails.#": "1",
            "addresses.0.other_emails.1250506116.address": "MeganB@M365x602812.OnMicrosoft.com",
            "addresses.0.other_emails.1250506116.type": "WORK",
            "addresses.0.phone_numbers.#": "1",
            "addresses.0.phone_numbers.91004595.extension": "",
            "addresses.0.phone_numbers.91004595.media_type": "PHONE",
            "addresses.0.phone_numbers.91004595.number": "+14125550109",
            "addresses.0.phone_numbers.91004595.type": "OTHER",
            "certifications.#": "0",
            "department": "Marketing",
            "division_id": "223a1aba-4f9c-40a8-b6f1-9c1a56f04419",
            "email": "MeganB@M365x602812.OnMicrosoft.com",
            "employer_info.#": "0",
            "id": "d7699b97-76a3-4316-956e-bb58f2e9d276",
            "locations.#": "0",
            "manager": "1353fefb-ed76-4b28-8d75-6b1fcf615fe1",
            "name": "Megan Bowen",
            "profile_skills.#": "0",
            "routing_languages.#": "0",
            "routing_skills.#": "0",
            "routing_utilization.#": "0",
            "state": "active",
            "title": "Marketing Manager"
          },
          "sensitive_attributes": []
        }
      ]
    },
    {
      "mode": "managed",
      "type": "genesyscloud_user",
      "name": "Melanie_Macher_infinit_cx",
      "provider": "provider[\"registry.terraform.io/-/genesyscloud\"]",
      "instances": [
        {
          "schema_version": 1,
          "attributes_flat": {
            "acd_auto_answer": "false",
            "addresses.#": "0",
            "certifications.#": "2",
            "certifications.2926290539": "Genesys Cloud Supervisor",
            "certifications.987497629": "Call Center Management",
            "department": "Experten-Team",
            "division_id": "1ff5a765-bdc7-4946-9b65-0e855f9d92af",
            "email": "Melanie.Macher@infinit.cx",
            "employer_info.#": "0",
            "id": "ee317955-9857-4259-baf5-970bb308694c",
            "locations.#": "0",
            "manager": "",
            "name": "Melanie Macher",
            "profile_skills.#": "2",
            "profile_skills.3108029790": "Autoversicherung",
            "profile_skills.4033065100": "Lebensversicherung",
            "routing_languages.#": "2",
            "routing_languages.2189809220.language_id": "23c88d88-ebbd-47e8-b928-d291eb8b68f4",
            "routing_languages.2189809220.proficiency": "5",
            "routing_languages.3260714637.language_id": "6920b33a-1637-463e-ac3b-7f452ad80e13",
            "routing_languages.3260714637.proficiency": "5",
            "routing_skills.#": "4",
            "routing_skills.1922309845.proficiency": "4",
            "routing_skills.1922309845.skill_id": "80370def-d6d3-4f57-92cf-fa400c5509c1",
            "routing_skills.2288911979.proficiency": "3",
            "routing_skills.2288911979.skill_id": "a5224b21-3126-4d1f-aeb8-00e8bb9b4677",
            "routing_skills.2771836141.proficiency": "0",
            "routing_skills.2771836141.skill_id": "41eedcd1-e3cf-4642-b24d-16b02296c74d",
            "routing_skills.3752674293.proficiency": "5",
            "routing_skills.3752674293.skill_id": "0f0e58e1-f90a-41d0-b17e-9b763b7f59e8",
            "routing_utilization.#": "0",
            "state": "active",
            "title": "Teamleitung"
          },
          "sensitive_attributes": []
        }
      ]
    },
    {
      "mode": "managed",
      "type": "genesyscloud_user",
      "name": "MiriamG_M365x602812_OnMicrosoft_com",
      "provider": "provider[\"registry.terraform.io/-/genesyscloud\"]",
      "instances": [
        {
          "schema_version": 1,
          "attributes_flat": {
            "acd_auto_answer": "false",
            "addresses.#": "1",
            "addresses.0.other_emails.#": "1",
            "addresses.0.other_emails.1421359807.address": "MiriamG@M365x602812.OnMicrosoft.com",
            "addresses.0.other_emails.1421359807.type": "WORK",
            "addresses.0.phone_numbers.#": "1",
            "addresses.0.phone_numbers.2774699830.extension": "",
            "addresses.0.phone_numbers.2774699830.media_type": "PHONE",
            "addresses.0.phone_numbers.2774699830.number": "+18585550109",
            "addresses.0.phone_numbers.2774699830.type": "OTHER",
            "certifications.#": "0",
            "department": "Sales \u0026 Marketing",
            "division_id": "223a1aba-4f9c-40a8-b6f1-9c1a56f04419",
            "email": "MiriamG@M365x602812.OnMicrosoft.com",
            "employer_info.#": "0",
            "id": "1353fefb-ed76-4b28-8d75-6b1fcf615fe1",
            "locations.#": "0",
            "manager": "baaf7dad-f0fa-4d5f-ae19-99a8b22a4809",
            "name": "Miriam Graham",
            "profile_skills.#": "0",
            "routing_languages.#": "0",
            "routing_skills.#": "0",
            "routing_utilization.#": "0",
            "state": "active",
            "title": "Director"
          },
          "sensitive_attributes": []
        }
      ]
    },
    {
      "mode": "managed",
      "type": "genesyscloud_user",
      "name": "NestorW_M365x602812_OnMicrosoft_com",
      "provider": "provider[\"registry.terraform.io/-/genesyscloud\"]",
      "instances": [
        {
          "schema_version": 1,
          "attributes_flat": {
            "acd_auto_answer": "false",
            "addresses.#": "1",
            "addresses.0.other_emails.#": "1",
            "addresses.0.other_emails.1906885720.address": "NestorW@M365x602812.OnMicrosoft.com",
            "addresses.0.other_emails.1906885720.type": "WORK",
            "addresses.0.phone_numbers.#": "1",
            "addresses.0.phone_numbers.1007686927.extension": "",
            "addresses.0.phone_numbers.1007686927.media_type": "PHONE",
            "addresses.0.phone_numbers.1007686927.number": "+12065550105",
            "addresses.0.phone_numbers.1007686927.type": "OTHER",
            "certifications.#": "0",
            "department": "Operations",
            "division_id": "223a1aba-4f9c-40a8-b6f1-9c1a56f04419",
            "email": "NestorW@M365x602812.OnMicrosoft.com",
            "employer_info.#": "0",
            "id": "da3f7915-2286-43f1-a269-46ad14ddea36",
            "locations.#": "0",
            "manager": "baaf7dad-f0fa-4d5f-ae19-99a8b22a4809",
            "name": "Nestor Wilke",
            "profile_skills.#": "0",
            "routing_languages.#": "0",
            "routing_skills.#": "0",
            "routing_utilization.#": "0",
            "state": "active",
            "title": "Director"
          },
          "sensitive_attributes": []
        }
      ]
    },
    {
      "mode": "managed",
      "type": "genesyscloud_user",
      "name": "PattiF_M365x602812_OnMicrosoft_com",
      "provider": "provider[\"registry.terraform.io/-/genesyscloud\"]",
      "instances": [
        {
          "schema_version": 1,
          "attributes_flat": {
            "acd_auto_answer": "false",
            "addresses.#": "1",
            "addresses.0.other_emails.#": "1",
            "addresses.0.other_emails.2591918817.address": "PattiF@M365x602812.OnMicrosoft.com",
            "addresses.0.other_emails.2591918817.type": "WORK",
            "addresses.0.phone_numbers.#": "1",
            "addresses.0.phone_numbers.3541997192.extension": "",
            "addresses.0.phone_numbers.3541997192.media_type": "PHONE",
            "addresses.0.phone_numbers.3541997192.number": "+15025550144",
            "addresses.0.phone_numbers.3541997192.type": "OTHER",
            "certifications.#": "0",
            "department": "Executive Management",
            "division_id": "223a1aba-4f9c-40a8-b6f1-9c1a56f04419",
            "email": "PattiF@M365x602812.OnMicrosoft.com",
            "employer_info.#": "0",
            "id": "baaf7dad-f0fa-4d5f-ae19-99a8b22a4809",
            "locations.#": "0",
            "manager": "",
            "name": "Patti Fernandez",
            "profile_skills.#": "0",
            "routing_languages.#": "0",
            "routing_skills.#": "0",
            "routing_utilization.#": "0",
            "state": "active",
            "title": "President"
          },
          "sensitive_attributes": []
        }
      ]
    },
    {
      "mode": "managed",
      "type": "genesyscloud_user",
      "name": "PradeepG_M365x602812_OnMicrosoft_com",
      "provider": "provider[\"registry.terraform.io/-/genesyscloud\"]",
      "instances": [
        {
          "schema_version": 1,
          "attributes_flat": {
            "acd_auto_answer": "false",
            "addresses.#": "1",
            "addresses.0.other_emails.#": "1",
            "addresses.0.other_emails.4279818391.address": "PradeepG@M365x602812.OnMicrosoft.com",
            "addresses.0.other_emails.4279818391.type": "WORK",
            "addresses.0.phone_numbers.#": "1",
            "addresses.0.phone_numbers.3021411875.extension": "",
            "addresses.0.phone_numbers.3021411875.media_type": "PHONE",
            "addresses.0.phone_numbers.3021411875.number": "+20255501070",
            "addresses.0.phone_numbers.3021411875.type": "OTHER",
            "certifications.#": "0",
            "department": "Finance",
            "division_id": "223a1aba-4f9c-40a8-b6f1-9c1a56f04419",
            "email": "PradeepG@M365x602812.OnMicrosoft.com",
            "employer_info.#": "0",
            "id": "58629fac-fc9c-497d-a5e0-25fce5f77a09",
            "locations.#": "0",
            "manager": "da3f7915-2286-43f1-a269-46ad14ddea36",
            "name": "Pradeep Gupta",
            "profile_skills.#": "0",
            "routing_languages.#": "0",
            "routing_skills.#": "0",
            "routing_utilization.#": "0",
            "state": "active",
            "title": "Accountant"
          },
          "sensitive_attributes": []
        }
      ]
    },
    {
      "mode": "managed",
      "type": "genesyscloud_user",
      "name": "Rainier_M365x602812_OnMicrosoft_com",
      "provider": "provider[\"registry.terraform.io/-/genesyscloud\"]",
      "instances": [
        {
          "schema_version": 1,
          "attributes_flat": {
            "acd_auto_answer": "false",
            "addresses.#": "1",
            "addresses.0.other_emails.#": "1",
            "addresses.0.other_emails.2643223386.address": "Rainier@M365x602812.OnMicrosoft.com",
            "addresses.0.other_emails.2643223386.type": "WORK",
            "addresses.0.phone_numbers.#": "0",
            "certifications.#": "0",
            "department": "",
            "division_id": "223a1aba-4f9c-40a8-b6f1-9c1a56f04419",
            "email": "Rainier@M365x602812.OnMicrosoft.com",
            "employer_info.#": "0",
            "id": "c009aee5-286f-4165-a2ad-c514143ec9b2",
            "locations.#": "0",
            "manager": "",
            "name": "Conf Room Rainier",
            "profile_skills.#": "0",
            "routing_languages.#": "0",
            "routing_skills.#": "0",
            "routing_utilization.#": "0",
            "state": "active",
            "title": ""
          },
          "sensitive_attributes": []
        }
      ]
    },
    {
      "mode": "managed",
      "type": "genesyscloud_user",
      "name": "RaulR_M365x602812_OnMicrosoft_com",
      "provider": "provider[\"registry.terraform.io/-/genesyscloud\"]",
      "instances": [
        {
          "schema_version": 1,
          "attributes_flat": {
            "acd_auto_answer": "false",
            "addresses.#": "1",
            "addresses.0.other_emails.#": "0",
            "addresses.0.phone_numbers.#": "1",
            "addresses.0.phone_numbers.413380651.extension": "",
            "addresses.0.phone_numbers.413380651.media_type": "PHONE",
            "addresses.0.phone_numbers.413380651.number": "+14255550100",
            "addresses.0.phone_numbers.413380651.type": "OTHER",
            "certifications.#": "0",
            "department": "Engineering",
            "division_id": "223a1aba-4f9c-40a8-b6f1-9c1a56f04419",
            "email": "RaulR@M365x602812.OnMicrosoft.com",
            "employer_info.#": "0",
            "id": "f7bfe1c7-ffc2-4f28-9a75-5e7061cf4365",
            "locations.#": "0",
            "manager": "b3a05374-9084-419d-85e8-825b44241498",
            "name": "Raul Razo",
            "profile_skills.#": "0",
            "routing_languages.#": "0",
            "routing_skills.#": "0",
            "routing_utilization.#": "0",
            "state": "active",
            "title": "Engineer"
          },
          "sensitive_attributes": []
        }
      ]
    },
    {
      "mode": "managed",
      "type": "genesyscloud_user",
      "name": "Stevens_M365x602812_OnMicrosoft_com",
      "provider": "provider[\"registry.terraform.io/-/genesyscloud\"]",
      "instances": [
        {
          "schema_version": 1,
          "attributes_flat": {
            "acd_auto_answer": "false",
            "addresses.#": "1",
            "addresses.0.other_emails.#": "1",
            "addresses.0.other_emails.3351949289.address": "Stevens@M365x602812.OnMicrosoft.com",
            "addresses.0.other_emails.3351949289.type": "WORK",
            "addresses.0.phone_numbers.#": "0",
            "certifications.#": "0",
            "department": "",
            "division_id": "223a1aba-4f9c-40a8-b6f1-9c1a56f04419",
            "email": "Stevens@M365x602812.OnMicrosoft.com",
            "employer_info.#": "0",
            "id": "d8b64fc8-83b6-40a3-84bb-189b492a5582",
            "locations.#": "0",
            "manager": "",
            "name": "Conf Room Stevens",
            "profile_skills.#": "0",
            "routing_languages.#": "0",
            "routing_skills.#": "0",
            "routing_utilization.#": "0",
            "state": "active",
            "title": ""
          },
          "sensitive_attributes": []
        }
      ]
    },
    {
      "mode": "managed",
      "type": "genesyscloud_user",
      "name": "Susann_Top_infinit_cx",
      "provider": "provider[\"registry.terraform.io/-/genesyscloud\"]",
      "instances": [
        {
          "schema_version": 1,
          "attributes_flat": {
            "acd_auto_answer": "false",
            "addresses.#": "1",
            "addresses.0.other_emails.#": "1",
            "addresses.0.other_emails.1236363783.address": "Susann.Top@infinit.cx",
            "addresses.0.other_emails.1236363783.type": "WORK",
            "addresses.0.phone_numbers.#": "0",
            "certifications.#": "0",
            "department": "Support",
            "division_id": "1ff5a765-bdc7-4946-9b65-0e855f9d92af",
            "email": "Susann.Top@infinit.cx",
            "employer_info.#": "0",
            "id": "09404459-7d45-4e48-a7b5-8766b6c1039b",
            "locations.#": "0",
            "manager": "",
            "name": "Susann Top",
            "profile_skills.#": "0",
            "routing_languages.#": "0",
            "routing_skills.#": "1",
            "routing_skills.3752674293.proficiency": "5",
            "routing_skills.3752674293.skill_id": "0f0e58e1-f90a-41d0-b17e-9b763b7f59e8",
            "routing_utilization.#": "0",
            "state": "active",
            "title": "Admin"
          },
          "sensitive_attributes": []
        }
      ]
    },
    {
      "mode": "managed",
      "type": "genesyscloud_user",
      "name": "adm_thomas_villinger_infinit_cx",
      "provider": "provider[\"registry.terraform.io/-/genesyscloud\"]",
      "instances": [
        {
          "schema_version": 1,
          "attributes_flat": {
            "acd_auto_answer": "false",
            "addresses.#": "1",
            "addresses.0.other_emails.#": "1",
            "addresses.0.other_emails.3871552265.address": "adm.thomas.villinger@infinit.cx",
            "addresses.0.other_emails.3871552265.type": "WORK",
            "addresses.0.phone_numbers.#": "0",
            "certifications.#": "0",
            "department": "",
            "division_id": "223a1aba-4f9c-40a8-b6f1-9c1a56f04419",
            "email": "adm.thomas.villinger@infinit.cx",
            "employer_info.#": "0",
            "id": "e4f9eb36-a14c-491a-86ce-877c2d3b3a56",
            "locations.#": "0",
            "manager": "",
            "name": "Thomas Villinger (Adm)",
            "profile_skills.#": "0",
            "routing_languages.#": "0",
            "routing_skills.#": "0",
            "routing_utilization.#": "0",
            "state": "inactive",
            "title": ""
          },
          "sensitive_attributes": []
        }
      ]
    },
    {
      "mode": "managed",
      "type": "genesyscloud_user",
      "name": "admin_M365x602812_onmicrosoft_com",
      "provider": "provider[\"registry.terraform.io/-/genesyscloud\"]",
      "instances": [
        {
          "schema_version": 1,
          "attributes_flat": {
            "acd_auto_answer": "false",
            "addresses.#": "1",
            "addresses.0.other_emails.#": "1",
            "addresses.0.other_emails.1390032545.address": "admin@M365x602812.onmicrosoft.com",
            "addresses.0.other_emails.1390032545.type": "WORK",
            "addresses.0.phone_numbers.#": "2",
            "addresses.0.phone_numbers.2444232775.extension": "",
            "addresses.0.phone_numbers.2444232775.media_type": "PHONE",
            "addresses.0.phone_numbers.2444232775.number": "+494255550100",
            "addresses.0.phone_numbers.2444232775.type": "OTHER",
            "addresses.0.phone_numbers.3973580156.extension": "",
            "addresses.0.phone_numbers.3973580156.media_type": "SMS",
            "addresses.0.phone_numbers.3973580156.number": "+494255550101",
            "addresses.0.phone_numbers.3973580156.type": "MOBILE",
            "certifications.#": "0",
            "department": "",
            "division_id": "223a1aba-4f9c-40a8-b6f1-9c1a56f04419",
            "email": "admin@M365x602812.onmicrosoft.com",
            "employer_info.#": "0",
            "id": "a1bb6feb-e902-446e-93e3-ecdca7253a96",
            "locations.#": "0",
            "manager": "",
            "name": "MOD Administrator",
            "profile_skills.#": "0",
            "routing_languages.#": "0",
            "routing_skills.#": "0",
            "routing_utilization.#": "0",
            "state": "active",
            "title": ""
          },
          "sensitive_attributes": []
        }
      ]
    },
    {
      "mode": "managed",
      "type": "genesyscloud_user",
      "name": "alexander_friess_infinit_cx",
      "provider": "provider[\"registry.terraform.io/-/genesyscloud\"]",
      "instances": [
        {
          "schema_version": 1,
          "attributes_flat": {
            "acd_auto_answer": "false",
            "addresses.#": "0",
            "certifications.#": "0",
            "department": "",
            "division_id": "223a1aba-4f9c-40a8-b6f1-9c1a56f04419",
            "email": "alexander.friess@infinit.cx",
            "employer_info.#": "0",
            "id": "32c37b9a-f219-44cd-b737-407f62128047",
            "locations.#": "0",
            "manager": "",
            "name": "Alexander Friess",
            "profile_skills.#": "0",
            "routing_languages.#": "0",
            "routing_skills.#": "1",
            "routing_skills.1771037375.proficiency": "0",
            "routing_skills.1771037375.skill_id": "e2cbfceb-53dd-4540-a7ba-7725ceff3996",
            "routing_utilization.#": "0",
            "state": "active",
            "title": ""
          },
          "sensitive_attributes": []
        }
      ]
    },
    {
      "mode": "managed",
      "type": "genesyscloud_user",
      "name": "alexw_m365x602812_onmicrosoft_com",
      "provider": "provider[\"registry.terraform.io/-/genesyscloud\"]",
      "instances": [
        {
          "schema_version": 1,
          "attributes_flat": {
            "acd_auto_answer": "false",
            "addresses.#": "1",
            "addresses.0.other_emails.#": "1",
            "addresses.0.other_emails.2610386691.address": "AlexW@M365x602812.OnMicrosoft.com",
            "addresses.0.other_emails.2610386691.type": "WORK",
            "addresses.0.phone_numbers.#": "1",
            "addresses.0.phone_numbers.3405777984.extension": "",
            "addresses.0.phone_numbers.3405777984.media_type": "PHONE",
            "addresses.0.phone_numbers.3405777984.number": "+19295779670",
            "addresses.0.phone_numbers.3405777984.type": "OTHER",
            "certifications.#": "0",
            "department": "Marketing",
            "division_id": "84332f0b-1d0a-4d7a-8fbe-2eed91a0e0ac",
            "email": "alexw@m365x602812.onmicrosoft.com",
            "employer_info.#": "0",
            "id": "e161c3bd-d0bd-4586-8776-ec977113bb96",
            "locations.#": "0",
            "manager": "1353fefb-ed76-4b28-8d75-6b1fcf615fe1",
            "name": "Alex WIlber",
            "profile_skills.#": "0",
            "routing_languages.#": "0",
            "routing_skills.#": "0",
            "routing_utilization.#": "0",
            "state": "active",
            "title": "Marketing Assistant"
          },
          "sensitive_attributes": []
        }
      ]
    },
    {
      "mode": "managed",
      "type": "genesyscloud_user",
      "name": "alland_m365x602812_onmicrosoft_com",
      "provider": "provider[\"registry.terraform.io/-/genesyscloud\"]",
      "instances": [
        {
          "schema_version": 1,
          "attributes_flat": {
            "acd_auto_answer": "false",
            "addresses.#": "1",
            "addresses.0.other_emails.#": "1",
            "addresses.0.other_emails.3707631077.address": "AllanD@M365x602812.OnMicrosoft.com",
            "addresses.0.other_emails.3707631077.type": "WORK",
            "addresses.0.phone_numbers.#": "2",
            "addresses.0.phone_numbers.202128987.extension": "",
            "addresses.0.phone_numbers.202128987.media_type": "PHONE",
            "addresses.0.phone_numbers.202128987.number": "+19295779668",
            "addresses.0.phone_numbers.202128987.type": "OTHER",
            "addresses.0.phone_numbers.637592775.extension": "",
            "addresses.0.phone_numbers.637592775.media_type": "SMS",
            "addresses.0.phone_numbers.637592775.number": "+41582214458",
            "addresses.0.phone_numbers.637592775.type": "MOBILE",
            "certifications.#": "0",
            "department": "IT",
            "division_id": "84332f0b-1d0a-4d7a-8fbe-2eed91a0e0ac",
            "email": "alland@m365x602812.onmicrosoft.com",
            "employer_info.#": "0",
            "id": "e2f089c7-74bb-4cb8-b8ca-dffb28fd9f2a",
            "locations.#": "0",
            "manager": "da3f7915-2286-43f1-a269-46ad14ddea36",
            "name": "Allan Deyoung",
            "profile_skills.#": "0",
            "routing_languages.#": "0",
            "routing_skills.#": "1",
            "routing_skills.1771037375.proficiency": "0",
            "routing_skills.1771037375.skill_id": "e2cbfceb-53dd-4540-a7ba-7725ceff3996",
            "routing_utilization.#": "0",
            "state": "active",
            "title": "IT Admin"
          },
          "sensitive_attributes": []
        }
      ]
    },
    {
      "mode": "managed",
      "type": "genesyscloud_user",
      "name": "andreas_schneider_infinit_cx",
      "provider": "provider[\"registry.terraform.io/-/genesyscloud\"]",
      "instances": [
        {
          "schema_version": 1,
          "attributes_flat": {
            "acd_auto_answer": "false",
            "addresses.#": "1",
            "addresses.0.other_emails.#": "1",
            "addresses.0.other_emails.3569259096.address": "andreas.schneider@infinit.cx",
            "addresses.0.other_emails.3569259096.type": "WORK",
            "addresses.0.phone_numbers.#": "3",
            "addresses.0.phone_numbers.1747081023.extension": "",
            "addresses.0.phone_numbers.1747081023.media_type": "SMS",
            "addresses.0.phone_numbers.1747081023.number": "+4915116833370",
            "addresses.0.phone_numbers.1747081023.type": "MOBILE",
            "addresses.0.phone_numbers.282505083.extension": "",
            "addresses.0.phone_numbers.282505083.media_type": "PHONE",
            "addresses.0.phone_numbers.282505083.number": "+4989205096115",
            "addresses.0.phone_numbers.282505083.type": "WORK",
            "addresses.0.phone_numbers.3716027592.extension": "",
            "addresses.0.phone_numbers.3716027592.media_type": "PHONE",
            "addresses.0.phone_numbers.3716027592.number": "+4989205096115",
            "addresses.0.phone_numbers.3716027592.type": "OTHER",
            "certifications.#": "0",
            "department": "Presales and Partner Management",
            "division_id": "03cec716-60fe-464a-aa8a-81cc05cb2770",
            "email": "andreas.schneider@infinit.cx",
            "employer_info.#": "1",
            "employer_info.0.date_hire": "",
            "employer_info.0.employee_id": "55208",
            "employer_info.0.employee_type": "",
            "employer_info.0.official_name": "",
            "id": "486f001f-13c7-4081-8415-336666570645",
            "locations.#": "0",
            "manager": "29f9e580-a700-4746-b1b2-85319212aae9",
            "name": "Andreas Schneider",
            "profile_skills.#": "0",
            "routing_languages.#": "1",
            "routing_languages.2189809220.language_id": "23c88d88-ebbd-47e8-b928-d291eb8b68f4",
            "routing_languages.2189809220.proficiency": "5",
            "routing_skills.#": "10",
            "routing_skills.1614339832.proficiency": "5",
            "routing_skills.1614339832.skill_id": "6f242af7-09b8-435a-9f73-ae88dbe29ff8",
            "routing_skills.1948873016.proficiency": "5",
            "routing_skills.1948873016.skill_id": "9ee3bb49-32d5-43db-9953-80797c150101",
            "routing_skills.2033218388.proficiency": "5",
            "routing_skills.2033218388.skill_id": "dca65058-e494-4d5b-a242-3d8b78df80fb",
            "routing_skills.3168731298.proficiency": "5",
            "routing_skills.3168731298.skill_id": "a15e0807-42c0-47c5-832a-d758f17bfd59",
            "routing_skills.3469160094.proficiency": "5",
            "routing_skills.3469160094.skill_id": "2095913d-5177-4e0a-8bac-8c3903e35fd6",
            "routing_skills.3795804261.proficiency": "5",
            "routing_skills.3795804261.skill_id": "352c9085-dec5-4a19-b077-aa5292b1d52a",
            "routing_skills.3903131789.proficiency": "5",
            "routing_skills.3903131789.skill_id": "4b6c48ea-a71a-421e-b626-2311b403b619",
            "routing_skills.4038521755.proficiency": "5",
            "routing_skills.4038521755.skill_id": "859eed7c-4fd6-43b9-ac1f-41a147dbae5d",
            "routing_skills.459689234.proficiency": "5",
            "routing_skills.459689234.skill_id": "851fa026-7042-429a-bc54-e7dfa396ab66",
            "routing_skills.855679463.proficiency": "5",
            "routing_skills.855679463.skill_id": "6c6e2b42-fac1-440a-8f28-3e68bbe97505",
            "routing_utilization.#": "0",
            "state": "active",
            "title": "Senior Presales Consultant"
          },
          "sensitive_attributes": []
        }
      ]
    },
    {
      "mode": "managed",
      "type": "genesyscloud_user",
      "name": "andreasschneider4_me_com",
      "provider": "provider[\"registry.terraform.io/-/genesyscloud\"]",
      "instances": [
        {
          "schema_version": 1,
          "attributes_flat": {
            "acd_auto_answer": "false",
            "addresses.#": "0",
            "certifications.#": "0",
            "department": "",
            "division_id": "223a1aba-4f9c-40a8-b6f1-9c1a56f04419",
            "email": "andreasschneider4@me.com",
            "employer_info.#": "0",
            "id": "31492ce4-e266-417f-a39f-0c7ec2eb6d0e",
            "locations.#": "0",
            "manager": "",
            "name": "Andi Schneider",
            "profile_skills.#": "0",
            "routing_languages.#": "0",
            "routing_skills.#": "0",
            "routing_utilization.#": "0",
            "state": "active",
            "title": ""
          },
          "sensitive_attributes": []
        }
      ]
    },
    {
      "mode": "managed",
      "type": "genesyscloud_user",
      "name": "andrei_toews_1und1_de",
      "provider": "provider[\"registry.terraform.io/-/genesyscloud\"]",
      "instances": [
        {
          "schema_version": 1,
          "attributes_flat": {
            "acd_auto_answer": "false",
            "addresses.#": "1",
            "addresses.0.other_emails.#": "1",
            "addresses.0.other_emails.966036696.address": "andrei.toews@1und1.de",
            "addresses.0.other_emails.966036696.type": "WORK",
            "addresses.0.phone_numbers.#": "2",
            "addresses.0.phone_numbers.3717621780.extension": "",
            "addresses.0.phone_numbers.3717621780.media_type": "PHONE",
            "addresses.0.phone_numbers.3717621780.number": "+4963324821048",
            "addresses.0.phone_numbers.3717621780.type": "WORK",
            "addresses.0.phone_numbers.4234540749.extension": "+121",
            "addresses.0.phone_numbers.4234540749.media_type": "PHONE",
            "addresses.0.phone_numbers.4234540749.number": "+121",
            "addresses.0.phone_numbers.4234540749.type": "WORK2",
            "certifications.#": "0",
            "department": "",
            "division_id": "05ae812a-cd0b-4a2b-89c1-0a40a5a7b7c7",
            "email": "andrei.toews@1und1.de",
            "employer_info.#": "0",
            "id": "5f24d00e-231c-403c-8a0b-1d12c893644a",
            "locations.#": "0",
            "manager": "",
            "name": "Andrei Töws",
            "profile_skills.#": "0",
            "routing_languages.#": "0",
            "routing_skills.#": "6",
            "routing_skills.2314243829.proficiency": "0",
            "routing_skills.2314243829.skill_id": "f9be8a68-f5e2-4759-851d-7a6f743d43f5",
            "routing_skills.3065149506.proficiency": "0",
            "routing_skills.3065149506.skill_id": "2e770b86-a91e-4a62-abc7-32bc5e93b4f1",
            "routing_skills.3412739051.proficiency": "0",
            "routing_skills.3412739051.skill_id": "daa38fe3-a703-4216-a7fe-1e8504e726af",
            "routing_skills.3634415071.proficiency": "2",
            "routing_skills.3634415071.skill_id": "75a9da1a-b195-40e4-8fc8-977984f8bc23",
            "routing_skills.47731983.proficiency": "0",
            "routing_skills.47731983.skill_id": "94cd029c-89a9-4fe4-9715-0552915dcde6",
            "routing_skills.720214155.proficiency": "0",
            "routing_skills.720214155.skill_id": "2c63f567-3f47-4ae4-adc8-9f0774d418c8",
            "routing_utilization.#": "0",
            "state": "active",
            "title": ""
          },
          "sensitive_attributes": []
        }
      ]
    },
    {
      "mode": "managed",
      "type": "genesyscloud_user",
      "name": "anna_friedel_jamitlabs_com",
      "provider": "provider[\"registry.terraform.io/-/genesyscloud\"]",
      "instances": [
        {
          "schema_version": 1,
          "attributes_flat": {
            "acd_auto_answer": "false",
            "addresses.#": "1",
            "addresses.0.other_emails.#": "1",
            "addresses.0.other_emails.3557184084.address": "anna.friedel@jamitlabs.com",
            "addresses.0.other_emails.3557184084.type": "WORK",
            "addresses.0.phone_numbers.#": "0",
            "certifications.#": "0",
            "department": "",
            "division_id": "223a1aba-4f9c-40a8-b6f1-9c1a56f04419",
            "email": "anna.friedel@jamitlabs.com",
            "employer_info.#": "0",
            "id": "50aa13f6-0e14-43a1-9c8d-dbacf3128073",
            "locations.#": "0",
            "manager": "",
            "name": "Anna Friedel",
            "profile_skills.#": "0",
            "routing_languages.#": "0",
            "routing_skills.#": "2",
            "routing_skills.1733421848.proficiency": "0",
            "routing_skills.1733421848.skill_id": "1a58347c-aae8-4fce-bb1e-8e2c277af840",
            "routing_skills.720214155.proficiency": "0",
            "routing_skills.720214155.skill_id": "2c63f567-3f47-4ae4-adc8-9f0774d418c8",
            "routing_utilization.#": "0",
            "state": "active",
            "title": ""
          },
          "sensitive_attributes": []
        }
      ]
    },
    {
      "mode": "managed",
      "type": "genesyscloud_user",
      "name": "benjaminkrieger1602_gmail_com",
      "provider": "provider[\"registry.terraform.io/-/genesyscloud\"]",
      "instances": [
        {
          "schema_version": 1,
          "attributes_flat": {
            "acd_auto_answer": "false",
            "addresses.#": "0",
            "certifications.#": "0",
            "department": "SSuuppoorrtt",
            "division_id": "223a1aba-4f9c-40a8-b6f1-9c1a56f04419",
            "email": "benjaminkrieger1602@gmail.com",
            "employer_info.#": "0",
            "id": "a1afc998-2b28-4363-acc4-60c2863f916d",
            "locations.#": "1",
            "locations.4060090086.location_id": "7409f691-5681-461f-88e3-4043d7597743",
            "locations.4060090086.notes": "",
            "manager": "",
            "name": "Ben Krieger",
            "profile_skills.#": "0",
            "routing_languages.#": "0",
            "routing_skills.#": "2",
            "routing_skills.1348272615.proficiency": "4",
            "routing_skills.1348272615.skill_id": "4ef58cb1-6249-4abb-b8e1-f3cb38e0d8af",
            "routing_skills.4077772755.proficiency": "1",
            "routing_skills.4077772755.skill_id": "a5224b21-3126-4d1f-aeb8-00e8bb9b4677",
            "routing_utilization.#": "0",
            "state": "active",
            "title": "AAggeenntt"
          },
          "sensitive_attributes": []
        }
      ]
    },
    {
      "mode": "managed",
      "type": "genesyscloud_user",
      "name": "bhavana_konannagari_infinit_cx",
      "provider": "provider[\"registry.terraform.io/-/genesyscloud\"]",
      "instances": [
        {
          "schema_version": 1,
          "attributes_flat": {
            "acd_auto_answer": "false",
            "addresses.#": "1",
            "addresses.0.other_emails.#": "0",
            "addresses.0.phone_numbers.#": "1",
            "addresses.0.phone_numbers.81059514.extension": "",
            "addresses.0.phone_numbers.81059514.media_type": "PHONE",
            "addresses.0.phone_numbers.81059514.number": "+496938079860",
            "addresses.0.phone_numbers.81059514.type": "WORK",
            "certifications.#": "0",
            "department": "",
            "division_id": "223a1aba-4f9c-40a8-b6f1-9c1a56f04419",
            "email": "bhavana.konannagari@infinit.cx",
            "employer_info.#": "0",
            "id": "f7540038-8e5a-41e6-910c-6f816b5f5e64",
            "locations.#": "0",
            "manager": "",
            "name": "Bhavana Konannagari",
            "profile_skills.#": "0",
            "routing_languages.#": "0",
            "routing_skills.#": "0",
            "routing_utilization.#": "0",
            "state": "active",
            "title": ""
          },
          "sensitive_attributes": []
        }
      ]
    },
    {
      "mode": "managed",
      "type": "genesyscloud_user",
      "name": "britta_andresen_infinit_cx",
      "provider": "provider[\"registry.terraform.io/-/genesyscloud\"]",
      "instances": [
        {
          "schema_version": 1,
          "attributes_flat": {
            "acd_auto_answer": "false",
            "addresses.#": "0",
            "certifications.#": "0",
            "department": "",
            "division_id": "223a1aba-4f9c-40a8-b6f1-9c1a56f04419",
            "email": "britta.andresen@infinit.cx",
            "employer_info.#": "0",
            "id": "2a943e1d-3903-4e2e-8c82-7a27fc09e49d",
            "locations.#": "0",
            "manager": "",
            "name": "Britta Andresen",
            "profile_skills.#": "0",
            "routing_languages.#": "0",
            "routing_skills.#": "0",
            "routing_utilization.#": "0",
            "state": "active",
            "title": ""
          },
          "sensitive_attributes": []
        }
      ]
    },
    {
      "mode": "managed",
      "type": "genesyscloud_user",
      "name": "buelent_kargin_infinit_cx",
      "provider": "provider[\"registry.terraform.io/-/genesyscloud\"]",
      "instances": [
        {
          "schema_version": 1,
          "attributes_flat": {
            "acd_auto_answer": "false",
            "addresses.#": "0",
            "certifications.#": "0",
            "department": "",
            "division_id": "223a1aba-4f9c-40a8-b6f1-9c1a56f04419",
            "email": "buelent.kargin@infinit.cx",
            "employer_info.#": "0",
            "id": "edec8289-d5b4-4cf9-a1e4-88243ef99155",
            "locations.#": "1",
            "locations.4060090086.location_id": "7409f691-5681-461f-88e3-4043d7597743",
            "locations.4060090086.notes": "",
            "manager": "",
            "name": "Bülent Kargin",
            "profile_skills.#": "0",
            "routing_languages.#": "0",
            "routing_skills.#": "0",
            "routing_utilization.#": "0",
            "state": "active",
            "title": ""
          },
          "sensitive_attributes": []
        }
      ]
    },
    {
      "mode": "managed",
      "type": "genesyscloud_user",
      "name": "c_kohne_deliberate_de",
      "provider": "provider[\"registry.terraform.io/-/genesyscloud\"]",
      "instances": [
        {
          "schema_version": 1,
          "attributes_flat": {
            "acd_auto_answer": "false",
            "addresses.#": "0",
            "certifications.#": "0",
            "department": "",
            "division_id": "f3545605-c7e8-44eb-aabc-39fa90b1290c",
            "email": "c.kohne@deliberate.de",
            "employer_info.#": "0",
            "id": "62978950-db97-4deb-9767-ff8b2bf23332",
            "locations.#": "0",
            "manager": "",
            "name": "Christian Kohne",
            "profile_skills.#": "0",
            "routing_languages.#": "0",
            "routing_skills.#": "0",
            "routing_utilization.#": "0",
            "state": "active",
            "title": ""
          },
          "sensitive_attributes": []
        }
      ]
    },
    {
      "mode": "managed",
      "type": "genesyscloud_user",
      "name": "c_weber_deliberate_de",
      "provider": "provider[\"registry.terraform.io/-/genesyscloud\"]",
      "instances": [
        {
          "schema_version": 1,
          "attributes_flat": {
            "acd_auto_answer": "false",
            "addresses.#": "0",
            "certifications.#": "0",
            "department": "",
            "division_id": "223a1aba-4f9c-40a8-b6f1-9c1a56f04419",
            "email": "c.weber@deliberate.de",
            "employer_info.#": "0",
            "id": "7dff70ad-4253-4afa-b3f7-e5f9be5ba859",
            "locations.#": "0",
            "manager": "",
            "name": "Christopher Weber",
            "profile_skills.#": "0",
            "routing_languages.#": "0",
            "routing_skills.#": "0",
            "routing_utilization.#": "0",
            "state": "active",
            "title": ""
          },
          "sensitive_attributes": []
        }
      ]
    },
    {
      "mode": "managed",
      "type": "genesyscloud_user",
      "name": "carina_braun_1und1_de",
      "provider": "provider[\"registry.terraform.io/-/genesyscloud\"]",
      "instances": [
        {
          "schema_version": 1,
          "attributes_flat": {
            "acd_auto_answer": "false",
            "addresses.#": "1",
            "addresses.0.other_emails.#": "1",
            "addresses.0.other_emails.1546139217.address": "carina.braun@1und1.de",
            "addresses.0.other_emails.1546139217.type": "WORK",
            "addresses.0.phone_numbers.#": "0",
            "certifications.#": "0",
            "department": "DCC",
            "division_id": "05ae812a-cd0b-4a2b-89c1-0a40a5a7b7c7",
            "email": "carina.braun@1und1.de",
            "employer_info.#": "0",
            "id": "afe59a94-f7ad-465c-8eea-483e2dd4aec2",
            "locations.#": "0",
            "manager": "",
            "name": "Carina Braun",
            "profile_skills.#": "0",
            "routing_languages.#": "0",
            "routing_skills.#": "8",
            "routing_skills.1216793283.proficiency": "5",
            "routing_skills.1216793283.skill_id": "0eb0f8b5-d90d-402f-a49e-026f67938448",
            "routing_skills.1816112623.proficiency": "3",
            "routing_skills.1816112623.skill_id": "2c63f567-3f47-4ae4-adc8-9f0774d418c8",
            "routing_skills.190498792.proficiency": "5",
            "routing_skills.190498792.skill_id": "393f5d8a-4080-425c-98cb-407542ce5d50",
            "routing_skills.212589716.proficiency": "5",
            "routing_skills.212589716.skill_id": "73df37de-4c9b-4aa8-82e1-31c04f658838",
            "routing_skills.2677297613.proficiency": "5",
            "routing_skills.2677297613.skill_id": "068a37e4-f4b7-4230-b69e-dcea3e97c6c3",
            "routing_skills.2888283316.proficiency": "5",
            "routing_skills.2888283316.skill_id": "1a58347c-aae8-4fce-bb1e-8e2c277af840",
            "routing_skills.3304252440.proficiency": "5",
            "routing_skills.3304252440.skill_id": "b8ad5246-752b-4238-9c65-f80bdd7ba691",
            "routing_skills.3752674293.proficiency": "5",
            "routing_skills.3752674293.skill_id": "0f0e58e1-f90a-41d0-b17e-9b763b7f59e8",
            "routing_utilization.#": "0",
            "state": "active",
            "title": ""
          },
          "sensitive_attributes": []
        }
      ]
    },
    {
      "mode": "managed",
      "type": "genesyscloud_user",
      "name": "carinali_google_com",
      "provider": "provider[\"registry.terraform.io/-/genesyscloud\"]",
      "instances": [
        {
          "schema_version": 1,
          "attributes_flat": {
            "acd_auto_answer": "false",
            "addresses.#": "0",
            "certifications.#": "0",
            "department": "",
            "division_id": "178e1e60-722d-447a-8e8c-d87787dddc44",
            "email": "carinali@google.com",
            "employer_info.#": "0",
            "id": "50c5bdc9-54a6-4cc3-9550-395b70a78880",
            "locations.#": "0",
            "manager": "",
            "name": "Carina Li",
            "profile_skills.#": "0",
            "routing_languages.#": "0",
            "routing_skills.#": "0",
            "routing_utilization.#": "0",
            "state": "active",
            "title": ""
          },
          "sensitive_attributes": []
        }
      ]
    },
    {
      "mode": "managed",
      "type": "genesyscloud_user",
      "name": "christian_faust_infinit_cx",
      "provider": "provider[\"registry.terraform.io/-/genesyscloud\"]",
      "instances": [
        {
          "schema_version": 1,
          "attributes_flat": {
            "acd_auto_answer": "false",
            "addresses.#": "0",
            "certifications.#": "0",
            "department": "",
            "division_id": "223a1aba-4f9c-40a8-b6f1-9c1a56f04419",
            "email": "christian.faust@infinit.cx",
            "employer_info.#": "0",
            "id": "7a9a91bb-5cba-439b-8c18-8c8d323c2109",
            "locations.#": "0",
            "manager": "",
            "name": "Christian Faust",
            "profile_skills.#": "0",
            "routing_languages.#": "0",
            "routing_skills.#": "0",
            "routing_utilization.#": "0",
            "state": "active",
            "title": ""
          },
          "sensitive_attributes": []
        }
      ]
    },
    {
      "mode": "managed",
      "type": "genesyscloud_user",
      "name": "christian_jansohn_1und1_de",
      "provider": "provider[\"registry.terraform.io/-/genesyscloud\"]",
      "instances": [
        {
          "schema_version": 1,
          "attributes_flat": {
            "acd_auto_answer": "false",
            "addresses.#": "1",
            "addresses.0.other_emails.#": "1",
            "addresses.0.other_emails.2925898017.address": "christian.jansohn@1und1.de",
            "addresses.0.other_emails.2925898017.type": "WORK",
            "addresses.0.phone_numbers.#": "0",
            "certifications.#": "0",
            "department": "",
            "division_id": "223a1aba-4f9c-40a8-b6f1-9c1a56f04419",
            "email": "christian.jansohn@1und1.de",
            "employer_info.#": "0",
            "id": "82c583b0-beb6-4925-bc34-3127bf4ac68b",
            "locations.#": "0",
            "manager": "",
            "name": "Christian Jansohn",
            "profile_skills.#": "0",
            "routing_languages.#": "0",
            "routing_skills.#": "2",
            "routing_skills.1733421848.proficiency": "0",
            "routing_skills.1733421848.skill_id": "1a58347c-aae8-4fce-bb1e-8e2c277af840",
            "routing_skills.720214155.proficiency": "0",
            "routing_skills.720214155.skill_id": "2c63f567-3f47-4ae4-adc8-9f0774d418c8",
            "routing_utilization.#": "0",
            "state": "active",
            "title": ""
          },
          "sensitive_attributes": []
        }
      ]
    },
    {
      "mode": "managed",
      "type": "genesyscloud_user",
      "name": "christian_leibold_infinit_cx",
      "provider": "provider[\"registry.terraform.io/-/genesyscloud\"]",
      "instances": [
        {
          "schema_version": 1,
          "attributes_flat": {
            "acd_auto_answer": "false",
            "addresses.#": "0",
            "certifications.#": "0",
            "department": "",
            "division_id": "00995efb-0846-4ced-878e-2c88a1901753",
            "email": "christian.leibold@infinit.cx",
            "employer_info.#": "0",
            "id": "a1ffef88-25f1-4f07-ad40-8fcd7a99b911",
            "locations.#": "0",
            "manager": "",
            "name": "Christian Leibold",
            "profile_skills.#": "0",
            "routing_languages.#": "0",
            "routing_skills.#": "0",
            "routing_utilization.#": "0",
            "state": "active",
            "title": ""
          },
          "sensitive_attributes": []
        }
      ]
    },
    {
      "mode": "managed",
      "type": "genesyscloud_user",
      "name": "christian_neuroth_1und1_de",
      "provider": "provider[\"registry.terraform.io/-/genesyscloud\"]",
      "instances": [
        {
          "schema_version": 1,
          "attributes_flat": {
            "acd_auto_answer": "false",
            "addresses.#": "0",
            "certifications.#": "0",
            "department": "",
            "division_id": "996a624a-50a3-4815-a40c-1a6516ff8af2",
            "email": "christian.neuroth@1und1.de",
            "employer_info.#": "0",
            "id": "ce12b7b3-7807-4d83-80c1-d61fed4b1b53",
            "locations.#": "0",
            "manager": "",
            "name": "Christian Neuroth",
            "profile_skills.#": "0",
            "routing_languages.#": "0",
            "routing_skills.#": "0",
            "routing_utilization.#": "0",
            "state": "inactive",
            "title": ""
          },
          "sensitive_attributes": []
        }
      ]
    },
    {
      "mode": "managed",
      "type": "genesyscloud_user",
      "name": "christiec_m365x602812_onmicrosoft_com",
      "provider": "provider[\"registry.terraform.io/-/genesyscloud\"]",
      "instances": [
        {
          "schema_version": 1,
          "attributes_flat": {
            "acd_auto_answer": "false",
            "addresses.#": "1",
            "addresses.0.other_emails.#": "1",
            "addresses.0.other_emails.3785151902.address": "ChristieC@M365x602812.OnMicrosoft.com",
            "addresses.0.other_emails.3785151902.type": "WORK",
            "addresses.0.phone_numbers.#": "1",
            "addresses.0.phone_numbers.1651424557.extension": "",
            "addresses.0.phone_numbers.1651424557.media_type": "PHONE",
            "addresses.0.phone_numbers.1651424557.number": "+18585550111",
            "addresses.0.phone_numbers.1651424557.type": "OTHER",
            "certifications.#": "0",
            "department": "Sales",
            "division_id": "84332f0b-1d0a-4d7a-8fbe-2eed91a0e0ac",
            "email": "christiec@m365x602812.onmicrosoft.com",
            "employer_info.#": "0",
            "id": "d2db75d1-13e0-40f3-9304-7883b45cf5ce",
            "locations.#": "0",
            "manager": "1353fefb-ed76-4b28-8d75-6b1fcf615fe1",
            "name": "Christie Cline",
            "profile_skills.#": "0",
            "routing_languages.#": "0",
            "routing_skills.#": "0",
            "routing_utilization.#": "0",
            "state": "active",
            "title": "Buyer"
          },
          "sensitive_attributes": []
        }
      ]
    },
    {
      "mode": "managed",
      "type": "genesyscloud_user",
      "name": "daniel_keim2_unicredit_de",
      "provider": "provider[\"registry.terraform.io/-/genesyscloud\"]",
      "instances": [
        {
          "schema_version": 1,
          "attributes_flat": {
            "acd_auto_answer": "false",
            "addresses.#": "0",
            "certifications.#": "0",
            "department": "",
            "division_id": "223a1aba-4f9c-40a8-b6f1-9c1a56f04419",
            "email": "daniel.keim2@unicredit.de",
            "employer_info.#": "0",
            "id": "8ccac75b-91ae-430a-8895-ff9535f7d429",
            "locations.#": "0",
            "manager": "",
            "name": "Daniel Keim",
            "profile_skills.#": "0",
            "routing_languages.#": "0",
            "routing_skills.#": "0",
            "routing_utilization.#": "0",
            "state": "active",
            "title": ""
          },
          "sensitive_attributes": []
        }
      ]
    },
    {
      "mode": "managed",
      "type": "genesyscloud_user",
      "name": "datev_admin1_infinit_cx",
      "provider": "provider[\"registry.terraform.io/-/genesyscloud\"]",
      "instances": [
        {
          "schema_version": 1,
          "attributes_flat": {
            "acd_auto_answer": "false",
            "addresses.#": "1",
            "addresses.0.other_emails.#": "0",
            "addresses.0.phone_numbers.#": "1",
            "addresses.0.phone_numbers.2211858387.extension": "771",
            "addresses.0.phone_numbers.2211858387.media_type": "PHONE",
            "addresses.0.phone_numbers.2211858387.number": "771",
            "addresses.0.phone_numbers.2211858387.type": "WORK",
            "certifications.#": "0",
            "department": "CX Administration",
            "division_id": "5ee4bfaf-0779-458d-9080-bd43db7e85ab",
            "email": "datev_admin1@infinit.cx",
            "employer_info.#": "1",
            "employer_info.0.date_hire": "2023-12-18",
            "employer_info.0.employee_id": "",
            "employer_info.0.employee_type": "",
            "employer_info.0.official_name": "",
            "id": "6728d9ec-6b8e-4cac-9719-2a00e0fa3ae1",
            "locations.#": "2",
            "locations.3870709789.location_id": "d83e8e02-9543-4b0b-bcd8-b8d382a0aacb",
            "locations.3870709789.notes": "",
            "locations.756180614.location_id": "7e235a2e-f577-4ed2-bc0e-75183aa43d0e",
            "locations.756180614.notes": "",
            "manager": "7e33ffa4-8665-43ec-bc74-40b0f429a205",
            "name": "Datev CC Admin 1",
            "profile_skills.#": "0",
            "routing_languages.#": "0",
            "routing_skills.#": "0",
            "routing_utilization.#": "0",
            "state": "inactive",
            "title": "CC Admin 1"
          },
          "sensitive_attributes": []
        }
      ]
    },
    {
      "mode": "managed",
      "type": "genesyscloud_user",
      "name": "datev_admin_infinit_cx",
      "provider": "provider[\"registry.terraform.io/-/genesyscloud\"]",
      "instances": [
        {
          "schema_version": 1,
          "attributes_flat": {
            "acd_auto_answer": "false",
            "addresses.#": "1",
            "addresses.0.other_emails.#": "0",
            "addresses.0.phone_numbers.#": "1",
            "addresses.0.phone_numbers.3108671314.extension": "770",
            "addresses.0.phone_numbers.3108671314.media_type": "PHONE",
            "addresses.0.phone_numbers.3108671314.number": "770",
            "addresses.0.phone_numbers.3108671314.type": "WORK",
            "certifications.#": "0",
            "department": "CX Administration",
            "division_id": "5ee4bfaf-0779-458d-9080-bd43db7e85ab",
            "email": "datev_admin@infinit.cx",
            "employer_info.#": "1",
            "employer_info.0.date_hire": "2023-12-18",
            "employer_info.0.employee_id": "",
            "employer_info.0.employee_type": "",
            "employer_info.0.official_name": "",
            "id": "7e33ffa4-8665-43ec-bc74-40b0f429a205",
            "locations.#": "2",
            "locations.3870709789.location_id": "d83e8e02-9543-4b0b-bcd8-b8d382a0aacb",
            "locations.3870709789.notes": "",
            "locations.756180614.location_id": "7e235a2e-f577-4ed2-bc0e-75183aa43d0e",
            "locations.756180614.notes": "",
            "manager": "",
            "name": "Datev Technischer Admin",
            "profile_skills.#": "0",
            "routing_languages.#": "0",
            "routing_skills.#": "0",
            "routing_utilization.#": "0",
            "state": "inactive",
            "title": "Globaler Admin"
          },
          "sensitive_attributes": []
        }
      ]
    },
    {
      "mode": "managed",
      "type": "genesyscloud_user",
      "name": "datev_agent1_infinit_cx",
      "provider": "provider[\"registry.terraform.io/-/genesyscloud\"]",
      "instances": [
        {
          "schema_version": 1,
          "attributes_flat": {
            "acd_auto_answer": "false",
            "addresses.#": "1",
            "addresses.0.other_emails.#": "0",
            "addresses.0.phone_numbers.#": "1",
            "addresses.0.phone_numbers.637549652.extension": "776",
            "addresses.0.phone_numbers.637549652.media_type": "PHONE",
            "addresses.0.phone_numbers.637549652.number": "776",
            "addresses.0.phone_numbers.637549652.type": "WORK",
            "certifications.#": "0",
            "department": "CC Nürnberg",
            "division_id": "5ee4bfaf-0779-458d-9080-bd43db7e85ab",
            "email": "datev_agent1@infinit.cx",
            "employer_info.#": "1",
            "employer_info.0.date_hire": "2023-12-18",
            "employer_info.0.employee_id": "",
            "employer_info.0.employee_type": "",
            "employer_info.0.official_name": "",
            "id": "dcbf55ac-8f7e-4701-b4e0-d345d93a4db0",
            "locations.#": "2",
            "locations.3870709789.location_id": "d83e8e02-9543-4b0b-bcd8-b8d382a0aacb",
            "locations.3870709789.notes": "",
            "locations.756180614.location_id": "7e235a2e-f577-4ed2-bc0e-75183aa43d0e",
            "locations.756180614.notes": "",
            "manager": "e3ae2125-fe73-4962-beca-7a88a45432eb",
            "name": "Datev Agent 1",
            "profile_skills.#": "0",
            "routing_languages.#": "1",
            "routing_languages.2189809220.language_id": "23c88d88-ebbd-47e8-b928-d291eb8b68f4",
            "routing_languages.2189809220.proficiency": "5",
            "routing_skills.#": "1",
            "routing_skills.4006527272.proficiency": "5",
            "routing_skills.4006527272.skill_id": "b6d1e516-373a-4f2f-9e39-d3253c132ead",
            "routing_utilization.#": "0",
            "state": "inactive",
            "title": "CC Agent"
          },
          "sensitive_attributes": []
        }
      ]
    },
    {
      "mode": "managed",
      "type": "genesyscloud_user",
      "name": "datev_agent2_infinit_cx",
      "provider": "provider[\"registry.terraform.io/-/genesyscloud\"]",
      "instances": [
        {
          "schema_version": 1,
          "attributes_flat": {
            "acd_auto_answer": "false",
            "addresses.#": "1",
            "addresses.0.other_emails.#": "0",
            "addresses.0.phone_numbers.#": "1",
            "addresses.0.phone_numbers.480048341.extension": "777",
            "addresses.0.phone_numbers.480048341.media_type": "PHONE",
            "addresses.0.phone_numbers.480048341.number": "777",
            "addresses.0.phone_numbers.480048341.type": "WORK",
            "certifications.#": "0",
            "department": "CC Nürnberg",
            "division_id": "5ee4bfaf-0779-458d-9080-bd43db7e85ab",
            "email": "datev_agent2@infinit.cx",
            "employer_info.#": "1",
            "employer_info.0.date_hire": "2023-12-18",
            "employer_info.0.employee_id": "",
            "employer_info.0.employee_type": "",
            "employer_info.0.official_name": "",
            "id": "73f080e9-2f3a-4f1d-b4fd-28830727d9bc",
            "locations.#": "2",
            "locations.3870709789.location_id": "d83e8e02-9543-4b0b-bcd8-b8d382a0aacb",
            "locations.3870709789.notes": "",
            "locations.756180614.location_id": "7e235a2e-f577-4ed2-bc0e-75183aa43d0e",
            "locations.756180614.notes": "",
            "manager": "e3ae2125-fe73-4962-beca-7a88a45432eb",
            "name": "Datev Agent 2",
            "profile_skills.#": "0",
            "routing_languages.#": "1",
            "routing_languages.2189809220.language_id": "23c88d88-ebbd-47e8-b928-d291eb8b68f4",
            "routing_languages.2189809220.proficiency": "5",
            "routing_skills.#": "1",
            "routing_skills.1667935200.proficiency": "3",
            "routing_skills.1667935200.skill_id": "b6d1e516-373a-4f2f-9e39-d3253c132ead",
            "routing_utilization.#": "0",
            "state": "inactive",
            "title": "CC Agent"
          },
          "sensitive_attributes": []
        }
      ]
    },
    {
      "mode": "managed",
      "type": "genesyscloud_user",
      "name": "datev_agent3_infinit_cx",
      "provider": "provider[\"registry.terraform.io/-/genesyscloud\"]",
      "instances": [
        {
          "schema_version": 1,
          "attributes_flat": {
            "acd_auto_answer": "false",
            "addresses.#": "0",
            "certifications.#": "0",
            "department": "",
            "division_id": "5ee4bfaf-0779-458d-9080-bd43db7e85ab",
            "email": "datev_agent3@infinit.cx",
            "employer_info.#": "0",
            "id": "14aff07d-a50c-4230-90fa-89012553d196",
            "locations.#": "0",
            "manager": "",
            "name": "Datev Agent 3",
            "profile_skills.#": "0",
            "routing_languages.#": "0",
            "routing_skills.#": "0",
            "routing_utilization.#": "0",
            "state": "inactive",
            "title": ""
          },
          "sensitive_attributes": []
        }
      ]
    },
    {
      "mode": "managed",
      "type": "genesyscloud_user",
      "name": "datev_supervisor_1_infinit_cx",
      "provider": "provider[\"registry.terraform.io/-/genesyscloud\"]",
      "instances": [
        {
          "schema_version": 1,
          "attributes_flat": {
            "acd_auto_answer": "false",
            "addresses.#": "1",
            "addresses.0.other_emails.#": "0",
            "addresses.0.phone_numbers.#": "1",
            "addresses.0.phone_numbers.1396288854.extension": "774",
            "addresses.0.phone_numbers.1396288854.media_type": "PHONE",
            "addresses.0.phone_numbers.1396288854.number": "774",
            "addresses.0.phone_numbers.1396288854.type": "WORK",
            "certifications.#": "0",
            "department": "CX Management",
            "division_id": "5ee4bfaf-0779-458d-9080-bd43db7e85ab",
            "email": "datev_supervisor_1@infinit.cx",
            "employer_info.#": "1",
            "employer_info.0.date_hire": "2023-12-18",
            "employer_info.0.employee_id": "",
            "employer_info.0.employee_type": "",
            "employer_info.0.official_name": "",
            "id": "e3ae2125-fe73-4962-beca-7a88a45432eb",
            "locations.#": "2",
            "locations.3870709789.location_id": "d83e8e02-9543-4b0b-bcd8-b8d382a0aacb",
            "locations.3870709789.notes": "",
            "locations.756180614.location_id": "7e235a2e-f577-4ed2-bc0e-75183aa43d0e",
            "locations.756180614.notes": "",
            "manager": "2c3698c6-e98f-41b1-be08-59b283f85e1e",
            "name": "Datev Supervisor 1",
            "profile_skills.#": "0",
            "routing_languages.#": "1",
            "routing_languages.2189809220.language_id": "23c88d88-ebbd-47e8-b928-d291eb8b68f4",
            "routing_languages.2189809220.proficiency": "5",
            "routing_skills.#": "1",
            "routing_skills.4006527272.proficiency": "5",
            "routing_skills.4006527272.skill_id": "b6d1e516-373a-4f2f-9e39-d3253c132ead",
            "routing_utilization.#": "0",
            "state": "inactive",
            "title": "CC Supervisor 1"
          },
          "sensitive_attributes": []
        }
      ]
    },
    {
      "mode": "managed",
      "type": "genesyscloud_user",
      "name": "datev_supervisor_infinit_cx",
      "provider": "provider[\"registry.terraform.io/-/genesyscloud\"]",
      "instances": [
        {
          "schema_version": 1,
          "attributes_flat": {
            "acd_auto_answer": "false",
            "addresses.#": "1",
            "addresses.0.other_emails.#": "0",
            "addresses.0.phone_numbers.#": "1",
            "addresses.0.phone_numbers.4142913233.extension": "773",
            "addresses.0.phone_numbers.4142913233.media_type": "PHONE",
            "addresses.0.phone_numbers.4142913233.number": "773",
            "addresses.0.phone_numbers.4142913233.type": "WORK",
            "certifications.#": "0",
            "department": "CX Management",
            "division_id": "5ee4bfaf-0779-458d-9080-bd43db7e85ab",
            "email": "datev_supervisor@infinit.cx",
            "employer_info.#": "1",
            "employer_info.0.date_hire": "2023-12-18",
            "employer_info.0.employee_id": "",
            "employer_info.0.employee_type": "",
            "employer_info.0.official_name": "",
            "id": "2c3698c6-e98f-41b1-be08-59b283f85e1e",
            "locations.#": "2",
            "locations.3870709789.location_id": "d83e8e02-9543-4b0b-bcd8-b8d382a0aacb",
            "locations.3870709789.notes": "",
            "locations.756180614.location_id": "7e235a2e-f577-4ed2-bc0e-75183aa43d0e",
            "locations.756180614.notes": "",
            "manager": "",
            "name": "Datev Supervisor",
            "profile_skills.#": "0",
            "routing_languages.#": "1",
            "routing_languages.2189809220.language_id": "23c88d88-ebbd-47e8-b928-d291eb8b68f4",
            "routing_languages.2189809220.proficiency": "5",
            "routing_skills.#": "1",
            "routing_skills.1591428924.proficiency": "2",
            "routing_skills.1591428924.skill_id": "b6d1e516-373a-4f2f-9e39-d3253c132ead",
            "routing_utilization.#": "0",
            "state": "inactive",
            "title": "Master Supervisor"
          },
          "sensitive_attributes": []
        }
      ]
    },
    {
      "mode": "managed",
      "type": "genesyscloud_user",
      "name": "david_schiefer_1und1_de",
      "provider": "provider[\"registry.terraform.io/-/genesyscloud\"]",
      "instances": [
        {
          "schema_version": 1,
          "attributes_flat": {
            "acd_auto_answer": "false",
            "addresses.#": "1",
            "addresses.0.other_emails.#": "1",
            "addresses.0.other_emails.3430507215.address": "david.schiefer@1und1.de",
            "addresses.0.other_emails.3430507215.type": "WORK",
            "addresses.0.phone_numbers.#": "0",
            "certifications.#": "0",
            "department": "",
            "division_id": "223a1aba-4f9c-40a8-b6f1-9c1a56f04419",
            "email": "david.schiefer@1und1.de",
            "employer_info.#": "0",
            "id": "b39f0d4a-25d3-4dc0-bbd1-0405965461a6",
            "locations.#": "0",
            "manager": "",
            "name": "David Schiefer",
            "profile_skills.#": "0",
            "routing_languages.#": "0",
            "routing_skills.#": "2",
            "routing_skills.1733421848.proficiency": "0",
            "routing_skills.1733421848.skill_id": "1a58347c-aae8-4fce-bb1e-8e2c277af840",
            "routing_skills.720214155.proficiency": "0",
            "routing_skills.720214155.skill_id": "2c63f567-3f47-4ae4-adc8-9f0774d418c8",
            "routing_utilization.#": "0",
            "state": "active",
            "title": ""
          },
          "sensitive_attributes": []
        }
      ]
    },
    {
      "mode": "managed",
      "type": "genesyscloud_user",
      "name": "demo_wfm_agent_10_gmail_com",
      "provider": "provider[\"registry.terraform.io/-/genesyscloud\"]",
      "instances": [
        {
          "schema_version": 1,
          "attributes_flat": {
            "acd_auto_answer": "false",
            "addresses.#": "0",
            "certifications.#": "0",
            "department": "",
            "division_id": "1ff5a765-bdc7-4946-9b65-0e855f9d92af",
            "email": "demo.wfm.agent.10@gmail.com",
            "employer_info.#": "0",
            "id": "c87f8e1a-3f2d-48fe-9ecf-441bba20c6e2",
            "locations.#": "0",
            "manager": "",
            "name": "Demo.WFM.Agent.10",
            "profile_skills.#": "0",
            "routing_languages.#": "1",
            "routing_languages.2410397534.language_id": "426ec119-650c-4e55-a734-8b7f520d87d0",
            "routing_languages.2410397534.proficiency": "5",
            "routing_skills.#": "2",
            "routing_skills.3752674293.proficiency": "5",
            "routing_skills.3752674293.skill_id": "0f0e58e1-f90a-41d0-b17e-9b763b7f59e8",
            "routing_skills.619727639.proficiency": "0",
            "routing_skills.619727639.skill_id": "249660bf-4922-45e2-ba06-644b97b768b1",
            "routing_utilization.#": "0",
            "state": "active",
            "title": ""
          },
          "sensitive_attributes": []
        }
      ]
    },
    {
      "mode": "managed",
      "type": "genesyscloud_user",
      "name": "demo_wfm_agent_11_gmail_com",
      "provider": "provider[\"registry.terraform.io/-/genesyscloud\"]",
      "instances": [
        {
          "schema_version": 1,
          "attributes_flat": {
            "acd_auto_answer": "false",
            "addresses.#": "0",
            "certifications.#": "0",
            "department": "",
            "division_id": "1ff5a765-bdc7-4946-9b65-0e855f9d92af",
            "email": "demo.wfm.agent.11@gmail.com",
            "employer_info.#": "0",
            "id": "3a4f3c3d-9314-42d4-90fa-a6e0367188fd",
            "locations.#": "0",
            "manager": "",
            "name": "Demo.WFM.Agent.11",
            "profile_skills.#": "0",
            "routing_languages.#": "1",
            "routing_languages.2189809220.language_id": "23c88d88-ebbd-47e8-b928-d291eb8b68f4",
            "routing_languages.2189809220.proficiency": "5",
            "routing_skills.#": "2",
            "routing_skills.3752674293.proficiency": "5",
            "routing_skills.3752674293.skill_id": "0f0e58e1-f90a-41d0-b17e-9b763b7f59e8",
            "routing_skills.4018541755.proficiency": "5",
            "routing_skills.4018541755.skill_id": "249660bf-4922-45e2-ba06-644b97b768b1",
            "routing_utilization.#": "0",
            "state": "active",
            "title": ""
          },
          "sensitive_attributes": []
        }
      ]
    },
    {
      "mode": "managed",
      "type": "genesyscloud_user",
      "name": "demo_wfm_agent_12_gmail_com",
      "provider": "provider[\"registry.terraform.io/-/genesyscloud\"]",
      "instances": [
        {
          "schema_version": 1,
          "attributes_flat": {
            "acd_auto_answer": "false",
            "addresses.#": "0",
            "certifications.#": "0",
            "department": "",
            "division_id": "1ff5a765-bdc7-4946-9b65-0e855f9d92af",
            "email": "demo.wfm.agent.12@gmail.com",
            "employer_info.#": "0",
            "id": "80206ace-c681-4ece-b4d5-3a6b6fc5d180",
            "locations.#": "0",
            "manager": "",
            "name": "Demo.WFM.Agent.12",
            "profile_skills.#": "0",
            "routing_languages.#": "1",
            "routing_languages.2189809220.language_id": "23c88d88-ebbd-47e8-b928-d291eb8b68f4",
            "routing_languages.2189809220.proficiency": "5",
            "routing_skills.#": "2",
            "routing_skills.3752674293.proficiency": "5",
            "routing_skills.3752674293.skill_id": "0f0e58e1-f90a-41d0-b17e-9b763b7f59e8",
            "routing_skills.4018541755.proficiency": "5",
            "routing_skills.4018541755.skill_id": "249660bf-4922-45e2-ba06-644b97b768b1",
            "routing_utilization.#": "0",
            "state": "active",
            "title": ""
          },
          "sensitive_attributes": []
        }
      ]
    },
    {
      "mode": "managed",
      "type": "genesyscloud_user",
      "name": "demo_wfm_agent_13_gmail_com",
      "provider": "provider[\"registry.terraform.io/-/genesyscloud\"]",
      "instances": [
        {
          "schema_version": 1,
          "attributes_flat": {
            "acd_auto_answer": "false",
            "addresses.#": "0",
            "certifications.#": "0",
            "department": "",
            "division_id": "1ff5a765-bdc7-4946-9b65-0e855f9d92af",
            "email": "demo.wfm.agent.13@gmail.com",
            "employer_info.#": "0",
            "id": "294fbf2a-5392-47f1-b1fe-10f764e88465",
            "locations.#": "0",
            "manager": "",
            "name": "Demo.WFM.Agent.13",
            "profile_skills.#": "0",
            "routing_languages.#": "1",
            "routing_languages.2189809220.language_id": "23c88d88-ebbd-47e8-b928-d291eb8b68f4",
            "routing_languages.2189809220.proficiency": "5",
            "routing_skills.#": "2",
            "routing_skills.3752674293.proficiency": "5",
            "routing_skills.3752674293.skill_id": "0f0e58e1-f90a-41d0-b17e-9b763b7f59e8",
            "routing_skills.4018541755.proficiency": "5",
            "routing_skills.4018541755.skill_id": "249660bf-4922-45e2-ba06-644b97b768b1",
            "routing_utilization.#": "0",
            "state": "active",
            "title": ""
          },
          "sensitive_attributes": []
        }
      ]
    },
    {
      "mode": "managed",
      "type": "genesyscloud_user",
      "name": "demo_wfm_agent_14_gmail_com",
      "provider": "provider[\"registry.terraform.io/-/genesyscloud\"]",
      "instances": [
        {
          "schema_version": 1,
          "attributes_flat": {
            "acd_auto_answer": "false",
            "addresses.#": "0",
            "certifications.#": "0",
            "department": "",
            "division_id": "1ff5a765-bdc7-4946-9b65-0e855f9d92af",
            "email": "demo.wfm.agent.14@gmail.com",
            "employer_info.#": "0",
            "id": "10da8d4b-e405-40d9-9060-787749f40bfa",
            "locations.#": "0",
            "manager": "",
            "name": "Demo.WFM.Agent.14",
            "profile_skills.#": "0",
            "routing_languages.#": "1",
            "routing_languages.3260714637.language_id": "6920b33a-1637-463e-ac3b-7f452ad80e13",
            "routing_languages.3260714637.proficiency": "5",
            "routing_skills.#": "2",
            "routing_skills.3752674293.proficiency": "5",
            "routing_skills.3752674293.skill_id": "0f0e58e1-f90a-41d0-b17e-9b763b7f59e8",
            "routing_skills.4018541755.proficiency": "5",
            "routing_skills.4018541755.skill_id": "249660bf-4922-45e2-ba06-644b97b768b1",
            "routing_utilization.#": "0",
            "state": "active",
            "title": ""
          },
          "sensitive_attributes": []
        }
      ]
    },
    {
      "mode": "managed",
      "type": "genesyscloud_user",
      "name": "demo_wfm_agent_15_gmail_com",
      "provider": "provider[\"registry.terraform.io/-/genesyscloud\"]",
      "instances": [
        {
          "schema_version": 1,
          "attributes_flat": {
            "acd_auto_answer": "false",
            "addresses.#": "0",
            "certifications.#": "0",
            "department": "",
            "division_id": "1ff5a765-bdc7-4946-9b65-0e855f9d92af",
            "email": "demo.wfm.agent.15@gmail.com",
            "employer_info.#": "0",
            "id": "75e93b92-c3b1-4fb7-9f73-287cae6c645a",
            "locations.#": "0",
            "manager": "",
            "name": "Demo.WFM.Agent.15",
            "profile_skills.#": "0",
            "routing_languages.#": "1",
            "routing_languages.3260714637.language_id": "6920b33a-1637-463e-ac3b-7f452ad80e13",
            "routing_languages.3260714637.proficiency": "5",
            "routing_skills.#": "2",
            "routing_skills.3752674293.proficiency": "5",
            "routing_skills.3752674293.skill_id": "0f0e58e1-f90a-41d0-b17e-9b763b7f59e8",
            "routing_skills.4018541755.proficiency": "5",
            "routing_skills.4018541755.skill_id": "249660bf-4922-45e2-ba06-644b97b768b1",
            "routing_utilization.#": "0",
            "state": "active",
            "title": ""
          },
          "sensitive_attributes": []
        }
      ]
    },
    {
      "mode": "managed",
      "type": "genesyscloud_user",
      "name": "demo_wfm_agent_16_gmail_com",
      "provider": "provider[\"registry.terraform.io/-/genesyscloud\"]",
      "instances": [
        {
          "schema_version": 1,
          "attributes_flat": {
            "acd_auto_answer": "false",
            "addresses.#": "0",
            "certifications.#": "0",
            "department": "",
            "division_id": "1ff5a765-bdc7-4946-9b65-0e855f9d92af",
            "email": "demo.wfm.agent.16@gmail.com",
            "employer_info.#": "0",
            "id": "0b62669b-df98-4d86-95e7-64c25fad8a12",
            "locations.#": "0",
            "manager": "",
            "name": "Demo.WFM.Agent.16",
            "profile_skills.#": "0",
            "routing_languages.#": "1",
            "routing_languages.3260714637.language_id": "6920b33a-1637-463e-ac3b-7f452ad80e13",
            "routing_languages.3260714637.proficiency": "5",
            "routing_skills.#": "2",
            "routing_skills.3752674293.proficiency": "5",
            "routing_skills.3752674293.skill_id": "0f0e58e1-f90a-41d0-b17e-9b763b7f59e8",
            "routing_skills.4018541755.proficiency": "5",
            "routing_skills.4018541755.skill_id": "249660bf-4922-45e2-ba06-644b97b768b1",
            "routing_utilization.#": "0",
            "state": "active",
            "title": ""
          },
          "sensitive_attributes": []
        }
      ]
    },
    {
      "mode": "managed",
      "type": "genesyscloud_user",
      "name": "demo_wfm_agent_17_gmail_com",
      "provider": "provider[\"registry.terraform.io/-/genesyscloud\"]",
      "instances": [
        {
          "schema_version": 1,
          "attributes_flat": {
            "acd_auto_answer": "false",
            "addresses.#": "0",
            "certifications.#": "0",
            "department": "",
            "division_id": "1ff5a765-bdc7-4946-9b65-0e855f9d92af",
            "email": "demo.wfm.agent.17@gmail.com",
            "employer_info.#": "0",
            "id": "8c0dd245-f3c2-4188-8055-0d5c5ec19198",
            "locations.#": "0",
            "manager": "",
            "name": "Demo.WFM.Agent.17",
            "profile_skills.#": "0",
            "routing_languages.#": "1",
            "routing_languages.3860204579.language_id": "25f0e35a-1a5d-44de-9255-b701f721c2ba",
            "routing_languages.3860204579.proficiency": "5",
            "routing_skills.#": "2",
            "routing_skills.3752674293.proficiency": "5",
            "routing_skills.3752674293.skill_id": "0f0e58e1-f90a-41d0-b17e-9b763b7f59e8",
            "routing_skills.4018541755.proficiency": "5",
            "routing_skills.4018541755.skill_id": "249660bf-4922-45e2-ba06-644b97b768b1",
            "routing_utilization.#": "0",
            "state": "active",
            "title": ""
          },
          "sensitive_attributes": []
        }
      ]
    },
    {
      "mode": "managed",
      "type": "genesyscloud_user",
      "name": "demo_wfm_agent_18_gmail_com",
      "provider": "provider[\"registry.terraform.io/-/genesyscloud\"]",
      "instances": [
        {
          "schema_version": 1,
          "attributes_flat": {
            "acd_auto_answer": "false",
            "addresses.#": "0",
            "certifications.#": "0",
            "department": "",
            "division_id": "1ff5a765-bdc7-4946-9b65-0e855f9d92af",
            "email": "demo.wfm.agent.18@gmail.com",
            "employer_info.#": "0",
            "id": "5ebad4c5-c258-4721-a33d-5dabc1cb6477",
            "locations.#": "0",
            "manager": "",
            "name": "Demo.WFM.Agent.18",
            "profile_skills.#": "0",
            "routing_languages.#": "1",
            "routing_languages.3860204579.language_id": "25f0e35a-1a5d-44de-9255-b701f721c2ba",
            "routing_languages.3860204579.proficiency": "5",
            "routing_skills.#": "2",
            "routing_skills.3752674293.proficiency": "5",
            "routing_skills.3752674293.skill_id": "0f0e58e1-f90a-41d0-b17e-9b763b7f59e8",
            "routing_skills.4018541755.proficiency": "5",
            "routing_skills.4018541755.skill_id": "249660bf-4922-45e2-ba06-644b97b768b1",
            "routing_utilization.#": "0",
            "state": "active",
            "title": ""
          },
          "sensitive_attributes": []
        }
      ]
    },
    {
      "mode": "managed",
      "type": "genesyscloud_user",
      "name": "demo_wfm_agent_19_gmail_com",
      "provider": "provider[\"registry.terraform.io/-/genesyscloud\"]",
      "instances": [
        {
          "schema_version": 1,
          "attributes_flat": {
            "acd_auto_answer": "false",
            "addresses.#": "0",
            "certifications.#": "0",
            "department": "",
            "division_id": "1ff5a765-bdc7-4946-9b65-0e855f9d92af",
            "email": "demo.wfm.agent.19@gmail.com",
            "employer_info.#": "0",
            "id": "827605fd-c61e-497a-8730-cd95dc12375c",
            "locations.#": "0",
            "manager": "",
            "name": "Demo.WFM.Agent.19",
            "profile_skills.#": "0",
            "routing_languages.#": "1",
            "routing_languages.2480905833.language_id": "176c82f7-98f2-4e5d-9bbe-6ff4a069e39b",
            "routing_languages.2480905833.proficiency": "5",
            "routing_skills.#": "2",
            "routing_skills.3752674293.proficiency": "5",
            "routing_skills.3752674293.skill_id": "0f0e58e1-f90a-41d0-b17e-9b763b7f59e8",
            "routing_skills.4018541755.proficiency": "5",
            "routing_skills.4018541755.skill_id": "249660bf-4922-45e2-ba06-644b97b768b1",
            "routing_utilization.#": "0",
            "state": "active",
            "title": ""
          },
          "sensitive_attributes": []
        }
      ]
    },
    {
      "mode": "managed",
      "type": "genesyscloud_user",
      "name": "demo_wfm_agent_1_gmail_com",
      "provider": "provider[\"registry.terraform.io/-/genesyscloud\"]",
      "instances": [
        {
          "schema_version": 1,
          "attributes_flat": {
            "acd_auto_answer": "false",
            "addresses.#": "0",
            "certifications.#": "0",
            "department": "",
            "division_id": "1ff5a765-bdc7-4946-9b65-0e855f9d92af",
            "email": "demo.wfm.agent.1@gmail.com",
            "employer_info.#": "0",
            "id": "c0050998-6f8f-4189-b3ba-eb6a91d16174",
            "locations.#": "0",
            "manager": "",
            "name": "Demo.WFM.Agent.1",
            "profile_skills.#": "0",
            "routing_languages.#": "1",
            "routing_languages.2189809220.language_id": "23c88d88-ebbd-47e8-b928-d291eb8b68f4",
            "routing_languages.2189809220.proficiency": "5",
            "routing_skills.#": "2",
            "routing_skills.3752674293.proficiency": "5",
            "routing_skills.3752674293.skill_id": "0f0e58e1-f90a-41d0-b17e-9b763b7f59e8",
            "routing_skills.4018541755.proficiency": "5",
            "routing_skills.4018541755.skill_id": "249660bf-4922-45e2-ba06-644b97b768b1",
            "routing_utilization.#": "0",
            "state": "active",
            "title": ""
          },
          "sensitive_attributes": []
        }
      ]
    },
    {
      "mode": "managed",
      "type": "genesyscloud_user",
      "name": "demo_wfm_agent_20_gmail_com",
      "provider": "provider[\"registry.terraform.io/-/genesyscloud\"]",
      "instances": [
        {
          "schema_version": 1,
          "attributes_flat": {
            "acd_auto_answer": "false",
            "addresses.#": "0",
            "certifications.#": "0",
            "department": "",
            "division_id": "1ff5a765-bdc7-4946-9b65-0e855f9d92af",
            "email": "demo.wfm.agent.20@gmail.com",
            "employer_info.#": "0",
            "id": "41dc3d03-328a-43a3-98ad-67351a2f5e3a",
            "locations.#": "0",
            "manager": "",
            "name": "Demo.WFM.Agent.20",
            "profile_skills.#": "0",
            "routing_languages.#": "1",
            "routing_languages.2480905833.language_id": "176c82f7-98f2-4e5d-9bbe-6ff4a069e39b",
            "routing_languages.2480905833.proficiency": "5",
            "routing_skills.#": "2",
            "routing_skills.3752674293.proficiency": "5",
            "routing_skills.3752674293.skill_id": "0f0e58e1-f90a-41d0-b17e-9b763b7f59e8",
            "routing_skills.4018541755.proficiency": "5",
            "routing_skills.4018541755.skill_id": "249660bf-4922-45e2-ba06-644b97b768b1",
            "routing_utilization.#": "0",
            "state": "active",
            "title": ""
          },
          "sensitive_attributes": []
        }
      ]
    },
    {
      "mode": "managed",
      "type": "genesyscloud_user",
      "name": "demo_wfm_agent_2_gmail_com",
      "provider": "provider[\"registry.terraform.io/-/genesyscloud\"]",
      "instances": [
        {
          "schema_version": 1,
          "attributes_flat": {
            "acd_auto_answer": "false",
            "addresses.#": "0",
            "certifications.#": "0",
            "department": "",
            "division_id": "1ff5a765-bdc7-4946-9b65-0e855f9d92af",
            "email": "demo.wfm.agent.2@gmail.com",
            "employer_info.#": "0",
            "id": "173d1e47-a758-4250-b808-0c7cc02a13ea",
            "locations.#": "0",
            "manager": "",
            "name": "Demo.WFM.Agent.2",
            "profile_skills.#": "0",
            "routing_languages.#": "1",
            "routing_languages.2189809220.language_id": "23c88d88-ebbd-47e8-b928-d291eb8b68f4",
            "routing_languages.2189809220.proficiency": "5",
            "routing_skills.#": "2",
            "routing_skills.3752674293.proficiency": "5",
            "routing_skills.3752674293.skill_id": "0f0e58e1-f90a-41d0-b17e-9b763b7f59e8",
            "routing_skills.4018541755.proficiency": "5",
            "routing_skills.4018541755.skill_id": "249660bf-4922-45e2-ba06-644b97b768b1",
            "routing_utilization.#": "0",
            "state": "active",
            "title": ""
          },
          "sensitive_attributes": []
        }
      ]
    },
    {
      "mode": "managed",
      "type": "genesyscloud_user",
      "name": "demo_wfm_agent_3_gmail_com",
      "provider": "provider[\"registry.terraform.io/-/genesyscloud\"]",
      "instances": [
        {
          "schema_version": 1,
          "attributes_flat": {
            "acd_auto_answer": "false",
            "addresses.#": "0",
            "certifications.#": "0",
            "department": "",
            "division_id": "1ff5a765-bdc7-4946-9b65-0e855f9d92af",
            "email": "demo.wfm.agent.3@gmail.com",
            "employer_info.#": "0",
            "id": "1fa2bdd6-5623-4d26-8039-56eafdeb9a96",
            "locations.#": "0",
            "manager": "",
            "name": "Demo.WFM.Agent.3",
            "profile_skills.#": "0",
            "routing_languages.#": "1",
            "routing_languages.2189809220.language_id": "23c88d88-ebbd-47e8-b928-d291eb8b68f4",
            "routing_languages.2189809220.proficiency": "5",
            "routing_skills.#": "2",
            "routing_skills.3752674293.proficiency": "5",
            "routing_skills.3752674293.skill_id": "0f0e58e1-f90a-41d0-b17e-9b763b7f59e8",
            "routing_skills.4018541755.proficiency": "5",
            "routing_skills.4018541755.skill_id": "249660bf-4922-45e2-ba06-644b97b768b1",
            "routing_utilization.#": "0",
            "state": "active",
            "title": ""
          },
          "sensitive_attributes": []
        }
      ]
    },
    {
      "mode": "managed",
      "type": "genesyscloud_user",
      "name": "demo_wfm_agent_4_gmail_com",
      "provider": "provider[\"registry.terraform.io/-/genesyscloud\"]",
      "instances": [
        {
          "schema_version": 1,
          "attributes_flat": {
            "acd_auto_answer": "false",
            "addresses.#": "0",
            "certifications.#": "0",
            "department": "",
            "division_id": "1ff5a765-bdc7-4946-9b65-0e855f9d92af",
            "email": "demo.wfm.agent.4@gmail.com",
            "employer_info.#": "0",
            "id": "ed54314f-2d7a-4821-afc6-8a5409c7d7f3",
            "locations.#": "0",
            "manager": "",
            "name": "Demo.WFM.Agent.4",
            "profile_skills.#": "0",
            "routing_languages.#": "1",
            "routing_languages.3260714637.language_id": "6920b33a-1637-463e-ac3b-7f452ad80e13",
            "routing_languages.3260714637.proficiency": "5",
            "routing_skills.#": "2",
            "routing_skills.3752674293.proficiency": "5",
            "routing_skills.3752674293.skill_id": "0f0e58e1-f90a-41d0-b17e-9b763b7f59e8",
            "routing_skills.4018541755.proficiency": "5",
            "routing_skills.4018541755.skill_id": "249660bf-4922-45e2-ba06-644b97b768b1",
            "routing_utilization.#": "0",
            "state": "active",
            "title": ""
          },
          "sensitive_attributes": []
        }
      ]
    },
    {
      "mode": "managed",
      "type": "genesyscloud_user",
      "name": "demo_wfm_agent_5_gmail_com",
      "provider": "provider[\"registry.terraform.io/-/genesyscloud\"]",
      "instances": [
        {
          "schema_version": 1,
          "attributes_flat": {
            "acd_auto_answer": "false",
            "addresses.#": "0",
            "certifications.#": "0",
            "department": "",
            "division_id": "1ff5a765-bdc7-4946-9b65-0e855f9d92af",
            "email": "demo.wfm.agent.5@gmail.com",
            "employer_info.#": "0",
            "id": "2ae9975d-f17a-44a2-b27a-cea8e11f0294",
            "locations.#": "0",
            "manager": "",
            "name": "Demo.WFM.Agent.5",
            "profile_skills.#": "0",
            "routing_languages.#": "1",
            "routing_languages.3260714637.language_id": "6920b33a-1637-463e-ac3b-7f452ad80e13",
            "routing_languages.3260714637.proficiency": "5",
            "routing_skills.#": "2",
            "routing_skills.3752674293.proficiency": "5",
            "routing_skills.3752674293.skill_id": "0f0e58e1-f90a-41d0-b17e-9b763b7f59e8",
            "routing_skills.4018541755.proficiency": "5",
            "routing_skills.4018541755.skill_id": "249660bf-4922-45e2-ba06-644b97b768b1",
            "routing_utilization.#": "0",
            "state": "active",
            "title": ""
          },
          "sensitive_attributes": []
        }
      ]
    },
    {
      "mode": "managed",
      "type": "genesyscloud_user",
      "name": "demo_wfm_agent_6_gmail_com",
      "provider": "provider[\"registry.terraform.io/-/genesyscloud\"]",
      "instances": [
        {
          "schema_version": 1,
          "attributes_flat": {
            "acd_auto_answer": "false",
            "addresses.#": "0",
            "certifications.#": "0",
            "department": "",
            "division_id": "1ff5a765-bdc7-4946-9b65-0e855f9d92af",
            "email": "demo.wfm.agent.6@gmail.com",
            "employer_info.#": "0",
            "id": "365ee3fb-a26a-4641-892b-935f861585da",
            "locations.#": "0",
            "manager": "",
            "name": "Demo.WFM.Agent.6",
            "profile_skills.#": "0",
            "routing_languages.#": "1",
            "routing_languages.3260714637.language_id": "6920b33a-1637-463e-ac3b-7f452ad80e13",
            "routing_languages.3260714637.proficiency": "5",
            "routing_skills.#": "2",
            "routing_skills.3752674293.proficiency": "5",
            "routing_skills.3752674293.skill_id": "0f0e58e1-f90a-41d0-b17e-9b763b7f59e8",
            "routing_skills.4018541755.proficiency": "5",
            "routing_skills.4018541755.skill_id": "249660bf-4922-45e2-ba06-644b97b768b1",
            "routing_utilization.#": "0",
            "state": "active",
            "title": ""
          },
          "sensitive_attributes": []
        }
      ]
    },
    {
      "mode": "managed",
      "type": "genesyscloud_user",
      "name": "demo_wfm_agent_7_gmail_com",
      "provider": "provider[\"registry.terraform.io/-/genesyscloud\"]",
      "instances": [
        {
          "schema_version": 1,
          "attributes_flat": {
            "acd_auto_answer": "false",
            "addresses.#": "0",
            "certifications.#": "0",
            "department": "",
            "division_id": "1ff5a765-bdc7-4946-9b65-0e855f9d92af",
            "email": "demo.wfm.agent.7@gmail.com",
            "employer_info.#": "0",
            "id": "5c70e911-428a-4861-988c-09a9eb51822c",
            "locations.#": "0",
            "manager": "",
            "name": "Demo.WFM.Agent.7",
            "profile_skills.#": "0",
            "routing_languages.#": "1",
            "routing_languages.2410397534.language_id": "426ec119-650c-4e55-a734-8b7f520d87d0",
            "routing_languages.2410397534.proficiency": "5",
            "routing_skills.#": "2",
            "routing_skills.3752674293.proficiency": "5",
            "routing_skills.3752674293.skill_id": "0f0e58e1-f90a-41d0-b17e-9b763b7f59e8",
            "routing_skills.4018541755.proficiency": "5",
            "routing_skills.4018541755.skill_id": "249660bf-4922-45e2-ba06-644b97b768b1",
            "routing_utilization.#": "0",
            "state": "active",
            "title": ""
          },
          "sensitive_attributes": []
        }
      ]
    },
    {
      "mode": "managed",
      "type": "genesyscloud_user",
      "name": "demo_wfm_agent_8_gmail_com",
      "provider": "provider[\"registry.terraform.io/-/genesyscloud\"]",
      "instances": [
        {
          "schema_version": 1,
          "attributes_flat": {
            "acd_auto_answer": "false",
            "addresses.#": "0",
            "certifications.#": "0",
            "department": "",
            "division_id": "1ff5a765-bdc7-4946-9b65-0e855f9d92af",
            "email": "demo.wfm.agent.8@gmail.com",
            "employer_info.#": "0",
            "id": "5dd47325-fe82-4527-af2e-ee89bdaac657",
            "locations.#": "0",
            "manager": "",
            "name": "Demo.WFM.Agent.8",
            "profile_skills.#": "0",
            "routing_languages.#": "1",
            "routing_languages.2410397534.language_id": "426ec119-650c-4e55-a734-8b7f520d87d0",
            "routing_languages.2410397534.proficiency": "5",
            "routing_skills.#": "2",
            "routing_skills.3752674293.proficiency": "5",
            "routing_skills.3752674293.skill_id": "0f0e58e1-f90a-41d0-b17e-9b763b7f59e8",
            "routing_skills.4018541755.proficiency": "5",
            "routing_skills.4018541755.skill_id": "249660bf-4922-45e2-ba06-644b97b768b1",
            "routing_utilization.#": "0",
            "state": "active",
            "title": ""
          },
          "sensitive_attributes": []
        }
      ]
    },
    {
      "mode": "managed",
      "type": "genesyscloud_user",
      "name": "demo_wfm_agent_9_gmail_com",
      "provider": "provider[\"registry.terraform.io/-/genesyscloud\"]",
      "instances": [
        {
          "schema_version": 1,
          "attributes_flat": {
            "acd_auto_answer": "false",
            "addresses.#": "0",
            "certifications.#": "0",
            "department": "",
            "division_id": "1ff5a765-bdc7-4946-9b65-0e855f9d92af",
            "email": "demo.wfm.agent.9@gmail.com",
            "employer_info.#": "0",
            "id": "7771852f-a019-44b4-b51b-9f45fd9e791c",
            "locations.#": "0",
            "manager": "",
            "name": "Demo.WFM.Agent.9",
            "profile_skills.#": "0",
            "routing_languages.#": "1",
            "routing_languages.2410397534.language_id": "426ec119-650c-4e55-a734-8b7f520d87d0",
            "routing_languages.2410397534.proficiency": "5",
            "routing_skills.#": "2",
            "routing_skills.3752674293.proficiency": "5",
            "routing_skills.3752674293.skill_id": "0f0e58e1-f90a-41d0-b17e-9b763b7f59e8",
            "routing_skills.619727639.proficiency": "0",
            "routing_skills.619727639.skill_id": "249660bf-4922-45e2-ba06-644b97b768b1",
            "routing_utilization.#": "0",
            "state": "active",
            "title": ""
          },
          "sensitive_attributes": []
        }
      ]
    },
    {
      "mode": "managed",
      "type": "genesyscloud_user",
      "name": "deniz_mahmutogullari_infinit_cx",
      "provider": "provider[\"registry.terraform.io/-/genesyscloud\"]",
      "instances": [
        {
          "schema_version": 1,
          "attributes_flat": {
            "acd_auto_answer": "false",
            "addresses.#": "0",
            "certifications.#": "0",
            "department": "",
            "division_id": "223a1aba-4f9c-40a8-b6f1-9c1a56f04419",
            "email": "deniz.mahmutogullari@infinit.cx",
            "employer_info.#": "0",
            "id": "244de8db-f934-4c57-a4d9-bff7cd7b5b19",
            "locations.#": "0",
            "manager": "",
            "name": "Deniz Mahmutogullari",
            "profile_skills.#": "0",
            "routing_languages.#": "0",
            "routing_skills.#": "0",
            "routing_utilization.#": "0",
            "state": "active",
            "title": ""
          },
          "sensitive_attributes": []
        }
      ]
    },
    {
      "mode": "managed",
      "type": "genesyscloud_user",
      "name": "diethard_staben_infinit_cx",
      "provider": "provider[\"registry.terraform.io/-/genesyscloud\"]",
      "instances": [
        {
          "schema_version": 1,
          "attributes_flat": {
            "acd_auto_answer": "false",
            "addresses.#": "0",
            "certifications.#": "0",
            "department": "",
            "division_id": "223a1aba-4f9c-40a8-b6f1-9c1a56f04419",
            "email": "diethard.staben@infinit.cx",
            "employer_info.#": "0",
            "id": "0a881ecc-30ce-4c19-b523-af5e2539fa92",
            "locations.#": "0",
            "manager": "",
            "name": "Diethard Staben",
            "profile_skills.#": "0",
            "routing_languages.#": "0",
            "routing_skills.#": "0",
            "routing_utilization.#": "0",
            "state": "active",
            "title": ""
          },
          "sensitive_attributes": []
        }
      ]
    },
    {
      "mode": "managed",
      "type": "genesyscloud_user",
      "name": "dilara_aydin_infinit_cx",
      "provider": "provider[\"registry.terraform.io/-/genesyscloud\"]",
      "instances": [
        {
          "schema_version": 1,
          "attributes_flat": {
            "acd_auto_answer": "false",
            "addresses.#": "0",
            "certifications.#": "0",
            "department": "",
            "division_id": "223a1aba-4f9c-40a8-b6f1-9c1a56f04419",
            "email": "dilara.aydin@infinit.cx",
            "employer_info.#": "0",
            "id": "4bb7f678-3dcc-40e4-8e70-4ed3f4bef808",
            "locations.#": "0",
            "manager": "",
            "name": "Dilara Aydin",
            "profile_skills.#": "0",
            "routing_languages.#": "0",
            "routing_skills.#": "0",
            "routing_utilization.#": "0",
            "state": "active",
            "title": ""
          },
          "sensitive_attributes": []
        }
      ]
    },
    {
      "mode": "managed",
      "type": "genesyscloud_user",
      "name": "elias_ueberblick_infinit_cx",
      "provider": "provider[\"registry.terraform.io/-/genesyscloud\"]",
      "instances": [
        {
          "schema_version": 1,
          "attributes_flat": {
            "acd_auto_answer": "false",
            "addresses.#": "0",
            "certifications.#": "0",
            "department": "CXC",
            "division_id": "1ff5a765-bdc7-4946-9b65-0e855f9d92af",
            "email": "elias.ueberblick@infinit.cx",
            "employer_info.#": "0",
            "id": "c9121853-bcf7-44c0-b034-b95d811d9982",
            "locations.#": "0",
            "manager": "",
            "name": "Elias Überblick",
            "profile_skills.#": "0",
            "routing_languages.#": "0",
            "routing_skills.#": "1",
            "routing_skills.3752674293.proficiency": "5",
            "routing_skills.3752674293.skill_id": "0f0e58e1-f90a-41d0-b17e-9b763b7f59e8",
            "routing_utilization.#": "0",
            "state": "active",
            "title": "Admin"
          },
          "sensitive_attributes": []
        }
      ]
    },
    {
      "mode": "managed",
      "type": "genesyscloud_user",
      "name": "elke_schaechtele_1und1_de",
      "provider": "provider[\"registry.terraform.io/-/genesyscloud\"]",
      "instances": [
        {
          "schema_version": 1,
          "attributes_flat": {
            "acd_auto_answer": "false",
            "addresses.#": "1",
            "addresses.0.other_emails.#": "1",
            "addresses.0.other_emails.1733966178.address": "elke.schaechtele@1und1.de",
            "addresses.0.other_emails.1733966178.type": "WORK",
            "addresses.0.phone_numbers.#": "0",
            "certifications.#": "0",
            "department": "",
            "division_id": "223a1aba-4f9c-40a8-b6f1-9c1a56f04419",
            "email": "elke.schaechtele@1und1.de",
            "employer_info.#": "0",
            "id": "5efa1198-8b20-4712-9940-57b2ffbafd93",
            "locations.#": "0",
            "manager": "",
            "name": "Elke Schächtele",
            "profile_skills.#": "0",
            "routing_languages.#": "0",
            "routing_skills.#": "2",
            "routing_skills.1733421848.proficiency": "0",
            "routing_skills.1733421848.skill_id": "1a58347c-aae8-4fce-bb1e-8e2c277af840",
            "routing_skills.720214155.proficiency": "0",
            "routing_skills.720214155.skill_id": "2c63f567-3f47-4ae4-adc8-9f0774d418c8",
            "routing_utilization.#": "0",
            "state": "active",
            "title": ""
          },
          "sensitive_attributes": []
        }
      ]
    },
    {
      "mode": "managed",
      "type": "genesyscloud_user",
      "name": "emma_ueberblick_infinit_cx",
      "provider": "provider[\"registry.terraform.io/-/genesyscloud\"]",
      "instances": [
        {
          "schema_version": 1,
          "attributes_flat": {
            "acd_auto_answer": "false",
            "addresses.#": "0",
            "certifications.#": "0",
            "department": "Customer Service",
            "division_id": "1ff5a765-bdc7-4946-9b65-0e855f9d92af",
            "email": "emma.ueberblick@infinit.cx",
            "employer_info.#": "0",
            "id": "3d4ec7e1-cfd2-455a-84c3-76b9d97c465d",
            "locations.#": "0",
            "manager": "",
            "name": "Emma Überblick",
            "profile_skills.#": "0",
            "routing_languages.#": "0",
            "routing_skills.#": "1",
            "routing_skills.3752674293.proficiency": "5",
            "routing_skills.3752674293.skill_id": "0f0e58e1-f90a-41d0-b17e-9b763b7f59e8",
            "routing_utilization.#": "0",
            "state": "active",
            "title": "Admin"
          },
          "sensitive_attributes": []
        }
      ]
    },
    {
      "mode": "managed",
      "type": "genesyscloud_user",
      "name": "eren_basbuga_infinit_cx",
      "provider": "provider[\"registry.terraform.io/-/genesyscloud\"]",
      "instances": [
        {
          "schema_version": 1,
          "attributes_flat": {
            "acd_auto_answer": "false",
            "addresses.#": "1",
            "addresses.0.other_emails.#": "1",
            "addresses.0.other_emails.2338682276.address": "eren.basbuga@infinit.cx",
            "addresses.0.other_emails.2338682276.type": "WORK",
            "addresses.0.phone_numbers.#": "1",
            "addresses.0.phone_numbers.1283121863.extension": "",
            "addresses.0.phone_numbers.1283121863.media_type": "PHONE",
            "addresses.0.phone_numbers.1283121863.number": "+496938079867",
            "addresses.0.phone_numbers.1283121863.type": "OTHER",
            "certifications.#": "0",
            "department": "Team Cloud",
            "division_id": "223a1aba-4f9c-40a8-b6f1-9c1a56f04419",
            "email": "eren.basbuga@infinit.cx",
            "employer_info.#": "1",
            "employer_info.0.date_hire": "",
            "employer_info.0.employee_id": "55177",
            "employer_info.0.employee_type": "",
            "employer_info.0.official_name": "",
            "id": "bdeedde9-b6bc-4990-a5da-31348f8c0273",
            "locations.#": "0",
            "manager": "f594c02c-24f4-4688-854c-32073bc99b1a",
            "name": "Eren Basbuga",
            "profile_skills.#": "0",
            "routing_languages.#": "3",
            "routing_languages.3482590334.language_id": "15c6a824-df71-4a6a-88db-4d5c1c54421e",
            "routing_languages.3482590334.proficiency": "0",
            "routing_languages.3947435746.language_id": "9b2bf3ab-5d9f-4738-ba3e-0bef4cb62aa3",
            "routing_languages.3947435746.proficiency": "0",
            "routing_languages.4294058497.language_id": "23c88d88-ebbd-47e8-b928-d291eb8b68f4",
            "routing_languages.4294058497.proficiency": "0",
            "routing_skills.#": "3",
            "routing_skills.3062454330.proficiency": "0",
            "routing_skills.3062454330.skill_id": "edef7cc8-71bd-4daa-ae70-7deceda3972d",
            "routing_skills.4006527272.proficiency": "5",
            "routing_skills.4006527272.skill_id": "b6d1e516-373a-4f2f-9e39-d3253c132ead",
            "routing_skills.405030090.proficiency": "0",
            "routing_skills.405030090.skill_id": "1f0708d4-a1c2-4b95-af53-e2eec19e4449",
            "routing_utilization.#": "0",
            "state": "active",
            "title": "Solution Consultant"
          },
          "sensitive_attributes": []
        }
      ]
    },
    {
      "mode": "managed",
      "type": "genesyscloud_user",
      "name": "eva_sann_infinit_cx",
      "provider": "provider[\"registry.terraform.io/-/genesyscloud\"]",
      "instances": [
        {
          "schema_version": 1,
          "attributes_flat": {
            "acd_auto_answer": "false",
            "addresses.#": "0",
            "certifications.#": "0",
            "department": "",
            "division_id": "223a1aba-4f9c-40a8-b6f1-9c1a56f04419",
            "email": "eva.sann@infinit.cx",
            "employer_info.#": "0",
            "id": "65880596-5a5d-4e54-8db4-b32eee9b65c4",
            "locations.#": "0",
            "manager": "",
            "name": "Eva Sann",
            "profile_skills.#": "0",
            "routing_languages.#": "0",
            "routing_skills.#": "0",
            "routing_utilization.#": "0",
            "state": "active",
            "title": ""
          },
          "sensitive_attributes": []
        }
      ]
    },
    {
      "mode": "managed",
      "type": "genesyscloud_user",
      "name": "example_example12_com",
      "provider": "provider[\"registry.terraform.io/-/genesyscloud\"]",
      "instances": [
        {
          "schema_version": 1,
          "attributes_flat": {
            "acd_auto_answer": "false",
            "addresses.#": "1",
            "addresses.0.other_emails.#": "1",
            "addresses.0.other_emails.2769528924.address": "example2@examplee.com",
            "addresses.0.other_emails.2769528924.type": "WORK",
            "addresses.0.phone_numbers.#": "2",
            "addresses.0.phone_numbers.2506366935.extension": "",
            "addresses.0.phone_numbers.2506366935.media_type": "PHONE",
            "addresses.0.phone_numbers.2506366935.number": "+49111555444",
            "addresses.0.phone_numbers.2506366935.type": "WORK2",
            "addresses.0.phone_numbers.2837958746.extension": "",
            "addresses.0.phone_numbers.2837958746.media_type": "SMS",
            "addresses.0.phone_numbers.2837958746.number": "+49999888777",
            "addresses.0.phone_numbers.2837958746.type": "MOBILE",
            "certifications.#": "0",
            "department": "",
            "division_id": "223a1aba-4f9c-40a8-b6f1-9c1a56f04419",
            "email": "example@example12.com",
            "employer_info.#": "0",
            "id": "20f312e4-8a6d-4287-aba0-ad12b91884c6",
            "locations.#": "0",
            "manager": "",
            "name": "Mateusz TEST 12",
            "profile_skills.#": "0",
            "routing_languages.#": "0",
            "routing_skills.#": "0",
            "routing_utilization.#": "0",
            "state": "active",
            "title": ""
          },
          "sensitive_attributes": []
        }
      ]
    },
    {
      "mode": "managed",
      "type": "genesyscloud_user",
      "name": "example_example1_com",
      "provider": "provider[\"registry.terraform.io/-/genesyscloud\"]",
      "instances": [
        {
          "schema_version": 1,
          "attributes_flat": {
            "acd_auto_answer": "false",
            "addresses.#": "1",
            "addresses.0.other_emails.#": "0",
            "addresses.0.phone_numbers.#": "4",
            "addresses.0.phone_numbers.1867827719.extension": "",
            "addresses.0.phone_numbers.1867827719.media_type": "PHONE",
            "addresses.0.phone_numbers.1867827719.number": "+49888777666",
            "addresses.0.phone_numbers.1867827719.type": "WORK3",
            "addresses.0.phone_numbers.2276414274.extension": "",
            "addresses.0.phone_numbers.2276414274.media_type": "PHONE",
            "addresses.0.phone_numbers.2276414274.number": "+49111222333",
            "addresses.0.phone_numbers.2276414274.type": "WORK",
            "addresses.0.phone_numbers.3167805344.extension": "",
            "addresses.0.phone_numbers.3167805344.media_type": "PHONE",
            "addresses.0.phone_numbers.3167805344.number": "+49111555666",
            "addresses.0.phone_numbers.3167805344.type": "WORK2",
            "addresses.0.phone_numbers.3569904886.extension": "",
            "addresses.0.phone_numbers.3569904886.media_type": "SMS",
            "addresses.0.phone_numbers.3569904886.number": "+49123456789",
            "addresses.0.phone_numbers.3569904886.type": "MOBILE",
            "certifications.#": "0",
            "department": "",
            "division_id": "223a1aba-4f9c-40a8-b6f1-9c1a56f04419",
            "email": "example@example1.com",
            "employer_info.#": "0",
            "id": "eecd90f6-9500-4d3d-bf44-2fa248262dbb",
            "locations.#": "0",
            "manager": "",
            "name": "Mateusz TEST 10",
            "profile_skills.#": "0",
            "routing_languages.#": "0",
            "routing_skills.#": "0",
            "routing_utilization.#": "0",
            "state": "active",
            "title": ""
          },
          "sensitive_attributes": []
        }
      ]
    },
    {
      "mode": "managed",
      "type": "genesyscloud_user",
      "name": "ext_kamil_sienicki_infinit_cx",
      "provider": "provider[\"registry.terraform.io/-/genesyscloud\"]",
      "instances": [
        {
          "schema_version": 1,
          "attributes_flat": {
            "acd_auto_answer": "false",
            "addresses.#": "0",
            "certifications.#": "0",
            "department": "test",
            "division_id": "223a1aba-4f9c-40a8-b6f1-9c1a56f04419",
            "email": "ext.kamil.sienicki@infinit.cx",
            "employer_info.#": "0",
            "id": "eff9b4d9-ec4e-4646-a8b1-50edb67858a3",
            "locations.#": "0",
            "manager": "",
            "name": "Kamil Sienicki",
            "profile_skills.#": "0",
            "routing_languages.#": "0",
            "routing_skills.#": "0",
            "routing_utilization.#": "0",
            "state": "active",
            "title": "Software Engineer"
          },
          "sensitive_attributes": []
        }
      ]
    },
    {
      "mode": "managed",
      "type": "genesyscloud_user",
      "name": "ext_mateusz_janowicz_infinit_cx",
      "provider": "provider[\"registry.terraform.io/-/genesyscloud\"]",
      "instances": [
        {
          "schema_version": 1,
          "attributes_flat": {
            "acd_auto_answer": "false",
            "addresses.#": "1",
            "addresses.0.other_emails.#": "0",
            "addresses.0.phone_numbers.#": "2",
            "addresses.0.phone_numbers.2680520839.extension": "",
            "addresses.0.phone_numbers.2680520839.media_type": "PHONE",
            "addresses.0.phone_numbers.2680520839.number": "+496666111111",
            "addresses.0.phone_numbers.2680520839.type": "WORK2",
            "addresses.0.phone_numbers.2903291799.extension": "",
            "addresses.0.phone_numbers.2903291799.media_type": "PHONE",
            "addresses.0.phone_numbers.2903291799.number": "+491313131313",
            "addresses.0.phone_numbers.2903291799.type": "WORK3",
            "certifications.#": "0",
            "department": "",
            "division_id": "223a1aba-4f9c-40a8-b6f1-9c1a56f04419",
            "email": "ext.mateusz.janowicz@infinit.cx",
            "employer_info.#": "0",
            "id": "28f41553-11c6-4b50-a604-f57d64b0365e",
            "locations.#": "0",
            "manager": "",
            "name": "Mateusz Janowicz",
            "profile_skills.#": "0",
            "routing_languages.#": "0",
            "routing_skills.#": "0",
            "routing_utilization.#": "0",
            "state": "active",
            "title": ""
          },
          "sensitive_attributes": []
        }
      ]
    },
    {
      "mode": "managed",
      "type": "genesyscloud_user",
      "name": "ext_michal_brzozowski_infinit_cx",
      "provider": "provider[\"registry.terraform.io/-/genesyscloud\"]",
      "instances": [
        {
          "schema_version": 1,
          "attributes_flat": {
            "acd_auto_answer": "false",
            "addresses.#": "0",
            "certifications.#": "0",
            "department": "",
            "division_id": "223a1aba-4f9c-40a8-b6f1-9c1a56f04419",
            "email": "ext.michal.brzozowski@infinit.cx",
            "employer_info.#": "0",
            "id": "a2f66ba0-2a52-4c1a-9f11-67fcdbb36bdb",
            "locations.#": "0",
            "manager": "",
            "name": "Michal Brzozowski",
            "profile_skills.#": "0",
            "routing_languages.#": "0",
            "routing_skills.#": "0",
            "routing_utilization.#": "0",
            "state": "active",
            "title": ""
          },
          "sensitive_attributes": []
        }
      ]
    },
    {
      "mode": "managed",
      "type": "genesyscloud_user",
      "name": "ext_michal_vymola_infinit_cx",
      "provider": "provider[\"registry.terraform.io/-/genesyscloud\"]",
      "instances": [
        {
          "schema_version": 1,
          "attributes_flat": {
            "acd_auto_answer": "false",
            "addresses.#": "0",
            "certifications.#": "0",
            "department": "",
            "division_id": "223a1aba-4f9c-40a8-b6f1-9c1a56f04419",
            "email": "ext.michal.vymola@infinit.cx",
            "employer_info.#": "0",
            "id": "2690a74d-3e60-4a93-a72d-92b8bd511a94",
            "locations.#": "0",
            "manager": "",
            "name": "Michal Vymola",
            "profile_skills.#": "0",
            "routing_languages.#": "0",
            "routing_skills.#": "0",
            "routing_utilization.#": "0",
            "state": "active",
            "title": ""
          },
          "sensitive_attributes": []
        }
      ]
    },
    {
      "mode": "managed",
      "type": "genesyscloud_user",
      "name": "ext_pawel_mazurek_infinit_cx",
      "provider": "provider[\"registry.terraform.io/-/genesyscloud\"]",
      "instances": [
        {
          "schema_version": 1,
          "attributes_flat": {
            "acd_auto_answer": "false",
            "addresses.#": "0",
            "certifications.#": "0",
            "department": "",
            "division_id": "223a1aba-4f9c-40a8-b6f1-9c1a56f04419",
            "email": "ext.pawel.mazurek@infinit.cx",
            "employer_info.#": "0",
            "id": "d47d1cf0-4e44-4747-820e-b87f7d9f32c0",
            "locations.#": "0",
            "manager": "",
            "name": "Pawel Mazurek",
            "profile_skills.#": "0",
            "routing_languages.#": "0",
            "routing_skills.#": "0",
            "routing_utilization.#": "0",
            "state": "active",
            "title": ""
          },
          "sensitive_attributes": []
        }
      ]
    },
    {
      "mode": "managed",
      "type": "genesyscloud_user",
      "name": "ext_rosen_kunchev_infinit_cx",
      "provider": "provider[\"registry.terraform.io/-/genesyscloud\"]",
      "instances": [
        {
          "schema_version": 1,
          "attributes_flat": {
            "acd_auto_answer": "false",
            "addresses.#": "0",
            "certifications.#": "0",
            "department": "",
            "division_id": "1ff5a765-bdc7-4946-9b65-0e855f9d92af",
            "email": "ext.rosen.kunchev@infinit.cx",
            "employer_info.#": "0",
            "id": "262db086-dd81-457c-9ce5-38b76e7fbf2a",
            "locations.#": "0",
            "manager": "",
            "name": "Rosen Kunchev",
            "profile_skills.#": "0",
            "routing_languages.#": "0",
            "routing_skills.#": "2",
            "routing_skills.2033218388.proficiency": "5",
            "routing_skills.2033218388.skill_id": "dca65058-e494-4d5b-a242-3d8b78df80fb",
            "routing_skills.3752674293.proficiency": "5",
            "routing_skills.3752674293.skill_id": "0f0e58e1-f90a-41d0-b17e-9b763b7f59e8",
            "routing_utilization.#": "0",
            "state": "active",
            "title": ""
          },
          "sensitive_attributes": []
        }
      ]
    },
    {
      "mode": "managed",
      "type": "genesyscloud_user",
      "name": "eysan_mehrbani_infinit_cx",
      "provider": "provider[\"registry.terraform.io/-/genesyscloud\"]",
      "instances": [
        {
          "schema_version": 1,
          "attributes_flat": {
            "acd_auto_answer": "false",
            "addresses.#": "0",
            "certifications.#": "0",
            "department": "",
            "division_id": "223a1aba-4f9c-40a8-b6f1-9c1a56f04419",
            "email": "eysan.mehrbani@infinit.cx",
            "employer_info.#": "0",
            "id": "1b41bc31-53bd-4ba0-b9c4-14a0c51335a8",
            "locations.#": "0",
            "manager": "",
            "name": "Eysan Mehrbani",
            "profile_skills.#": "0",
            "routing_languages.#": "0",
            "routing_skills.#": "0",
            "routing_utilization.#": "0",
            "state": "active",
            "title": ""
          },
          "sensitive_attributes": []
        }
      ]
    },
    {
      "mode": "managed",
      "type": "genesyscloud_user",
      "name": "ffeldhaus_google_com",
      "provider": "provider[\"registry.terraform.io/-/genesyscloud\"]",
      "instances": [
        {
          "schema_version": 1,
          "attributes_flat": {
            "acd_auto_answer": "false",
            "addresses.#": "0",
            "certifications.#": "0",
            "department": "",
            "division_id": "178e1e60-722d-447a-8e8c-d87787dddc44",
            "email": "ffeldhaus@google.com",
            "employer_info.#": "0",
            "id": "de289b42-37a9-4e53-a279-13409152a225",
            "locations.#": "0",
            "manager": "",
            "name": "Florian Feldhaus",
            "profile_skills.#": "0",
            "routing_languages.#": "0",
            "routing_skills.#": "0",
            "routing_utilization.#": "0",
            "state": "active",
            "title": ""
          },
          "sensitive_attributes": []
        }
      ]
    },
    {
      "mode": "managed",
      "type": "genesyscloud_user",
      "name": "florian_huber_infinit_cx",
      "provider": "provider[\"registry.terraform.io/-/genesyscloud\"]",
      "instances": [
        {
          "schema_version": 1,
          "attributes_flat": {
            "acd_auto_answer": "false",
            "addresses.#": "0",
            "certifications.#": "0",
            "department": "",
            "division_id": "223a1aba-4f9c-40a8-b6f1-9c1a56f04419",
            "email": "florian.huber@infinit.cx",
            "employer_info.#": "0",
            "id": "b7647f35-b10b-4cb6-807a-e49048cc3f5e",
            "locations.#": "0",
            "manager": "",
            "name": "Florian Huber",
            "profile_skills.#": "0",
            "routing_languages.#": "0",
            "routing_skills.#": "0",
            "routing_utilization.#": "0",
            "state": "active",
            "title": ""
          },
          "sensitive_attributes": []
        }
      ]
    },
    {
      "mode": "managed",
      "type": "genesyscloud_user",
      "name": "florian_scholz_popken-services_de",
      "provider": "provider[\"registry.terraform.io/-/genesyscloud\"]",
      "instances": [
        {
          "schema_version": 1,
          "attributes_flat": {
            "acd_auto_answer": "false",
            "addresses.#": "0",
            "certifications.#": "0",
            "department": "",
            "division_id": "223a1aba-4f9c-40a8-b6f1-9c1a56f04419",
            "email": "florian.scholz@popken-services.de",
            "employer_info.#": "0",
            "id": "fc02e374-f239-40f6-b4e8-0d69ca571999",
            "locations.#": "0",
            "manager": "",
            "name": "Florian Scholz",
            "profile_skills.#": "0",
            "routing_languages.#": "0",
            "routing_skills.#": "0",
            "routing_utilization.#": "0",
            "state": "active",
            "title": ""
          },
          "sensitive_attributes": []
        }
      ]
    },
    {
      "mode": "managed",
      "type": "genesyscloud_user",
      "name": "francis_lagler_infinit_cx",
      "provider": "provider[\"registry.terraform.io/-/genesyscloud\"]",
      "instances": [
        {
          "schema_version": 1,
          "attributes_flat": {
            "acd_auto_answer": "false",
            "addresses.#": "0",
            "certifications.#": "0",
            "department": "",
            "division_id": "223a1aba-4f9c-40a8-b6f1-9c1a56f04419",
            "email": "francis.lagler@infinit.cx",
            "employer_info.#": "0",
            "id": "b0e9f4fd-fc07-45c9-8beb-1dec05040d10",
            "locations.#": "0",
            "manager": "",
            "name": "Francis Lagler",
            "profile_skills.#": "0",
            "routing_languages.#": "0",
            "routing_skills.#": "0",
            "routing_utilization.#": "0",
            "state": "active",
            "title": ""
          },
          "sensitive_attributes": []
        }
      ]
    },
    {
      "mode": "managed",
      "type": "genesyscloud_user",
      "name": "frank_fauerbach_genesys_com",
      "provider": "provider[\"registry.terraform.io/-/genesyscloud\"]",
      "instances": [
        {
          "schema_version": 1,
          "attributes_flat": {
            "acd_auto_answer": "false",
            "addresses.#": "0",
            "certifications.#": "0",
            "department": "",
            "division_id": "84332f0b-1d0a-4d7a-8fbe-2eed91a0e0ac",
            "email": "frank.fauerbach@genesys.com",
            "employer_info.#": "0",
            "id": "03d3bcdc-c77a-4fb9-ad72-3b0e63d1948d",
            "locations.#": "0",
            "manager": "",
            "name": "Frank Fauerbach",
            "profile_skills.#": "0",
            "routing_languages.#": "3",
            "routing_languages.3482590334.language_id": "15c6a824-df71-4a6a-88db-4d5c1c54421e",
            "routing_languages.3482590334.proficiency": "0",
            "routing_languages.3947435746.language_id": "9b2bf3ab-5d9f-4738-ba3e-0bef4cb62aa3",
            "routing_languages.3947435746.proficiency": "0",
            "routing_languages.4294058497.language_id": "23c88d88-ebbd-47e8-b928-d291eb8b68f4",
            "routing_languages.4294058497.proficiency": "0",
            "routing_skills.#": "2",
            "routing_skills.1019476877.proficiency": "0",
            "routing_skills.1019476877.skill_id": "174b6589-c834-4e23-8a43-dd56df375bd0",
            "routing_skills.2885834853.proficiency": "0",
            "routing_skills.2885834853.skill_id": "417a4316-1a7a-452c-b868-ba289838e025",
            "routing_utilization.#": "0",
            "state": "active",
            "title": ""
          },
          "sensitive_attributes": []
        }
      ]
    },
    {
      "mode": "managed",
      "type": "genesyscloud_user",
      "name": "franziska_weber_infinit_cx",
      "provider": "provider[\"registry.terraform.io/-/genesyscloud\"]",
      "instances": [
        {
          "schema_version": 1,
          "attributes_flat": {
            "acd_auto_answer": "false",
            "addresses.#": "1",
            "addresses.0.other_emails.#": "1",
            "addresses.0.other_emails.4275101451.address": "franziska.weber@infinit.cx",
            "addresses.0.other_emails.4275101451.type": "WORK",
            "addresses.0.phone_numbers.#": "2",
            "addresses.0.phone_numbers.2726468233.extension": "",
            "addresses.0.phone_numbers.2726468233.media_type": "PHONE",
            "addresses.0.phone_numbers.2726468233.number": "+4989262029976",
            "addresses.0.phone_numbers.2726468233.type": "OTHER",
            "addresses.0.phone_numbers.667577977.extension": "",
            "addresses.0.phone_numbers.667577977.media_type": "SMS",
            "addresses.0.phone_numbers.667577977.number": "+4915152151884",
            "addresses.0.phone_numbers.667577977.type": "MOBILE",
            "certifications.#": "0",
            "department": "Team Cloud",
            "division_id": "1ff5a765-bdc7-4946-9b65-0e855f9d92af",
            "email": "franziska.weber@infinit.cx",
            "employer_info.#": "1",
            "employer_info.0.date_hire": "",
            "employer_info.0.employee_id": "55158",
            "employer_info.0.employee_type": "",
            "employer_info.0.official_name": "",
            "id": "68e26180-2f45-4df1-86ba-526973549f6f",
            "locations.#": "0",
            "manager": "f594c02c-24f4-4688-854c-32073bc99b1a",
            "name": "Franziska Weber",
            "profile_skills.#": "0",
            "routing_languages.#": "0",
            "routing_skills.#": "1",
            "routing_skills.3752674293.proficiency": "5",
            "routing_skills.3752674293.skill_id": "0f0e58e1-f90a-41d0-b17e-9b763b7f59e8",
            "routing_utilization.#": "0",
            "state": "active",
            "title": "Customer Success Manager"
          },
          "sensitive_attributes": []
        }
      ]
    },
    {
      "mode": "managed",
      "type": "genesyscloud_user",
      "name": "galin_stamboliev_infinit_cx",
      "provider": "provider[\"registry.terraform.io/-/genesyscloud\"]",
      "instances": [
        {
          "schema_version": 1,
          "attributes_flat": {
            "acd_auto_answer": "true",
            "addresses.#": "0",
            "certifications.#": "0",
            "department": "",
            "division_id": "223a1aba-4f9c-40a8-b6f1-9c1a56f04419",
            "email": "galin.stamboliev@infinit.cx",
            "employer_info.#": "0",
            "id": "2402c566-f00c-4e04-872c-777d1b22620c",
            "locations.#": "0",
            "manager": "",
            "name": "Galin Stamboliev",
            "profile_skills.#": "0",
            "routing_languages.#": "0",
            "routing_skills.#": "0",
            "routing_utilization.#": "0",
            "state": "active",
            "title": ""
          },
          "sensitive_attributes": []
        }
      ]
    },
    {
      "mode": "managed",
      "type": "genesyscloud_user",
      "name": "georg_schiffmann_1und1_de",
      "provider": "provider[\"registry.terraform.io/-/genesyscloud\"]",
      "instances": [
        {
          "schema_version": 1,
          "attributes_flat": {
            "acd_auto_answer": "false",
            "addresses.#": "1",
            "addresses.0.other_emails.#": "1",
            "addresses.0.other_emails.2661259118.address": "georg.schiffmann@1und1.de",
            "addresses.0.other_emails.2661259118.type": "WORK",
            "addresses.0.phone_numbers.#": "0",
            "certifications.#": "0",
            "department": "",
            "division_id": "223a1aba-4f9c-40a8-b6f1-9c1a56f04419",
            "email": "georg.schiffmann@1und1.de",
            "employer_info.#": "0",
            "id": "578ed4a2-88fa-4df7-8111-45535c9d8013",
            "locations.#": "0",
            "manager": "",
            "name": "Georg Schiffmann",
            "profile_skills.#": "0",
            "routing_languages.#": "0",
            "routing_skills.#": "2",
            "routing_skills.1733421848.proficiency": "0",
            "routing_skills.1733421848.skill_id": "1a58347c-aae8-4fce-bb1e-8e2c277af840",
            "routing_skills.720214155.proficiency": "0",
            "routing_skills.720214155.skill_id": "2c63f567-3f47-4ae4-adc8-9f0774d418c8",
            "routing_utilization.#": "0",
            "state": "active",
            "title": ""
          },
          "sensitive_attributes": []
        }
      ]
    },
    {
      "mode": "managed",
      "type": "genesyscloud_user",
      "name": "gerald_odinukwe_infinit_cx",
      "provider": "provider[\"registry.terraform.io/-/genesyscloud\"]",
      "instances": [
        {
          "schema_version": 1,
          "attributes_flat": {
            "acd_auto_answer": "false",
            "addresses.#": "1",
            "addresses.0.other_emails.#": "1",
            "addresses.0.other_emails.70920650.address": "gerald.odinukwe@infinit.cx",
            "addresses.0.other_emails.70920650.type": "WORK",
            "addresses.0.phone_numbers.#": "1",
            "addresses.0.phone_numbers.974939252.extension": "",
            "addresses.0.phone_numbers.974939252.media_type": "PHONE",
            "addresses.0.phone_numbers.974939252.number": "+4989262029914",
            "addresses.0.phone_numbers.974939252.type": "OTHER",
            "certifications.#": "0",
            "department": "IT",
            "division_id": "223a1aba-4f9c-40a8-b6f1-9c1a56f04419",
            "email": "gerald.odinukwe@infinit.cx",
            "employer_info.#": "1",
            "employer_info.0.date_hire": "",
            "employer_info.0.employee_id": "55189",
            "employer_info.0.employee_type": "",
            "employer_info.0.official_name": "",
            "id": "bfd975d6-a630-4989-a039-5f77e118e45e",
            "locations.#": "0",
            "manager": "29f9e580-a700-4746-b1b2-85319212aae9",
            "name": "Gerald Odinukwe",
            "profile_skills.#": "0",
            "routing_languages.#": "0",
            "routing_skills.#": "0",
            "routing_utilization.#": "0",
            "state": "active",
            "title": "IT-Administrator"
          },
          "sensitive_attributes": []
        }
      ]
    },
    {
      "mode": "managed",
      "type": "genesyscloud_user",
      "name": "gerrit_alt_infinit_cx",
      "provider": "provider[\"registry.terraform.io/-/genesyscloud\"]",
      "instances": [
        {
          "schema_version": 1,
          "attributes_flat": {
            "acd_auto_answer": "false",
            "addresses.#": "1",
            "addresses.0.other_emails.#": "1",
            "addresses.0.other_emails.1168394389.address": "gerrit.alt@infinit.cx",
            "addresses.0.other_emails.1168394389.type": "WORK",
            "addresses.0.phone_numbers.#": "2",
            "addresses.0.phone_numbers.207539707.extension": "",
            "addresses.0.phone_numbers.207539707.media_type": "SMS",
            "addresses.0.phone_numbers.207539707.number": "+491707611113",
            "addresses.0.phone_numbers.207539707.type": "MOBILE",
            "addresses.0.phone_numbers.2803074306.extension": "",
            "addresses.0.phone_numbers.2803074306.media_type": "PHONE",
            "addresses.0.phone_numbers.2803074306.number": "+4989262029904",
            "addresses.0.phone_numbers.2803074306.type": "OTHER",
            "certifications.#": "0",
            "department": "Team Cloud",
            "division_id": "223a1aba-4f9c-40a8-b6f1-9c1a56f04419",
            "email": "gerrit.alt@infinit.cx",
            "employer_info.#": "1",
            "employer_info.0.date_hire": "",
            "employer_info.0.employee_id": "10812",
            "employer_info.0.employee_type": "",
            "employer_info.0.official_name": "",
            "id": "45b1816a-6a99-4ac1-b0e5-a7491d544a35",
            "locations.#": "0",
            "manager": "f594c02c-24f4-4688-854c-32073bc99b1a",
            "name": "Gerrit Alt",
            "profile_skills.#": "0",
            "routing_languages.#": "2",
            "routing_languages.2189809220.language_id": "23c88d88-ebbd-47e8-b928-d291eb8b68f4",
            "routing_languages.2189809220.proficiency": "5",
            "routing_languages.3260714637.language_id": "6920b33a-1637-463e-ac3b-7f452ad80e13",
            "routing_languages.3260714637.proficiency": "5",
            "routing_skills.#": "9",
            "routing_skills.1057236803.proficiency": "5",
            "routing_skills.1057236803.skill_id": "f533d464-b61f-49e7-bf8a-cb50205f56f6",
            "routing_skills.15710726.proficiency": "5",
            "routing_skills.15710726.skill_id": "5d820dd6-ed53-42bd-bc83-97a96b5a785f",
            "routing_skills.2086442200.proficiency": "4",
            "routing_skills.2086442200.skill_id": "c585a041-046b-4a32-9f14-5a7b2d6ab680",
            "routing_skills.3331337793.proficiency": "5",
            "routing_skills.3331337793.skill_id": "43e554e2-decb-4ae3-998c-172a2e57eaa4",
            "routing_skills.3369438113.proficiency": "5",
            "routing_skills.3369438113.skill_id": "b56fff14-1103-4381-88cd-90c07ca012bd",
            "routing_skills.3440064530.proficiency": "4",
            "routing_skills.3440064530.skill_id": "3e4366e4-3994-4e32-be0a-3bb98cfacc55",
            "routing_skills.3544654335.proficiency": "5",
            "routing_skills.3544654335.skill_id": "66a28b3e-890f-4e84-ac4e-8ab2837facd3",
            "routing_skills.4288387265.proficiency": "5",
            "routing_skills.4288387265.skill_id": "940908b7-62ce-4f47-aec7-ea2608e3f5b4",
            "routing_skills.4291341122.proficiency": "5",
            "routing_skills.4291341122.skill_id": "d29d1072-78d1-40c4-b06b-afc859b32723",
            "routing_utilization.#": "0",
            "state": "active",
            "title": "Senior Solution Consultant"
          },
          "sensitive_attributes": []
        }
      ]
    },
    {
      "mode": "managed",
      "type": "genesyscloud_user",
      "name": "gerrit_alt_web_de",
      "provider": "provider[\"registry.terraform.io/-/genesyscloud\"]",
      "instances": [
        {
          "schema_version": 1,
          "attributes_flat": {
            "acd_auto_answer": "false",
            "addresses.#": "0",
            "certifications.#": "0",
            "department": "",
            "division_id": "223a1aba-4f9c-40a8-b6f1-9c1a56f04419",
            "email": "gerrit.alt@web.de",
            "employer_info.#": "0",
            "id": "d77cc36e-5033-4f71-aaa2-eab0041abc4c",
            "locations.#": "0",
            "manager": "",
            "name": "Test Person",
            "profile_skills.#": "0",
            "routing_languages.#": "0",
            "routing_skills.#": "0",
            "routing_utilization.#": "0",
            "state": "active",
            "title": ""
          },
          "sensitive_attributes": []
        }
      ]
    },
    {
      "mode": "managed",
      "type": "genesyscloud_user",
      "name": "giuseppe_villani_infinit_cx",
      "provider": "provider[\"registry.terraform.io/-/genesyscloud\"]",
      "instances": [
        {
          "schema_version": 1,
          "attributes_flat": {
            "acd_auto_answer": "false",
            "addresses.#": "0",
            "certifications.#": "0",
            "department": "",
            "division_id": "223a1aba-4f9c-40a8-b6f1-9c1a56f04419",
            "email": "giuseppe.villani@infinit.cx",
            "employer_info.#": "0",
            "id": "d2c2ff7e-58e0-4082-9382-5f5e7e94e523",
            "locations.#": "0",
            "manager": "",
            "name": "Giuseppe Villani",
            "profile_skills.#": "0",
            "routing_languages.#": "0",
            "routing_skills.#": "0",
            "routing_utilization.#": "0",
            "state": "active",
            "title": ""
          },
          "sensitive_attributes": []
        }
      ]
    },
    {
      "mode": "managed",
      "type": "genesyscloud_user",
      "name": "gordon_bernard_bericon_de",
      "provider": "provider[\"registry.terraform.io/-/genesyscloud\"]",
      "instances": [
        {
          "schema_version": 1,
          "attributes_flat": {
            "acd_auto_answer": "false",
            "addresses.#": "1",
            "addresses.0.other_emails.#": "0",
            "addresses.0.phone_numbers.#": "1",
            "addresses.0.phone_numbers.799077962.extension": "724",
            "addresses.0.phone_numbers.799077962.media_type": "PHONE",
            "addresses.0.phone_numbers.799077962.number": "724",
            "addresses.0.phone_numbers.799077962.type": "WORK3",
            "certifications.#": "0",
            "department": "",
            "division_id": "223a1aba-4f9c-40a8-b6f1-9c1a56f04419",
            "email": "gordon.bernard@bericon.de",
            "employer_info.#": "0",
            "id": "e0c58b5c-c5d9-4e76-9bc3-ee4af5b95903",
            "locations.#": "0",
            "manager": "",
            "name": "Gordon Bernard",
            "profile_skills.#": "0",
            "routing_languages.#": "0",
            "routing_skills.#": "0",
            "routing_utilization.#": "0",
            "state": "active",
            "title": ""
          },
          "sensitive_attributes": []
        }
      ]
    },
    {
      "mode": "managed",
      "type": "genesyscloud_user",
      "name": "grazia_marino_infinit_cx",
      "provider": "provider[\"registry.terraform.io/-/genesyscloud\"]",
      "instances": [
        {
          "schema_version": 1,
          "attributes_flat": {
            "acd_auto_answer": "false",
            "addresses.#": "0",
            "certifications.#": "0",
            "department": "",
            "division_id": "223a1aba-4f9c-40a8-b6f1-9c1a56f04419",
            "email": "grazia.marino@infinit.cx",
            "employer_info.#": "0",
            "id": "99da18e1-a2bd-4b6d-b633-871ca15ad3d4",
            "locations.#": "0",
            "manager": "",
            "name": "Grazia Marino",
            "profile_skills.#": "0",
            "routing_languages.#": "0",
            "routing_skills.#": "0",
            "routing_utilization.#": "0",
            "state": "active",
            "title": ""
          },
          "sensitive_attributes": []
        }
      ]
    },
    {
      "mode": "managed",
      "type": "genesyscloud_user",
      "name": "gufran_khan_infinit_cx",
      "provider": "provider[\"registry.terraform.io/-/genesyscloud\"]",
      "instances": [
        {
          "schema_version": 1,
          "attributes_flat": {
            "acd_auto_answer": "false",
            "addresses.#": "0",
            "certifications.#": "0",
            "department": "",
            "division_id": "223a1aba-4f9c-40a8-b6f1-9c1a56f04419",
            "email": "gufran.khan@infinit.cx",
            "employer_info.#": "0",
            "id": "c3c07475-6699-4e43-bbde-8a6336f4dd8e",
            "locations.#": "0",
            "manager": "",
            "name": "Gufran Khan",
            "profile_skills.#": "0",
            "routing_languages.#": "0",
            "routing_skills.#": "0",
            "routing_utilization.#": "0",
            "state": "active",
            "title": ""
          },
          "sensitive_attributes": []
        }
      ]
    },
    {
      "mode": "managed",
      "type": "genesyscloud_user",
      "name": "h_admin_2_gmail_com",
      "provider": "provider[\"registry.terraform.io/-/genesyscloud\"]",
      "instances": [
        {
          "schema_version": 1,
          "attributes_flat": {
            "acd_auto_answer": "false",
            "addresses.#": "0",
            "certifications.#": "0",
            "department": "",
            "division_id": "84332f0b-1d0a-4d7a-8fbe-2eed91a0e0ac",
            "email": "h_admin_2@gmail.com",
            "employer_info.#": "0",
            "id": "5dffcbb9-faa9-4f5b-a7eb-641ff3b2933c",
            "locations.#": "0",
            "manager": "",
            "name": "H_Admin_2",
            "profile_skills.#": "0",
            "routing_languages.#": "0",
            "routing_skills.#": "0",
            "routing_utilization.#": "0",
            "state": "active",
            "title": ""
          },
          "sensitive_attributes": []
        }
      ]
    },
    {
      "mode": "managed",
      "type": "genesyscloud_user",
      "name": "h_admin_3_gmail_com",
      "provider": "provider[\"registry.terraform.io/-/genesyscloud\"]",
      "instances": [
        {
          "schema_version": 1,
          "attributes_flat": {
            "acd_auto_answer": "false",
            "addresses.#": "0",
            "certifications.#": "0",
            "department": "",
            "division_id": "84332f0b-1d0a-4d7a-8fbe-2eed91a0e0ac",
            "email": "h_admin_3@gmail.com",
            "employer_info.#": "0",
            "id": "8a2fef66-4513-4f7f-9180-20306b32ff41",
            "locations.#": "0",
            "manager": "",
            "name": "H_Admin_3",
            "profile_skills.#": "0",
            "routing_languages.#": "0",
            "routing_skills.#": "0",
            "routing_utilization.#": "0",
            "state": "active",
            "title": ""
          },
          "sensitive_attributes": []
        }
      ]
    },
    {
      "mode": "managed",
      "type": "genesyscloud_user",
      "name": "h_admin_gmail_com",
      "provider": "provider[\"registry.terraform.io/-/genesyscloud\"]",
      "instances": [
        {
          "schema_version": 1,
          "attributes_flat": {
            "acd_auto_answer": "false",
            "addresses.#": "0",
            "certifications.#": "0",
            "department": "",
            "division_id": "84332f0b-1d0a-4d7a-8fbe-2eed91a0e0ac",
            "email": "h_admin@gmail.com",
            "employer_info.#": "0",
            "id": "f59067c5-2f32-45a0-9579-46fdf57fd8fd",
            "locations.#": "0",
            "manager": "",
            "name": "Admin Insurance",
            "profile_skills.#": "0",
            "routing_languages.#": "0",
            "routing_skills.#": "0",
            "routing_utilization.#": "0",
            "state": "active",
            "title": ""
          },
          "sensitive_attributes": []
        }
      ]
    },
    {
      "mode": "managed",
      "type": "genesyscloud_user",
      "name": "h_agent_1_gmail_com",
      "provider": "provider[\"registry.terraform.io/-/genesyscloud\"]",
      "instances": [
        {
          "schema_version": 1,
          "attributes_flat": {
            "acd_auto_answer": "false",
            "addresses.#": "0",
            "certifications.#": "0",
            "department": "",
            "division_id": "223a1aba-4f9c-40a8-b6f1-9c1a56f04419",
            "email": "h_agent_1@gmail.com",
            "employer_info.#": "0",
            "id": "7c583503-3ad3-435b-9372-d037c4f0ed57",
            "locations.#": "0",
            "manager": "",
            "name": "Agent A",
            "profile_skills.#": "0",
            "routing_languages.#": "3",
            "routing_languages.2189809220.language_id": "23c88d88-ebbd-47e8-b928-d291eb8b68f4",
            "routing_languages.2189809220.proficiency": "5",
            "routing_languages.3227796769.language_id": "9b2bf3ab-5d9f-4738-ba3e-0bef4cb62aa3",
            "routing_languages.3227796769.proficiency": "3",
            "routing_languages.3837349821.language_id": "15c6a824-df71-4a6a-88db-4d5c1c54421e",
            "routing_languages.3837349821.proficiency": "3",
            "routing_skills.#": "2",
            "routing_skills.3939527937.proficiency": "3",
            "routing_skills.3939527937.skill_id": "417a4316-1a7a-452c-b868-ba289838e025",
            "routing_skills.4155876385.proficiency": "5",
            "routing_skills.4155876385.skill_id": "174b6589-c834-4e23-8a43-dd56df375bd0",
            "routing_utilization.#": "0",
            "state": "active",
            "title": ""
          },
          "sensitive_attributes": []
        }
      ]
    },
    {
      "mode": "managed",
      "type": "genesyscloud_user",
      "name": "h_agent_2_gmail_com",
      "provider": "provider[\"registry.terraform.io/-/genesyscloud\"]",
      "instances": [
        {
          "schema_version": 1,
          "attributes_flat": {
            "acd_auto_answer": "false",
            "addresses.#": "0",
            "certifications.#": "0",
            "department": "",
            "division_id": "1ff5a765-bdc7-4946-9b65-0e855f9d92af",
            "email": "h_agent_2@gmail.com",
            "employer_info.#": "0",
            "id": "28e43dd1-e4d3-41c1-8e88-56fed86746e4",
            "locations.#": "0",
            "manager": "",
            "name": "H_Agent_2",
            "profile_skills.#": "0",
            "routing_languages.#": "1",
            "routing_languages.4294058497.language_id": "23c88d88-ebbd-47e8-b928-d291eb8b68f4",
            "routing_languages.4294058497.proficiency": "0",
            "routing_skills.#": "2",
            "routing_skills.3752674293.proficiency": "5",
            "routing_skills.3752674293.skill_id": "0f0e58e1-f90a-41d0-b17e-9b763b7f59e8",
            "routing_skills.3939527937.proficiency": "3",
            "routing_skills.3939527937.skill_id": "417a4316-1a7a-452c-b868-ba289838e025",
            "routing_utilization.#": "0",
            "state": "active",
            "title": ""
          },
          "sensitive_attributes": []
        }
      ]
    },
    {
      "mode": "managed",
      "type": "genesyscloud_user",
      "name": "h_agent_3_gmail_com",
      "provider": "provider[\"registry.terraform.io/-/genesyscloud\"]",
      "instances": [
        {
          "schema_version": 1,
          "attributes_flat": {
            "acd_auto_answer": "false",
            "addresses.#": "0",
            "certifications.#": "0",
            "department": "",
            "division_id": "84332f0b-1d0a-4d7a-8fbe-2eed91a0e0ac",
            "email": "h_agent_3@gmail.com",
            "employer_info.#": "0",
            "id": "b8ddfcbd-6dd5-4694-b7b0-2af06fcc4f1d",
            "locations.#": "0",
            "manager": "",
            "name": "H_Agent_3",
            "profile_skills.#": "0",
            "routing_languages.#": "0",
            "routing_skills.#": "1",
            "routing_skills.1019476877.proficiency": "0",
            "routing_skills.1019476877.skill_id": "174b6589-c834-4e23-8a43-dd56df375bd0",
            "routing_utilization.#": "0",
            "state": "active",
            "title": ""
          },
          "sensitive_attributes": []
        }
      ]
    },
    {
      "mode": "managed",
      "type": "genesyscloud_user",
      "name": "h_agent_4_gmail_com",
      "provider": "provider[\"registry.terraform.io/-/genesyscloud\"]",
      "instances": [
        {
          "schema_version": 1,
          "attributes_flat": {
            "acd_auto_answer": "false",
            "addresses.#": "0",
            "certifications.#": "0",
            "department": "",
            "division_id": "84332f0b-1d0a-4d7a-8fbe-2eed91a0e0ac",
            "email": "h_agent_4@gmail.com",
            "employer_info.#": "0",
            "id": "92ebc991-d9da-4f1b-9ac4-cbb278a1f84f",
            "locations.#": "0",
            "manager": "",
            "name": "H_Agent_4",
            "profile_skills.#": "0",
            "routing_languages.#": "0",
            "routing_skills.#": "1",
            "routing_skills.1019476877.proficiency": "0",
            "routing_skills.1019476877.skill_id": "174b6589-c834-4e23-8a43-dd56df375bd0",
            "routing_utilization.#": "0",
            "state": "active",
            "title": ""
          },
          "sensitive_attributes": []
        }
      ]
    },
    {
      "mode": "managed",
      "type": "genesyscloud_user",
      "name": "h_sup_1_gmail_com",
      "provider": "provider[\"registry.terraform.io/-/genesyscloud\"]",
      "instances": [
        {
          "schema_version": 1,
          "attributes_flat": {
            "acd_auto_answer": "false",
            "addresses.#": "0",
            "certifications.#": "0",
            "department": "",
            "division_id": "223a1aba-4f9c-40a8-b6f1-9c1a56f04419",
            "email": "h_sup_1@gmail.com",
            "employer_info.#": "0",
            "id": "ba541afd-0471-4744-91c7-4fe7bf8382cd",
            "locations.#": "0",
            "manager": "",
            "name": "H_Sup_1",
            "profile_skills.#": "0",
            "routing_languages.#": "0",
            "routing_skills.#": "0",
            "routing_utilization.#": "0",
            "state": "active",
            "title": ""
          },
          "sensitive_attributes": []
        }
      ]
    },
    {
      "mode": "managed",
      "type": "genesyscloud_user",
      "name": "hagen_richter_infinit_cx",
      "provider": "provider[\"registry.terraform.io/-/genesyscloud\"]",
      "instances": [
        {
          "schema_version": 1,
          "attributes_flat": {
            "acd_auto_answer": "false",
            "addresses.#": "1",
            "addresses.0.other_emails.#": "1",
            "addresses.0.other_emails.1566098051.address": "hagen.richter@infinit.cx",
            "addresses.0.other_emails.1566098051.type": "WORK",
            "addresses.0.phone_numbers.#": "0",
            "certifications.#": "0",
            "department": "",
            "division_id": "223a1aba-4f9c-40a8-b6f1-9c1a56f04419",
            "email": "hagen.richter@infinit.cx",
            "employer_info.#": "0",
            "id": "bb94c85e-29b0-4edd-b842-3b64a3119882",
            "locations.#": "0",
            "manager": "",
            "name": "Hagen Richter",
            "profile_skills.#": "0",
            "routing_languages.#": "0",
            "routing_skills.#": "0",
            "routing_utilization.#": "0",
            "state": "active",
            "title": ""
          },
          "sensitive_attributes": []
        }
      ]
    },
    {
      "mode": "managed",
      "type": "genesyscloud_user",
      "name": "henning_mentzel_gmx_de",
      "provider": "provider[\"registry.terraform.io/-/genesyscloud\"]",
      "instances": [
        {
          "schema_version": 1,
          "attributes_flat": {
            "acd_auto_answer": "false",
            "addresses.#": "0",
            "certifications.#": "0",
            "department": "",
            "division_id": "223a1aba-4f9c-40a8-b6f1-9c1a56f04419",
            "email": "henning.mentzel@gmx.de",
            "employer_info.#": "0",
            "id": "cfbfd911-9117-4581-83cc-c14a8310560a",
            "locations.#": "0",
            "manager": "",
            "name": "PCC Agent",
            "profile_skills.#": "0",
            "routing_languages.#": "0",
            "routing_skills.#": "0",
            "routing_utilization.#": "0",
            "state": "active",
            "title": ""
          },
          "sensitive_attributes": []
        }
      ]
    },
    {
      "mode": "managed",
      "type": "genesyscloud_user",
      "name": "henning_mentzel_infinit_cx",
      "provider": "provider[\"registry.terraform.io/-/genesyscloud\"]",
      "instances": [
        {
          "schema_version": 1,
          "attributes_flat": {
            "acd_auto_answer": "false",
            "addresses.#": "1",
            "addresses.0.other_emails.#": "0",
            "addresses.0.phone_numbers.#": "1",
            "addresses.0.phone_numbers.1557739186.extension": "723",
            "addresses.0.phone_numbers.1557739186.media_type": "PHONE",
            "addresses.0.phone_numbers.1557739186.number": "723",
            "addresses.0.phone_numbers.1557739186.type": "WORK3",
            "certifications.#": "0",
            "department": "",
            "division_id": "223a1aba-4f9c-40a8-b6f1-9c1a56f04419",
            "email": "henning.mentzel@infinit.cx",
            "employer_info.#": "0",
            "id": "cb914282-9c27-469f-ba54-e9b64a60c9cd",
            "locations.#": "0",
            "manager": "",
            "name": "Henning Mentzel",
            "profile_skills.#": "0",
            "routing_languages.#": "0",
            "routing_skills.#": "0",
            "routing_utilization.#": "0",
            "state": "active",
            "title": ""
          },
          "sensitive_attributes": []
        }
      ]
    },
    {
      "mode": "managed",
      "type": "genesyscloud_user",
      "name": "henning_mentzel_yahoo_com",
      "provider": "provider[\"registry.terraform.io/-/genesyscloud\"]",
      "instances": [
        {
          "schema_version": 1,
          "attributes_flat": {
            "acd_auto_answer": "false",
            "addresses.#": "0",
            "certifications.#": "0",
            "department": "",
            "division_id": "223a1aba-4f9c-40a8-b6f1-9c1a56f04419",
            "email": "henning.mentzel@yahoo.com",
            "employer_info.#": "0",
            "id": "307ce75b-5232-497a-968c-0442cf296859",
            "locations.#": "0",
            "manager": "",
            "name": "PCC Agent2",
            "profile_skills.#": "0",
            "routing_languages.#": "0",
            "routing_skills.#": "0",
            "routing_utilization.#": "0",
            "state": "active",
            "title": ""
          },
          "sensitive_attributes": []
        }
      ]
    },
    {
      "mode": "managed",
      "type": "genesyscloud_user",
      "name": "hme_gmx_de",
      "provider": "provider[\"registry.terraform.io/-/genesyscloud\"]",
      "instances": [
        {
          "schema_version": 1,
          "attributes_flat": {
            "acd_auto_answer": "false",
            "addresses.#": "0",
            "certifications.#": "0",
            "department": "",
            "division_id": "223a1aba-4f9c-40a8-b6f1-9c1a56f04419",
            "email": "hme@gmx.de",
            "employer_info.#": "0",
            "id": "af6f7c03-eef0-40bc-acbf-12f4db595f2f",
            "locations.#": "0",
            "manager": "",
            "name": "PCC_Supervisor",
            "profile_skills.#": "0",
            "routing_languages.#": "0",
            "routing_skills.#": "0",
            "routing_utilization.#": "0",
            "state": "active",
            "title": ""
          },
          "sensitive_attributes": []
        }
      ]
    },
    {
      "mode": "managed",
      "type": "genesyscloud_user",
      "name": "holger_craemer_infinit_cx",
      "provider": "provider[\"registry.terraform.io/-/genesyscloud\"]",
      "instances": [
        {
          "schema_version": 1,
          "attributes_flat": {
            "acd_auto_answer": "false",
            "addresses.#": "1",
            "addresses.0.other_emails.#": "0",
            "addresses.0.phone_numbers.#": "2",
            "addresses.0.phone_numbers.1139941061.extension": "",
            "addresses.0.phone_numbers.1139941061.media_type": "SMS",
            "addresses.0.phone_numbers.1139941061.number": "+4915162424498",
            "addresses.0.phone_numbers.1139941061.type": "MOBILE",
            "addresses.0.phone_numbers.505456506.extension": "",
            "addresses.0.phone_numbers.505456506.media_type": "PHONE",
            "addresses.0.phone_numbers.505456506.number": "+4989309072105",
            "addresses.0.phone_numbers.505456506.type": "WORK",
            "certifications.#": "0",
            "department": "",
            "division_id": "223a1aba-4f9c-40a8-b6f1-9c1a56f04419",
            "email": "holger.craemer@infinit.cx",
            "employer_info.#": "0",
            "id": "8dfa1174-210f-4621-958c-b72d856085e6",
            "locations.#": "0",
            "manager": "",
            "name": "Holger Craemer",
            "profile_skills.#": "0",
            "routing_languages.#": "2",
            "routing_languages.2189809220.language_id": "23c88d88-ebbd-47e8-b928-d291eb8b68f4",
            "routing_languages.2189809220.proficiency": "5",
            "routing_languages.3678519244.language_id": "6920b33a-1637-463e-ac3b-7f452ad80e13",
            "routing_languages.3678519244.proficiency": "4",
            "routing_skills.#": "1",
            "routing_skills.4018541755.proficiency": "5",
            "routing_skills.4018541755.skill_id": "249660bf-4922-45e2-ba06-644b97b768b1",
            "routing_utilization.#": "0",
            "state": "active",
            "title": ""
          },
          "sensitive_attributes": []
        }
      ]
    },
    {
      "mode": "managed",
      "type": "genesyscloud_user",
      "name": "hvb_admin1_infinit_cx",
      "provider": "provider[\"registry.terraform.io/-/genesyscloud\"]",
      "instances": [
        {
          "schema_version": 1,
          "attributes_flat": {
            "acd_auto_answer": "false",
            "addresses.#": "1",
            "addresses.0.other_emails.#": "0",
            "addresses.0.phone_numbers.#": "1",
            "addresses.0.phone_numbers.1840062318.extension": "751",
            "addresses.0.phone_numbers.1840062318.media_type": "PHONE",
            "addresses.0.phone_numbers.1840062318.number": "751",
            "addresses.0.phone_numbers.1840062318.type": "WORK",
            "certifications.#": "0",
            "department": "CX Administration",
            "division_id": "178e1e60-722d-447a-8e8c-d87787dddc44",
            "email": "hvb_admin1@infinit.cx",
            "employer_info.#": "1",
            "employer_info.0.date_hire": "2023-12-18",
            "employer_info.0.employee_id": "",
            "employer_info.0.employee_type": "",
            "employer_info.0.official_name": "",
            "id": "6387850a-22c1-4270-b3f6-0199b00b6b66",
            "locations.#": "1",
            "locations.4178954694.location_id": "c67270b0-3279-4427-9e61-3cc61e866dc4",
            "locations.4178954694.notes": "",
            "manager": "23b95e5e-75f8-44a7-88c3-0d93dce2578b",
            "name": "HVB CC Admin 1",
            "profile_skills.#": "0",
            "routing_languages.#": "0",
            "routing_skills.#": "0",
            "routing_utilization.#": "0",
            "state": "active",
            "title": "CC Admin 1"
          },
          "sensitive_attributes": []
        }
      ]
    },
    {
      "mode": "managed",
      "type": "genesyscloud_user",
      "name": "hvb_admin2_infinit_cx",
      "provider": "provider[\"registry.terraform.io/-/genesyscloud\"]",
      "instances": [
        {
          "schema_version": 1,
          "attributes_flat": {
            "acd_auto_answer": "false",
            "addresses.#": "1",
            "addresses.0.other_emails.#": "0",
            "addresses.0.phone_numbers.#": "1",
            "addresses.0.phone_numbers.570967789.extension": "752",
            "addresses.0.phone_numbers.570967789.media_type": "PHONE",
            "addresses.0.phone_numbers.570967789.number": "752",
            "addresses.0.phone_numbers.570967789.type": "WORK",
            "certifications.#": "0",
            "department": "CX Administration",
            "division_id": "178e1e60-722d-447a-8e8c-d87787dddc44",
            "email": "hvb_admin2@infinit.cx",
            "employer_info.#": "1",
            "employer_info.0.date_hire": "2023-12-18",
            "employer_info.0.employee_id": "",
            "employer_info.0.employee_type": "",
            "employer_info.0.official_name": "",
            "id": "a2c8267a-6dc8-4a5e-8013-d276405111cc",
            "locations.#": "1",
            "locations.2641580826.location_id": "3a9c645b-8501-494a-9506-54d105574223",
            "locations.2641580826.notes": "",
            "manager": "23b95e5e-75f8-44a7-88c3-0d93dce2578b",
            "name": "HVB CC Admin 2",
            "profile_skills.#": "0",
            "routing_languages.#": "0",
            "routing_skills.#": "0",
            "routing_utilization.#": "0",
            "state": "active",
            "title": "CC Admin 2"
          },
          "sensitive_attributes": []
        }
      ]
    },
    {
      "mode": "managed",
      "type": "genesyscloud_user",
      "name": "hvb_admin_infinit_cx",
      "provider": "provider[\"registry.terraform.io/-/genesyscloud\"]",
      "instances": [
        {
          "schema_version": 1,
          "attributes_flat": {
            "acd_auto_answer": "false",
            "addresses.#": "1",
            "addresses.0.other_emails.#": "0",
            "addresses.0.phone_numbers.#": "1",
            "addresses.0.phone_numbers.1462884335.extension": "750",
            "addresses.0.phone_numbers.1462884335.media_type": "PHONE",
            "addresses.0.phone_numbers.1462884335.number": "750",
            "addresses.0.phone_numbers.1462884335.type": "WORK",
            "certifications.#": "0",
            "department": "CX Administration",
            "division_id": "178e1e60-722d-447a-8e8c-d87787dddc44",
            "email": "hvb_admin@infinit.cx",
            "employer_info.#": "1",
            "employer_info.0.date_hire": "2023-12-18",
            "employer_info.0.employee_id": "",
            "employer_info.0.employee_type": "",
            "employer_info.0.official_name": "",
            "id": "23b95e5e-75f8-44a7-88c3-0d93dce2578b",
            "locations.#": "1",
            "locations.4178954694.location_id": "c67270b0-3279-4427-9e61-3cc61e866dc4",
            "locations.4178954694.notes": "",
            "manager": "",
            "name": "HVB Technischer Admin",
            "profile_skills.#": "0",
            "routing_languages.#": "0",
            "routing_skills.#": "0",
            "routing_utilization.#": "0",
            "state": "active",
            "title": "Globaler Admin"
          },
          "sensitive_attributes": []
        }
      ]
    },
    {
      "mode": "managed",
      "type": "genesyscloud_user",
      "name": "hvb_agent10_infinit_cx",
      "provider": "provider[\"registry.terraform.io/-/genesyscloud\"]",
      "instances": [
        {
          "schema_version": 1,
          "attributes_flat": {
            "acd_auto_answer": "false",
            "addresses.#": "1",
            "addresses.0.other_emails.#": "0",
            "addresses.0.phone_numbers.#": "1",
            "addresses.0.phone_numbers.4078979753.extension": "765",
            "addresses.0.phone_numbers.4078979753.media_type": "PHONE",
            "addresses.0.phone_numbers.4078979753.number": "765",
            "addresses.0.phone_numbers.4078979753.type": "WORK",
            "certifications.#": "0",
            "department": "CC München",
            "division_id": "5e3bc0c2-63c5-4227-980f-415c30684571",
            "email": "hvb_agent10@infinit.cx",
            "employer_info.#": "1",
            "employer_info.0.date_hire": "2023-12-18",
            "employer_info.0.employee_id": "",
            "employer_info.0.employee_type": "",
            "employer_info.0.official_name": "",
            "id": "644f809a-150b-4c26-9719-201aac2e5a75",
            "locations.#": "1",
            "locations.2641580826.location_id": "3a9c645b-8501-494a-9506-54d105574223",
            "locations.2641580826.notes": "",
            "manager": "d097882e-3af5-48f3-8f5e-9c85d1df9ed8",
            "name": "HVB Agent 10",
            "profile_skills.#": "0",
            "routing_languages.#": "1",
            "routing_languages.2189809220.language_id": "23c88d88-ebbd-47e8-b928-d291eb8b68f4",
            "routing_languages.2189809220.proficiency": "5",
            "routing_skills.#": "2",
            "routing_skills.1044883441.proficiency": "5",
            "routing_skills.1044883441.skill_id": "4e963fd4-1dd1-4a69-9e0d-8bd953a9822a",
            "routing_skills.2171530366.proficiency": "4",
            "routing_skills.2171530366.skill_id": "a15e0807-42c0-47c5-832a-d758f17bfd59",
            "routing_utilization.#": "0",
            "state": "active",
            "title": "CC Agent"
          },
          "sensitive_attributes": []
        }
      ]
    },
    {
      "mode": "managed",
      "type": "genesyscloud_user",
      "name": "hvb_agent1_infinit_cx",
      "provider": "provider[\"registry.terraform.io/-/genesyscloud\"]",
      "instances": [
        {
          "schema_version": 1,
          "attributes_flat": {
            "acd_auto_answer": "false",
            "addresses.#": "1",
            "addresses.0.other_emails.#": "0",
            "addresses.0.phone_numbers.#": "1",
            "addresses.0.phone_numbers.3363529961.extension": "756",
            "addresses.0.phone_numbers.3363529961.media_type": "PHONE",
            "addresses.0.phone_numbers.3363529961.number": "756",
            "addresses.0.phone_numbers.3363529961.type": "WORK",
            "certifications.#": "0",
            "department": "CC Nürnberg",
            "division_id": "82091387-0f50-4727-9ef7-1e61acc6b6b0",
            "email": "hvb_agent1@infinit.cx",
            "employer_info.#": "1",
            "employer_info.0.date_hire": "2023-12-18",
            "employer_info.0.employee_id": "",
            "employer_info.0.employee_type": "",
            "employer_info.0.official_name": "",
            "id": "8d2a2574-e174-44c2-b987-dc3acb5e2071",
            "locations.#": "1",
            "locations.4178954694.location_id": "c67270b0-3279-4427-9e61-3cc61e866dc4",
            "locations.4178954694.notes": "",
            "manager": "7dcca44c-bc2e-4817-85d7-31194d0e18af",
            "name": "HVB Agent 1",
            "profile_skills.#": "0",
            "routing_languages.#": "1",
            "routing_languages.2189809220.language_id": "23c88d88-ebbd-47e8-b928-d291eb8b68f4",
            "routing_languages.2189809220.proficiency": "5",
            "routing_skills.#": "1",
            "routing_skills.2171530366.proficiency": "4",
            "routing_skills.2171530366.skill_id": "a15e0807-42c0-47c5-832a-d758f17bfd59",
            "routing_utilization.#": "0",
            "state": "active",
            "title": "CC Agent"
          },
          "sensitive_attributes": []
        }
      ]
    },
    {
      "mode": "managed",
      "type": "genesyscloud_user",
      "name": "hvb_agent2_infinit_cx",
      "provider": "provider[\"registry.terraform.io/-/genesyscloud\"]",
      "instances": [
        {
          "schema_version": 1,
          "attributes_flat": {
            "acd_auto_answer": "false",
            "addresses.#": "1",
            "addresses.0.other_emails.#": "0",
            "addresses.0.phone_numbers.#": "1",
            "addresses.0.phone_numbers.4075269224.extension": "757",
            "addresses.0.phone_numbers.4075269224.media_type": "PHONE",
            "addresses.0.phone_numbers.4075269224.number": "757",
            "addresses.0.phone_numbers.4075269224.type": "WORK",
            "certifications.#": "0",
            "department": "CC Nürnberg",
            "division_id": "82091387-0f50-4727-9ef7-1e61acc6b6b0",
            "email": "hvb_agent2@infinit.cx",
            "employer_info.#": "1",
            "employer_info.0.date_hire": "2023-12-18",
            "employer_info.0.employee_id": "",
            "employer_info.0.employee_type": "",
            "employer_info.0.official_name": "",
            "id": "4837133d-f92b-41b4-bc04-fbadb8ad1dc6",
            "locations.#": "1",
            "locations.4178954694.location_id": "c67270b0-3279-4427-9e61-3cc61e866dc4",
            "locations.4178954694.notes": "",
            "manager": "7dcca44c-bc2e-4817-85d7-31194d0e18af",
            "name": "HVB Agent 2",
            "profile_skills.#": "0",
            "routing_languages.#": "1",
            "routing_languages.2189809220.language_id": "23c88d88-ebbd-47e8-b928-d291eb8b68f4",
            "routing_languages.2189809220.proficiency": "5",
            "routing_skills.#": "1",
            "routing_skills.2171530366.proficiency": "4",
            "routing_skills.2171530366.skill_id": "a15e0807-42c0-47c5-832a-d758f17bfd59",
            "routing_utilization.#": "0",
            "state": "active",
            "title": "CC Agent"
          },
          "sensitive_attributes": []
        }
      ]
    },
    {
      "mode": "managed",
      "type": "genesyscloud_user",
      "name": "hvb_agent3_infinit_cx",
      "provider": "provider[\"registry.terraform.io/-/genesyscloud\"]",
      "instances": [
        {
          "schema_version": 1,
          "attributes_flat": {
            "acd_auto_answer": "false",
            "addresses.#": "1",
            "addresses.0.other_emails.#": "0",
            "addresses.0.phone_numbers.#": "1",
            "addresses.0.phone_numbers.1487312294.extension": "758",
            "addresses.0.phone_numbers.1487312294.media_type": "PHONE",
            "addresses.0.phone_numbers.1487312294.number": "758",
            "addresses.0.phone_numbers.1487312294.type": "WORK",
            "certifications.#": "0",
            "department": "CC Nürnberg",
            "division_id": "82091387-0f50-4727-9ef7-1e61acc6b6b0",
            "email": "hvb_agent3@infinit.cx",
            "employer_info.#": "1",
            "employer_info.0.date_hire": "2023-12-18",
            "employer_info.0.employee_id": "",
            "employer_info.0.employee_type": "",
            "employer_info.0.official_name": "",
            "id": "e46872d4-7d49-4a42-b515-2265d2cb08b9",
            "locations.#": "1",
            "locations.4178954694.location_id": "c67270b0-3279-4427-9e61-3cc61e866dc4",
            "locations.4178954694.notes": "",
            "manager": "7dcca44c-bc2e-4817-85d7-31194d0e18af",
            "name": "HVB Agent 3",
            "profile_skills.#": "0",
            "routing_languages.#": "1",
            "routing_languages.2189809220.language_id": "23c88d88-ebbd-47e8-b928-d291eb8b68f4",
            "routing_languages.2189809220.proficiency": "5",
            "routing_skills.#": "1",
            "routing_skills.2171530366.proficiency": "4",
            "routing_skills.2171530366.skill_id": "a15e0807-42c0-47c5-832a-d758f17bfd59",
            "routing_utilization.#": "0",
            "state": "active",
            "title": "CC Agent"
          },
          "sensitive_attributes": []
        }
      ]
    },
    {
      "mode": "managed",
      "type": "genesyscloud_user",
      "name": "hvb_agent4_infinit_cx",
      "provider": "provider[\"registry.terraform.io/-/genesyscloud\"]",
      "instances": [
        {
          "schema_version": 1,
          "attributes_flat": {
            "acd_auto_answer": "false",
            "addresses.#": "1",
            "addresses.0.other_emails.#": "0",
            "addresses.0.phone_numbers.#": "1",
            "addresses.0.phone_numbers.1647992103.extension": "759",
            "addresses.0.phone_numbers.1647992103.media_type": "PHONE",
            "addresses.0.phone_numbers.1647992103.number": "759",
            "addresses.0.phone_numbers.1647992103.type": "WORK",
            "certifications.#": "0",
            "department": "CC Nürnberg",
            "division_id": "82091387-0f50-4727-9ef7-1e61acc6b6b0",
            "email": "hvb_agent4@infinit.cx",
            "employer_info.#": "1",
            "employer_info.0.date_hire": "2023-12-18",
            "employer_info.0.employee_id": "",
            "employer_info.0.employee_type": "",
            "employer_info.0.official_name": "",
            "id": "6f583a4b-4d00-4141-b5bc-532dc398f1cd",
            "locations.#": "1",
            "locations.4178954694.location_id": "c67270b0-3279-4427-9e61-3cc61e866dc4",
            "locations.4178954694.notes": "",
            "manager": "7dcca44c-bc2e-4817-85d7-31194d0e18af",
            "name": "HVB Agent 4",
            "profile_skills.#": "0",
            "routing_languages.#": "1",
            "routing_languages.2189809220.language_id": "23c88d88-ebbd-47e8-b928-d291eb8b68f4",
            "routing_languages.2189809220.proficiency": "5",
            "routing_skills.#": "1",
            "routing_skills.4180916805.proficiency": "5",
            "routing_skills.4180916805.skill_id": "3ab8e4ec-a5e1-4403-bff7-d4ec4e764993",
            "routing_utilization.#": "0",
            "state": "active",
            "title": "CC Agent"
          },
          "sensitive_attributes": []
        }
      ]
    },
    {
      "mode": "managed",
      "type": "genesyscloud_user",
      "name": "hvb_agent5_infinit_cx",
      "provider": "provider[\"registry.terraform.io/-/genesyscloud\"]",
      "instances": [
        {
          "schema_version": 1,
          "attributes_flat": {
            "acd_auto_answer": "false",
            "addresses.#": "1",
            "addresses.0.other_emails.#": "0",
            "addresses.0.phone_numbers.#": "1",
            "addresses.0.phone_numbers.600809516.extension": "760",
            "addresses.0.phone_numbers.600809516.media_type": "PHONE",
            "addresses.0.phone_numbers.600809516.number": "760",
            "addresses.0.phone_numbers.600809516.type": "WORK",
            "certifications.#": "0",
            "department": "CC Nürnberg",
            "division_id": "82091387-0f50-4727-9ef7-1e61acc6b6b0",
            "email": "hvb_agent5@infinit.cx",
            "employer_info.#": "1",
            "employer_info.0.date_hire": "2023-12-18",
            "employer_info.0.employee_id": "",
            "employer_info.0.employee_type": "",
            "employer_info.0.official_name": "",
            "id": "e6546296-d331-4ba8-9d4e-c2e1d2625550",
            "locations.#": "1",
            "locations.4178954694.location_id": "c67270b0-3279-4427-9e61-3cc61e866dc4",
            "locations.4178954694.notes": "",
            "manager": "7dcca44c-bc2e-4817-85d7-31194d0e18af",
            "name": "HVB Agent 5",
            "profile_skills.#": "0",
            "routing_languages.#": "1",
            "routing_languages.2189809220.language_id": "23c88d88-ebbd-47e8-b928-d291eb8b68f4",
            "routing_languages.2189809220.proficiency": "5",
            "routing_skills.#": "2",
            "routing_skills.3168731298.proficiency": "5",
            "routing_skills.3168731298.skill_id": "a15e0807-42c0-47c5-832a-d758f17bfd59",
            "routing_skills.66472749.proficiency": "4",
            "routing_skills.66472749.skill_id": "4e963fd4-1dd1-4a69-9e0d-8bd953a9822a",
            "routing_utilization.#": "0",
            "state": "active",
            "title": "CC Agent"
          },
          "sensitive_attributes": []
        }
      ]
    },
    {
      "mode": "managed",
      "type": "genesyscloud_user",
      "name": "hvb_agent6_infinit_cx",
      "provider": "provider[\"registry.terraform.io/-/genesyscloud\"]",
      "instances": [
        {
          "schema_version": 1,
          "attributes_flat": {
            "acd_auto_answer": "false",
            "addresses.#": "1",
            "addresses.0.other_emails.#": "0",
            "addresses.0.phone_numbers.#": "1",
            "addresses.0.phone_numbers.424896685.extension": "761",
            "addresses.0.phone_numbers.424896685.media_type": "PHONE",
            "addresses.0.phone_numbers.424896685.number": "761",
            "addresses.0.phone_numbers.424896685.type": "WORK",
            "certifications.#": "0",
            "department": "CC München",
            "division_id": "5e3bc0c2-63c5-4227-980f-415c30684571",
            "email": "hvb_agent6@infinit.cx",
            "employer_info.#": "1",
            "employer_info.0.date_hire": "2023-12-18",
            "employer_info.0.employee_id": "",
            "employer_info.0.employee_type": "",
            "employer_info.0.official_name": "",
            "id": "b1a7e482-ca0b-44f1-8495-0ea3ec42a07c",
            "locations.#": "1",
            "locations.2641580826.location_id": "3a9c645b-8501-494a-9506-54d105574223",
            "locations.2641580826.notes": "",
            "manager": "d097882e-3af5-48f3-8f5e-9c85d1df9ed8",
            "name": "HVB Agent 6",
            "profile_skills.#": "0",
            "routing_languages.#": "1",
            "routing_languages.2189809220.language_id": "23c88d88-ebbd-47e8-b928-d291eb8b68f4",
            "routing_languages.2189809220.proficiency": "5",
            "routing_skills.#": "1",
            "routing_skills.2171530366.proficiency": "4",
            "routing_skills.2171530366.skill_id": "a15e0807-42c0-47c5-832a-d758f17bfd59",
            "routing_utilization.#": "0",
            "state": "active",
            "title": "CC Agent"
          },
          "sensitive_attributes": []
        }
      ]
    },
    {
      "mode": "managed",
      "type": "genesyscloud_user",
      "name": "hvb_agent7_infinit_cx",
      "provider": "provider[\"registry.terraform.io/-/genesyscloud\"]",
      "instances": [
        {
          "schema_version": 1,
          "attributes_flat": {
            "acd_auto_answer": "false",
            "addresses.#": "1",
            "addresses.0.other_emails.#": "0",
            "addresses.0.phone_numbers.#": "1",
            "addresses.0.phone_numbers.1458975022.extension": "762",
            "addresses.0.phone_numbers.1458975022.media_type": "PHONE",
            "addresses.0.phone_numbers.1458975022.number": "762",
            "addresses.0.phone_numbers.1458975022.type": "WORK",
            "certifications.#": "0",
            "department": "CC München",
            "division_id": "5e3bc0c2-63c5-4227-980f-415c30684571",
            "email": "hvb_agent7@infinit.cx",
            "employer_info.#": "1",
            "employer_info.0.date_hire": "2023-12-18",
            "employer_info.0.employee_id": "",
            "employer_info.0.employee_type": "",
            "employer_info.0.official_name": "",
            "id": "70ce8be3-b1b3-4938-ba46-cc1a8cb859b8",
            "locations.#": "1",
            "locations.2641580826.location_id": "3a9c645b-8501-494a-9506-54d105574223",
            "locations.2641580826.notes": "",
            "manager": "d097882e-3af5-48f3-8f5e-9c85d1df9ed8",
            "name": "HVB Agent 7",
            "profile_skills.#": "0",
            "routing_languages.#": "1",
            "routing_languages.2189809220.language_id": "23c88d88-ebbd-47e8-b928-d291eb8b68f4",
            "routing_languages.2189809220.proficiency": "5",
            "routing_skills.#": "1",
            "routing_skills.2171530366.proficiency": "4",
            "routing_skills.2171530366.skill_id": "a15e0807-42c0-47c5-832a-d758f17bfd59",
            "routing_utilization.#": "0",
            "state": "active",
            "title": "CC Agent"
          },
          "sensitive_attributes": []
        }
      ]
    },
    {
      "mode": "managed",
      "type": "genesyscloud_user",
      "name": "hvb_agent8_infinit_cx",
      "provider": "provider[\"registry.terraform.io/-/genesyscloud\"]",
      "instances": [
        {
          "schema_version": 1,
          "attributes_flat": {
            "acd_auto_answer": "false",
            "addresses.#": "1",
            "addresses.0.other_emails.#": "0",
            "addresses.0.phone_numbers.#": "1",
            "addresses.0.phone_numbers.1818950063.extension": "763",
            "addresses.0.phone_numbers.1818950063.media_type": "PHONE",
            "addresses.0.phone_numbers.1818950063.number": "763",
            "addresses.0.phone_numbers.1818950063.type": "WORK",
            "certifications.#": "0",
            "department": "CC München",
            "division_id": "5e3bc0c2-63c5-4227-980f-415c30684571",
            "email": "hvb_agent8@infinit.cx",
            "employer_info.#": "1",
            "employer_info.0.date_hire": "2023-12-18",
            "employer_info.0.employee_id": "",
            "employer_info.0.employee_type": "",
            "employer_info.0.official_name": "",
            "id": "5a1413db-e634-4c43-a38f-595e4e40640e",
            "locations.#": "1",
            "locations.2641580826.location_id": "3a9c645b-8501-494a-9506-54d105574223",
            "locations.2641580826.notes": "",
            "manager": "d097882e-3af5-48f3-8f5e-9c85d1df9ed8",
            "name": "HVB Agent 8",
            "profile_skills.#": "0",
            "routing_languages.#": "1",
            "routing_languages.2189809220.language_id": "23c88d88-ebbd-47e8-b928-d291eb8b68f4",
            "routing_languages.2189809220.proficiency": "5",
            "routing_skills.#": "1",
            "routing_skills.2171530366.proficiency": "4",
            "routing_skills.2171530366.skill_id": "a15e0807-42c0-47c5-832a-d758f17bfd59",
            "routing_utilization.#": "0",
            "state": "active",
            "title": "CC Agent"
          },
          "sensitive_attributes": []
        }
      ]
    },
    {
      "mode": "managed",
      "type": "genesyscloud_user",
      "name": "hvb_agent9_infinit_cx",
      "provider": "provider[\"registry.terraform.io/-/genesyscloud\"]",
      "instances": [
        {
          "schema_version": 1,
          "attributes_flat": {
            "acd_auto_answer": "false",
            "addresses.#": "1",
            "addresses.0.other_emails.#": "0",
            "addresses.0.phone_numbers.#": "1",
            "addresses.0.phone_numbers.3384574504.extension": "764",
            "addresses.0.phone_numbers.3384574504.media_type": "PHONE",
            "addresses.0.phone_numbers.3384574504.number": "764",
            "addresses.0.phone_numbers.3384574504.type": "WORK",
            "certifications.#": "0",
            "department": "CC München",
            "division_id": "5e3bc0c2-63c5-4227-980f-415c30684571",
            "email": "hvb_agent9@infinit.cx",
            "employer_info.#": "1",
            "employer_info.0.date_hire": "2023-12-18",
            "employer_info.0.employee_id": "",
            "employer_info.0.employee_type": "",
            "employer_info.0.official_name": "",
            "id": "26f5cfde-8dec-4085-8ae1-f5b955d13402",
            "locations.#": "1",
            "locations.2641580826.location_id": "3a9c645b-8501-494a-9506-54d105574223",
            "locations.2641580826.notes": "",
            "manager": "d097882e-3af5-48f3-8f5e-9c85d1df9ed8",
            "name": "HVB Agent 9",
            "profile_skills.#": "0",
            "routing_languages.#": "1",
            "routing_languages.2189809220.language_id": "23c88d88-ebbd-47e8-b928-d291eb8b68f4",
            "routing_languages.2189809220.proficiency": "5",
            "routing_skills.#": "1",
            "routing_skills.2171530366.proficiency": "4",
            "routing_skills.2171530366.skill_id": "a15e0807-42c0-47c5-832a-d758f17bfd59",
            "routing_utilization.#": "0",
            "state": "active",
            "title": "CC Agent"
          },
          "sensitive_attributes": []
        }
      ]
    },
    {
      "mode": "managed",
      "type": "genesyscloud_user",
      "name": "hvb_supervisor_1_infinit_cx",
      "provider": "provider[\"registry.terraform.io/-/genesyscloud\"]",
      "instances": [
        {
          "schema_version": 1,
          "attributes_flat": {
            "acd_auto_answer": "false",
            "addresses.#": "1",
            "addresses.0.other_emails.#": "0",
            "addresses.0.phone_numbers.#": "1",
            "addresses.0.phone_numbers.3175282155.extension": "754",
            "addresses.0.phone_numbers.3175282155.media_type": "PHONE",
            "addresses.0.phone_numbers.3175282155.number": "754",
            "addresses.0.phone_numbers.3175282155.type": "WORK",
            "certifications.#": "0",
            "department": "CX Management",
            "division_id": "82091387-0f50-4727-9ef7-1e61acc6b6b0",
            "email": "hvb_supervisor_1@infinit.cx",
            "employer_info.#": "1",
            "employer_info.0.date_hire": "2023-12-18",
            "employer_info.0.employee_id": "",
            "employer_info.0.employee_type": "",
            "employer_info.0.official_name": "",
            "id": "7dcca44c-bc2e-4817-85d7-31194d0e18af",
            "locations.#": "1",
            "locations.4178954694.location_id": "c67270b0-3279-4427-9e61-3cc61e866dc4",
            "locations.4178954694.notes": "",
            "manager": "f398737b-3de1-4354-9510-f9ec19dc39d9",
            "name": "HVB Supervisor 1",
            "profile_skills.#": "0",
            "routing_languages.#": "1",
            "routing_languages.2189809220.language_id": "23c88d88-ebbd-47e8-b928-d291eb8b68f4",
            "routing_languages.2189809220.proficiency": "5",
            "routing_skills.#": "2",
            "routing_skills.1044883441.proficiency": "5",
            "routing_skills.1044883441.skill_id": "4e963fd4-1dd1-4a69-9e0d-8bd953a9822a",
            "routing_skills.2171530366.proficiency": "4",
            "routing_skills.2171530366.skill_id": "a15e0807-42c0-47c5-832a-d758f17bfd59",
            "routing_utilization.#": "0",
            "state": "active",
            "title": "CC Supervisor 1"
          },
          "sensitive_attributes": []
        }
      ]
    },
    {
      "mode": "managed",
      "type": "genesyscloud_user",
      "name": "hvb_supervisor_2_infinit_cx",
      "provider": "provider[\"registry.terraform.io/-/genesyscloud\"]",
      "instances": [
        {
          "schema_version": 1,
          "attributes_flat": {
            "acd_auto_answer": "false",
            "addresses.#": "1",
            "addresses.0.other_emails.#": "0",
            "addresses.0.phone_numbers.#": "1",
            "addresses.0.phone_numbers.2279488874.extension": "755",
            "addresses.0.phone_numbers.2279488874.media_type": "PHONE",
            "addresses.0.phone_numbers.2279488874.number": "755",
            "addresses.0.phone_numbers.2279488874.type": "WORK",
            "certifications.#": "0",
            "department": "CX Management",
            "division_id": "5e3bc0c2-63c5-4227-980f-415c30684571",
            "email": "hvb_supervisor_2@infinit.cx",
            "employer_info.#": "1",
            "employer_info.0.date_hire": "2023-12-18",
            "employer_info.0.employee_id": "",
            "employer_info.0.employee_type": "",
            "employer_info.0.official_name": "",
            "id": "d097882e-3af5-48f3-8f5e-9c85d1df9ed8",
            "locations.#": "1",
            "locations.2641580826.location_id": "3a9c645b-8501-494a-9506-54d105574223",
            "locations.2641580826.notes": "",
            "manager": "f398737b-3de1-4354-9510-f9ec19dc39d9",
            "name": "HVB Supervisor 2",
            "profile_skills.#": "0",
            "routing_languages.#": "1",
            "routing_languages.2189809220.language_id": "23c88d88-ebbd-47e8-b928-d291eb8b68f4",
            "routing_languages.2189809220.proficiency": "5",
            "routing_skills.#": "2",
            "routing_skills.1044883441.proficiency": "5",
            "routing_skills.1044883441.skill_id": "4e963fd4-1dd1-4a69-9e0d-8bd953a9822a",
            "routing_skills.2171530366.proficiency": "4",
            "routing_skills.2171530366.skill_id": "a15e0807-42c0-47c5-832a-d758f17bfd59",
            "routing_utilization.#": "0",
            "state": "active",
            "title": "CC Supervisor 2"
          },
          "sensitive_attributes": []
        }
      ]
    },
    {
      "mode": "managed",
      "type": "genesyscloud_user",
      "name": "hvb_supervisor_infinit_cx",
      "provider": "provider[\"registry.terraform.io/-/genesyscloud\"]",
      "instances": [
        {
          "schema_version": 1,
          "attributes_flat": {
            "acd_auto_answer": "false",
            "addresses.#": "1",
            "addresses.0.other_emails.#": "0",
            "addresses.0.phone_numbers.#": "1",
            "addresses.0.phone_numbers.412388972.extension": "753",
            "addresses.0.phone_numbers.412388972.media_type": "PHONE",
            "addresses.0.phone_numbers.412388972.number": "753",
            "addresses.0.phone_numbers.412388972.type": "WORK",
            "certifications.#": "0",
            "department": "CX Management",
            "division_id": "178e1e60-722d-447a-8e8c-d87787dddc44",
            "email": "hvb_supervisor@infinit.cx",
            "employer_info.#": "1",
            "employer_info.0.date_hire": "2023-12-18",
            "employer_info.0.employee_id": "",
            "employer_info.0.employee_type": "",
            "employer_info.0.official_name": "",
            "id": "f398737b-3de1-4354-9510-f9ec19dc39d9",
            "locations.#": "1",
            "locations.4178954694.location_id": "c67270b0-3279-4427-9e61-3cc61e866dc4",
            "locations.4178954694.notes": "",
            "manager": "",
            "name": "HVB Supervisor",
            "profile_skills.#": "0",
            "routing_languages.#": "1",
            "routing_languages.2189809220.language_id": "23c88d88-ebbd-47e8-b928-d291eb8b68f4",
            "routing_languages.2189809220.proficiency": "5",
            "routing_skills.#": "2",
            "routing_skills.1044883441.proficiency": "5",
            "routing_skills.1044883441.skill_id": "4e963fd4-1dd1-4a69-9e0d-8bd953a9822a",
            "routing_skills.2171530366.proficiency": "4",
            "routing_skills.2171530366.skill_id": "a15e0807-42c0-47c5-832a-d758f17bfd59",
            "routing_utilization.#": "0",
            "state": "active",
            "title": "Master Supervisor"
          },
          "sensitive_attributes": []
        }
      ]
    },
    {
      "mode": "managed",
      "type": "genesyscloud_user",
      "name": "ilias_zales_1und1_de",
      "provider": "provider[\"registry.terraform.io/-/genesyscloud\"]",
      "instances": [
        {
          "schema_version": 1,
          "attributes_flat": {
            "acd_auto_answer": "false",
            "addresses.#": "1",
            "addresses.0.other_emails.#": "1",
            "addresses.0.other_emails.3312906795.address": "ilias.zales@1und1.de",
            "addresses.0.other_emails.3312906795.type": "WORK",
            "addresses.0.phone_numbers.#": "0",
            "certifications.#": "0",
            "department": "",
            "division_id": "223a1aba-4f9c-40a8-b6f1-9c1a56f04419",
            "email": "ilias.zales@1und1.de",
            "employer_info.#": "0",
            "id": "af8001f9-8f56-4eda-82c2-7e34db72d3d1",
            "locations.#": "0",
            "manager": "",
            "name": "Ilias Zales",
            "profile_skills.#": "0",
            "routing_languages.#": "0",
            "routing_skills.#": "2",
            "routing_skills.1733421848.proficiency": "0",
            "routing_skills.1733421848.skill_id": "1a58347c-aae8-4fce-bb1e-8e2c277af840",
            "routing_skills.720214155.proficiency": "0",
            "routing_skills.720214155.skill_id": "2c63f567-3f47-4ae4-adc8-9f0774d418c8",
            "routing_utilization.#": "0",
            "state": "active",
            "title": ""
          },
          "sensitive_attributes": []
        }
      ]
    },
    {
      "mode": "managed",
      "type": "genesyscloud_user",
      "name": "ingo_juergens_popken-services_de",
      "provider": "provider[\"registry.terraform.io/-/genesyscloud\"]",
      "instances": [
        {
          "schema_version": 1,
          "attributes_flat": {
            "acd_auto_answer": "false",
            "addresses.#": "0",
            "certifications.#": "0",
            "department": "",
            "division_id": "223a1aba-4f9c-40a8-b6f1-9c1a56f04419",
            "email": "ingo.juergens@popken-services.de",
            "employer_info.#": "0",
            "id": "2ce680e7-5b96-4096-b6e7-9b396ce0b815",
            "locations.#": "0",
            "manager": "",
            "name": "Ingo Jürgens",
            "profile_skills.#": "0",
            "routing_languages.#": "0",
            "routing_skills.#": "0",
            "routing_utilization.#": "0",
            "state": "active",
            "title": ""
          },
          "sensitive_attributes": []
        }
      ]
    },
    {
      "mode": "managed",
      "type": "genesyscloud_user",
      "name": "insa_grasemann_1und1_de",
      "provider": "provider[\"registry.terraform.io/-/genesyscloud\"]",
      "instances": [
        {
          "schema_version": 1,
          "attributes_flat": {
            "acd_auto_answer": "false",
            "addresses.#": "1",
            "addresses.0.other_emails.#": "1",
            "addresses.0.other_emails.596469583.address": "insa.grasemann@1und1.de",
            "addresses.0.other_emails.596469583.type": "WORK",
            "addresses.0.phone_numbers.#": "0",
            "certifications.#": "0",
            "department": "",
            "division_id": "223a1aba-4f9c-40a8-b6f1-9c1a56f04419",
            "email": "insa.grasemann@1und1.de",
            "employer_info.#": "0",
            "id": "d06b4281-85a3-4931-9952-cff5242cf722",
            "locations.#": "0",
            "manager": "",
            "name": "Insa Grasemann",
            "profile_skills.#": "0",
            "routing_languages.#": "0",
            "routing_skills.#": "2",
            "routing_skills.1733421848.proficiency": "0",
            "routing_skills.1733421848.skill_id": "1a58347c-aae8-4fce-bb1e-8e2c277af840",
            "routing_skills.720214155.proficiency": "0",
            "routing_skills.720214155.skill_id": "2c63f567-3f47-4ae4-adc8-9f0774d418c8",
            "routing_utilization.#": "0",
            "state": "active",
            "title": ""
          },
          "sensitive_attributes": []
        }
      ]
    },
    {
      "mode": "managed",
      "type": "genesyscloud_user",
      "name": "integration-jira-1bbebc00-6e83-11ee-8a83-f528b6452576_webhook_com",
      "provider": "provider[\"registry.terraform.io/-/genesyscloud\"]",
      "instances": [
        {
          "schema_version": 1,
          "attributes_flat": {
            "acd_auto_answer": "false",
            "addresses.#": "0",
            "certifications.#": "0",
            "department": "",
            "division_id": "223a1aba-4f9c-40a8-b6f1-9c1a56f04419",
            "email": "integration-jira-1bbebc00-6e83-11ee-8a83-f528b6452576@webhook.com",
            "employer_info.#": "0",
            "id": "c751cb58-b7da-4fe6-9844-6d2fc524f3ae",
            "locations.#": "0",
            "manager": "",
            "name": "JIRA",
            "profile_skills.#": "0",
            "routing_languages.#": "0",
            "routing_skills.#": "0",
            "routing_utilization.#": "0",
            "state": "active",
            "title": ""
          },
          "sensitive_attributes": []
        }
      ]
    },
    {
      "mode": "managed",
      "type": "genesyscloud_user",
      "name": "isabel_dey_1und1_de",
      "provider": "provider[\"registry.terraform.io/-/genesyscloud\"]",
      "instances": [
        {
          "schema_version": 1,
          "attributes_flat": {
            "acd_auto_answer": "false",
            "addresses.#": "1",
            "addresses.0.other_emails.#": "1",
            "addresses.0.other_emails.2755215965.address": "isabel.dey@1und1.de",
            "addresses.0.other_emails.2755215965.type": "WORK",
            "addresses.0.phone_numbers.#": "0",
            "certifications.#": "0",
            "department": "",
            "division_id": "223a1aba-4f9c-40a8-b6f1-9c1a56f04419",
            "email": "isabel.dey@1und1.de",
            "employer_info.#": "0",
            "id": "9e2d9d4b-1111-4f67-8476-e07aed81c925",
            "locations.#": "0",
            "manager": "",
            "name": "Isabel Dey",
            "profile_skills.#": "0",
            "routing_languages.#": "0",
            "routing_skills.#": "2",
            "routing_skills.1733421848.proficiency": "0",
            "routing_skills.1733421848.skill_id": "1a58347c-aae8-4fce-bb1e-8e2c277af840",
            "routing_skills.720214155.proficiency": "0",
            "routing_skills.720214155.skill_id": "2c63f567-3f47-4ae4-adc8-9f0774d418c8",
            "routing_utilization.#": "0",
            "state": "active",
            "title": ""
          },
          "sensitive_attributes": []
        }
      ]
    },
    {
      "mode": "managed",
      "type": "genesyscloud_user",
      "name": "jan_peters_infinit_cx",
      "provider": "provider[\"registry.terraform.io/-/genesyscloud\"]",
      "instances": [
        {
          "schema_version": 1,
          "attributes_flat": {
            "acd_auto_answer": "false",
            "addresses.#": "1",
            "addresses.0.other_emails.#": "1",
            "addresses.0.other_emails.883201976.address": "jan.peters@infinit.cx",
            "addresses.0.other_emails.883201976.type": "WORK",
            "addresses.0.phone_numbers.#": "0",
            "certifications.#": "0",
            "department": "Team Cloud",
            "division_id": "5ee4bfaf-0779-458d-9080-bd43db7e85ab",
            "email": "jan.peters@infinit.cx",
            "employer_info.#": "1",
            "employer_info.0.date_hire": "",
            "employer_info.0.employee_id": "55118",
            "employer_info.0.employee_type": "",
            "employer_info.0.official_name": "",
            "id": "e85848fa-59ee-49f1-bc3f-e377fa7cec51",
            "locations.#": "0",
            "manager": "f594c02c-24f4-4688-854c-32073bc99b1a",
            "name": "Jan Peters",
            "profile_skills.#": "0",
            "routing_languages.#": "9",
            "routing_languages.1150661885.language_id": "1f13f828-20e9-4d01-a54a-eb4be8d80587",
            "routing_languages.1150661885.proficiency": "5",
            "routing_languages.2189809220.language_id": "23c88d88-ebbd-47e8-b928-d291eb8b68f4",
            "routing_languages.2189809220.proficiency": "5",
            "routing_languages.2606889062.language_id": "25f0e35a-1a5d-44de-9255-b701f721c2ba",
            "routing_languages.2606889062.proficiency": "0",
            "routing_languages.3001280571.language_id": "15c6a824-df71-4a6a-88db-4d5c1c54421e",
            "routing_languages.3001280571.proficiency": "5",
            "routing_languages.3260714637.language_id": "6920b33a-1637-463e-ac3b-7f452ad80e13",
            "routing_languages.3260714637.proficiency": "5",
            "routing_languages.3947435746.language_id": "9b2bf3ab-5d9f-4738-ba3e-0bef4cb62aa3",
            "routing_languages.3947435746.proficiency": "0",
            "routing_languages.4004014636.language_id": "176c82f7-98f2-4e5d-9bbe-6ff4a069e39b",
            "routing_languages.4004014636.proficiency": "0",
            "routing_languages.4074523419.language_id": "426ec119-650c-4e55-a734-8b7f520d87d0",
            "routing_languages.4074523419.proficiency": "0",
            "routing_languages.51472461.language_id": "08f95ecb-df7d-4e53-9ebb-1119e3a11868",
            "routing_languages.51472461.proficiency": "0",
            "routing_skills.#": "72",
            "routing_skills.1019476877.proficiency": "0",
            "routing_skills.1019476877.skill_id": "174b6589-c834-4e23-8a43-dd56df375bd0",
            "routing_skills.1189182528.proficiency": "0",
            "routing_skills.1189182528.skill_id": "960c1e56-8b11-4eba-95d1-f752ecf18ad7",
            "routing_skills.1200354375.proficiency": "0",
            "routing_skills.1200354375.skill_id": "e89be700-8c42-4c77-8e00-aeb65e88c702",
            "routing_skills.1357304556.proficiency": "0",
            "routing_skills.1357304556.skill_id": "5fe34a20-1ce0-4805-be9e-fcf1eb5b89d0",
            "routing_skills.1414369215.proficiency": "0",
            "routing_skills.1414369215.skill_id": "e0bcf9a0-e99e-4ba3-bcb4-06116db5a863",
            "routing_skills.1733421848.proficiency": "0",
            "routing_skills.1733421848.skill_id": "1a58347c-aae8-4fce-bb1e-8e2c277af840",
            "routing_skills.1753358821.proficiency": "0",
            "routing_skills.1753358821.skill_id": "ed187f61-ce74-43e3-97ec-a352645386d4",
            "routing_skills.1771037375.proficiency": "0",
            "routing_skills.1771037375.skill_id": "e2cbfceb-53dd-4540-a7ba-7725ceff3996",
            "routing_skills.1800441130.proficiency": "0",
            "routing_skills.1800441130.skill_id": "d41a1033-d755-4d04-9320-da9add74df26",
            "routing_skills.1842616081.proficiency": "0",
            "routing_skills.1842616081.skill_id": "ff400529-3a5b-4a82-94a7-2653e591a039",
            "routing_skills.1892513839.proficiency": "0",
            "routing_skills.1892513839.skill_id": "e8abe21b-f703-4a25-9272-d49d2a8c6481",
            "routing_skills.1966047614.proficiency": "0",
            "routing_skills.1966047614.skill_id": "f621d7c2-c5af-49cc-b71f-4705921f3b67",
            "routing_skills.2001422287.proficiency": "5",
            "routing_skills.2001422287.skill_id": "c1c166e9-c351-44f4-b8f2-01ecd7881300",
            "routing_skills.2012712622.proficiency": "0",
            "routing_skills.2012712622.skill_id": "1833e9fc-4d3a-4761-802d-1116404c4ec2",
            "routing_skills.2059884532.proficiency": "0",
            "routing_skills.2059884532.skill_id": "0938e766-1909-49fd-b378-fa0a5ac1496a",
            "routing_skills.2113865622.proficiency": "5",
            "routing_skills.2113865622.skill_id": "edef7cc8-71bd-4daa-ae70-7deceda3972d",
            "routing_skills.2213582191.proficiency": "0",
            "routing_skills.2213582191.skill_id": "0eb0f8b5-d90d-402f-a49e-026f67938448",
            "routing_skills.2220076453.proficiency": "0",
            "routing_skills.2220076453.skill_id": "80370def-d6d3-4f57-92cf-fa400c5509c1",
            "routing_skills.2278492968.proficiency": "0",
            "routing_skills.2278492968.skill_id": "7f98454e-1357-4114-af88-7288ff54c7df",
            "routing_skills.2314243829.proficiency": "0",
            "routing_skills.2314243829.skill_id": "f9be8a68-f5e2-4759-851d-7a6f743d43f5",
            "routing_skills.2325424040.proficiency": "0",
            "routing_skills.2325424040.skill_id": "c585a041-046b-4a32-9f14-5a7b2d6ab680",
            "routing_skills.233206253.proficiency": "0",
            "routing_skills.233206253.skill_id": "43e554e2-decb-4ae3-998c-172a2e57eaa4",
            "routing_skills.2354595759.proficiency": "0",
            "routing_skills.2354595759.skill_id": "67205fa2-154e-4d5a-b02b-c5cefc9dab02",
            "routing_skills.2361147275.proficiency": "0",
            "routing_skills.2361147275.skill_id": "3042d8f1-368d-4ea9-b002-17e49d634c72",
            "routing_skills.2426051623.proficiency": "0",
            "routing_skills.2426051623.skill_id": "09b848f8-4f4d-48d1-aa72-464438c71820",
            "routing_skills.2446112903.proficiency": "0",
            "routing_skills.2446112903.skill_id": "3e3a7be5-21cc-458d-8730-7f7fc4cfbbb1",
            "routing_skills.2454628064.proficiency": "0",
            "routing_skills.2454628064.skill_id": "27bcd76e-d7d8-4c3a-85e6-5cb5f0ecad30",
            "routing_skills.251672839.proficiency": "0",
            "routing_skills.251672839.skill_id": "2090c573-88f6-4235-a869-99f4e1ce00ce",
            "routing_skills.2559771716.proficiency": "0",
            "routing_skills.2559771716.skill_id": "f4ac3133-8d3a-4509-b3c0-d8f506c57153",
            "routing_skills.260357044.proficiency": "0",
            "routing_skills.260357044.skill_id": "b8ad5246-752b-4238-9c65-f80bdd7ba691",
            "routing_skills.2730488170.proficiency": "0",
            "routing_skills.2730488170.skill_id": "d8f78529-f30f-4fe3-82da-f5c073503511",
            "routing_skills.2766783771.proficiency": "0",
            "routing_skills.2766783771.skill_id": "c4da3e8e-5b17-446d-bd90-673acd0951e1",
            "routing_skills.2771836141.proficiency": "0",
            "routing_skills.2771836141.skill_id": "41eedcd1-e3cf-4642-b24d-16b02296c74d",
            "routing_skills.2795156119.proficiency": "0",
            "routing_skills.2795156119.skill_id": "4ef58cb1-6249-4abb-b8e1-f3cb38e0d8af",
            "routing_skills.2859978157.proficiency": "0",
            "routing_skills.2859978157.skill_id": "16ffb209-8e64-445a-bc09-378abffe8553",
            "routing_skills.2885834853.proficiency": "0",
            "routing_skills.2885834853.skill_id": "417a4316-1a7a-452c-b868-ba289838e025",
            "routing_skills.2959736027.proficiency": "0",
            "routing_skills.2959736027.skill_id": "810298e1-f94b-43a4-8db9-49505efc5461",
            "routing_skills.2995453477.proficiency": "0",
            "routing_skills.2995453477.skill_id": "09524709-4e1f-4b36-aaed-51fe1aa131de",
            "routing_skills.3051366628.proficiency": "0",
            "routing_skills.3051366628.skill_id": "1a54eb12-10f3-4749-aba6-a43d4db05b6b",
            "routing_skills.3065149506.proficiency": "0",
            "routing_skills.3065149506.skill_id": "2e770b86-a91e-4a62-abc7-32bc5e93b4f1",
            "routing_skills.3133218885.proficiency": "5",
            "routing_skills.3133218885.skill_id": "6bbd0a15-84d4-468a-807e-fb5afb35e3d5",
            "routing_skills.3224148036.proficiency": "0",
            "routing_skills.3224148036.skill_id": "393f5d8a-4080-425c-98cb-407542ce5d50",
            "routing_skills.3257980729.proficiency": "0",
            "routing_skills.3257980729.skill_id": "c7da4203-69a1-4a65-9bc1-36b78e74148f",
            "routing_skills.330180911.proficiency": "0",
            "routing_skills.330180911.skill_id": "92b0bc05-dfdd-4202-a22e-9daf48640972",
            "routing_skills.3353183032.proficiency": "0",
            "routing_skills.3353183032.skill_id": "73df37de-4c9b-4aa8-82e1-31c04f658838",
            "routing_skills.3412739051.proficiency": "0",
            "routing_skills.3412739051.skill_id": "daa38fe3-a703-4216-a7fe-1e8504e726af",
            "routing_skills.3415860650.proficiency": "0",
            "routing_skills.3415860650.skill_id": "5d820dd6-ed53-42bd-bc83-97a96b5a785f",
            "routing_skills.3468440335.proficiency": "0",
            "routing_skills.3468440335.skill_id": "a5224b21-3126-4d1f-aeb8-00e8bb9b4677",
            "routing_skills.3481541067.proficiency": "0",
            "routing_skills.3481541067.skill_id": "817dbed8-2c3f-474f-897e-246206a21cb3",
            "routing_skills.349903961.proficiency": "0",
            "routing_skills.349903961.skill_id": "0f0e58e1-f90a-41d0-b17e-9b763b7f59e8",
            "routing_skills.3514736476.proficiency": "0",
            "routing_skills.3514736476.skill_id": "afa0726a-346e-4c7f-99af-2b33329d40df",
            "routing_skills.3573701533.proficiency": "0",
            "routing_skills.3573701533.skill_id": "a4e2017e-560f-4fc9-b686-d07700aa1037",
            "routing_skills.3590735202.proficiency": "0",
            "routing_skills.3590735202.skill_id": "71063408-14ed-487a-881c-1e764e909b1f",
            "routing_skills.3786735637.proficiency": "0",
            "routing_skills.3786735637.skill_id": "f66085dc-079d-4a36-82ee-4d354ac82498",
            "routing_skills.4038776014.proficiency": "5",
            "routing_skills.4038776014.skill_id": "3e4366e4-3994-4e32-be0a-3bb98cfacc55",
            "routing_skills.405030090.proficiency": "0",
            "routing_skills.405030090.skill_id": "1f0708d4-a1c2-4b95-af53-e2eec19e4449",
            "routing_skills.405896787.proficiency": "0",
            "routing_skills.405896787.skill_id": "66a28b3e-890f-4e84-ac4e-8ab2837facd3",
            "routing_skills.4101142767.proficiency": "0",
            "routing_skills.4101142767.skill_id": "f533d464-b61f-49e7-bf8a-cb50205f56f6",
            "routing_skills.4183711045.proficiency": "0",
            "routing_skills.4183711045.skill_id": "b0c9d413-ffb9-4bf9-a567-a74a8606b82d",
            "routing_skills.423096047.proficiency": "0",
            "routing_skills.423096047.skill_id": "f85ab542-146c-483d-aae4-3805f17ef9fa",
            "routing_skills.4239098805.proficiency": "0",
            "routing_skills.4239098805.skill_id": "8ac8eabb-d8b9-4864-b434-7b54fe66f063",
            "routing_skills.476704732.proficiency": "0",
            "routing_skills.476704732.skill_id": "e466f6ec-42e7-4edb-b3c3-db7e29925c7a",
            "routing_skills.489732398.proficiency": "0",
            "routing_skills.489732398.skill_id": "ef23a48c-573d-4ace-a218-a41c2d5c2e95",
            "routing_skills.61068301.proficiency": "0",
            "routing_skills.61068301.skill_id": "b56fff14-1103-4381-88cd-90c07ca012bd",
            "routing_skills.619727639.proficiency": "0",
            "routing_skills.619727639.skill_id": "249660bf-4922-45e2-ba06-644b97b768b1",
            "routing_skills.632856196.proficiency": "0",
            "routing_skills.632856196.skill_id": "b6d1e516-373a-4f2f-9e39-d3253c132ead",
            "routing_skills.659464877.proficiency": "0",
            "routing_skills.659464877.skill_id": "e629c5a9-b683-4f46-a201-f8c0766c71a0",
            "routing_skills.706837459.proficiency": "0",
            "routing_skills.706837459.skill_id": "5d6b06a1-c681-4b70-aa7d-969de0a85f18",
            "routing_skills.720214155.proficiency": "0",
            "routing_skills.720214155.skill_id": "2c63f567-3f47-4ae4-adc8-9f0774d418c8",
            "routing_skills.791526653.proficiency": "0",
            "routing_skills.791526653.skill_id": "f75be404-cc4c-4c60-85db-e1d034689551",
            "routing_skills.884929774.proficiency": "0",
            "routing_skills.884929774.skill_id": "d29d1072-78d1-40c4-b06b-afc859b32723",
            "routing_skills.887998317.proficiency": "0",
            "routing_skills.887998317.skill_id": "940908b7-62ce-4f47-aec7-ea2608e3f5b4",
            "routing_utilization.#": "0",
            "state": "active",
            "title": "Senior Solution Consultant"
          },
          "sensitive_attributes": []
        }
      ]
    },
    {
      "mode": "managed",
      "type": "genesyscloud_user",
      "name": "janine_mahrendorf_infinit_cx",
      "provider": "provider[\"registry.terraform.io/-/genesyscloud\"]",
      "instances": [
        {
          "schema_version": 1,
          "attributes_flat": {
            "acd_auto_answer": "false",
            "addresses.#": "0",
            "certifications.#": "0",
            "department": "",
            "division_id": "223a1aba-4f9c-40a8-b6f1-9c1a56f04419",
            "email": "janine.mahrendorf@infinit.cx",
            "employer_info.#": "0",
            "id": "6304a8db-6300-43c5-8120-afad2bb0b6d5",
            "locations.#": "0",
            "manager": "",
            "name": "Janine Mahrendorf",
            "profile_skills.#": "0",
            "routing_languages.#": "0",
            "routing_skills.#": "0",
            "routing_utilization.#": "0",
            "state": "active",
            "title": ""
          },
          "sensitive_attributes": []
        }
      ]
    },
    {
      "mode": "managed",
      "type": "genesyscloud_user",
      "name": "jens_heuschmann_infinit_cx",
      "provider": "provider[\"registry.terraform.io/-/genesyscloud\"]",
      "instances": [
        {
          "schema_version": 1,
          "attributes_flat": {
            "acd_auto_answer": "false",
            "addresses.#": "1",
            "addresses.0.other_emails.#": "0",
            "addresses.0.phone_numbers.#": "1",
            "addresses.0.phone_numbers.289643999.extension": "729",
            "addresses.0.phone_numbers.289643999.media_type": "PHONE",
            "addresses.0.phone_numbers.289643999.number": "729",
            "addresses.0.phone_numbers.289643999.type": "WORK",
            "certifications.#": "0",
            "department": "",
            "division_id": "204a33be-2805-4791-830e-d35119575c92",
            "email": "jens.heuschmann@infinit.cx",
            "employer_info.#": "0",
            "id": "15d1e033-d6fe-4c9f-b44d-8ed20dad4af3",
            "locations.#": "0",
            "manager": "",
            "name": "Jens Heuschmann",
            "profile_skills.#": "0",
            "routing_languages.#": "0",
            "routing_skills.#": "3",
            "routing_skills.2113865622.proficiency": "5",
            "routing_skills.2113865622.skill_id": "edef7cc8-71bd-4daa-ae70-7deceda3972d",
            "routing_skills.3526883431.proficiency": "4",
            "routing_skills.3526883431.skill_id": "249660bf-4922-45e2-ba06-644b97b768b1",
            "routing_skills.4038776014.proficiency": "5",
            "routing_skills.4038776014.skill_id": "3e4366e4-3994-4e32-be0a-3bb98cfacc55",
            "routing_utilization.#": "0",
            "state": "active",
            "title": ""
          },
          "sensitive_attributes": []
        }
      ]
    },
    {
      "mode": "managed",
      "type": "genesyscloud_user",
      "name": "jerg_weick_1und1_de",
      "provider": "provider[\"registry.terraform.io/-/genesyscloud\"]",
      "instances": [
        {
          "schema_version": 1,
          "attributes_flat": {
            "acd_auto_answer": "false",
            "addresses.#": "1",
            "addresses.0.other_emails.#": "1",
            "addresses.0.other_emails.698357652.address": "jerg.weick@1und1.de",
            "addresses.0.other_emails.698357652.type": "WORK",
            "addresses.0.phone_numbers.#": "0",
            "certifications.#": "0",
            "department": "",
            "division_id": "223a1aba-4f9c-40a8-b6f1-9c1a56f04419",
            "email": "jerg.weick@1und1.de",
            "employer_info.#": "0",
            "id": "b1264beb-1e75-4038-be4d-b50e1748aa9f",
            "locations.#": "0",
            "manager": "",
            "name": "Jerg Weick",
            "profile_skills.#": "0",
            "routing_languages.#": "0",
            "routing_skills.#": "2",
            "routing_skills.1733421848.proficiency": "0",
            "routing_skills.1733421848.skill_id": "1a58347c-aae8-4fce-bb1e-8e2c277af840",
            "routing_skills.720214155.proficiency": "0",
            "routing_skills.720214155.skill_id": "2c63f567-3f47-4ae4-adc8-9f0774d418c8",
            "routing_utilization.#": "0",
            "state": "active",
            "title": ""
          },
          "sensitive_attributes": []
        }
      ]
    },
    {
      "mode": "managed",
      "type": "genesyscloud_user",
      "name": "jonathan_graeser_jamitlabs_com",
      "provider": "provider[\"registry.terraform.io/-/genesyscloud\"]",
      "instances": [
        {
          "schema_version": 1,
          "attributes_flat": {
            "acd_auto_answer": "false",
            "addresses.#": "1",
            "addresses.0.other_emails.#": "1",
            "addresses.0.other_emails.449054014.address": "jonathan.graeser@jamitlabs.com",
            "addresses.0.other_emails.449054014.type": "WORK",
            "addresses.0.phone_numbers.#": "0",
            "certifications.#": "0",
            "department": "",
            "division_id": "223a1aba-4f9c-40a8-b6f1-9c1a56f04419",
            "email": "jonathan.graeser@jamitlabs.com",
            "employer_info.#": "0",
            "id": "d111e7e3-20b7-455f-9f6c-29e13732f748",
            "locations.#": "0",
            "manager": "",
            "name": "Jonathan Graeser",
            "profile_skills.#": "0",
            "routing_languages.#": "0",
            "routing_skills.#": "2",
            "routing_skills.1733421848.proficiency": "0",
            "routing_skills.1733421848.skill_id": "1a58347c-aae8-4fce-bb1e-8e2c277af840",
            "routing_skills.720214155.proficiency": "0",
            "routing_skills.720214155.skill_id": "2c63f567-3f47-4ae4-adc8-9f0774d418c8",
            "routing_utilization.#": "0",
            "state": "active",
            "title": ""
          },
          "sensitive_attributes": []
        }
      ]
    },
    {
      "mode": "managed",
      "type": "genesyscloud_user",
      "name": "kathrin_barthel_infinit_cx",
      "provider": "provider[\"registry.terraform.io/-/genesyscloud\"]",
      "instances": [
        {
          "schema_version": 1,
          "attributes_flat": {
            "acd_auto_answer": "false",
            "addresses.#": "0",
            "certifications.#": "0",
            "department": "",
            "division_id": "223a1aba-4f9c-40a8-b6f1-9c1a56f04419",
            "email": "kathrin.barthel@infinit.cx",
            "employer_info.#": "0",
            "id": "0a7cbd97-c235-4387-8399-151ea6aeb602",
            "locations.#": "0",
            "manager": "",
            "name": "Kathrin Barthel",
            "profile_skills.#": "0",
            "routing_languages.#": "0",
            "routing_skills.#": "0",
            "routing_utilization.#": "0",
            "state": "active",
            "title": ""
          },
          "sensitive_attributes": []
        }
      ]
    },
    {
      "mode": "managed",
      "type": "genesyscloud_user",
      "name": "kathrin_harms-im-netz_de",
      "provider": "provider[\"registry.terraform.io/-/genesyscloud\"]",
      "instances": [
        {
          "schema_version": 1,
          "attributes_flat": {
            "acd_auto_answer": "false",
            "addresses.#": "0",
            "certifications.#": "0",
            "department": "",
            "division_id": "223a1aba-4f9c-40a8-b6f1-9c1a56f04419",
            "email": "kathrin@harms-im-netz.de",
            "employer_info.#": "0",
            "id": "b6365aa3-b3e0-4a44-80bb-cd4d32f5e846",
            "locations.#": "0",
            "manager": "",
            "name": "Test 1",
            "profile_skills.#": "0",
            "routing_languages.#": "0",
            "routing_skills.#": "0",
            "routing_utilization.#": "0",
            "state": "active",
            "title": ""
          },
          "sensitive_attributes": []
        }
      ]
    },
    {
      "mode": "managed",
      "type": "genesyscloud_user",
      "name": "kathrin_herrmann_infinit_cx",
      "provider": "provider[\"registry.terraform.io/-/genesyscloud\"]",
      "instances": [
        {
          "schema_version": 1,
          "attributes_flat": {
            "acd_auto_answer": "false",
            "addresses.#": "1",
            "addresses.0.other_emails.#": "1",
            "addresses.0.other_emails.177367070.address": "kathrin.herrmann@infinit.cx",
            "addresses.0.other_emails.177367070.type": "WORK",
            "addresses.0.phone_numbers.#": "3",
            "addresses.0.phone_numbers.2347108728.extension": "",
            "addresses.0.phone_numbers.2347108728.media_type": "SMS",
            "addresses.0.phone_numbers.2347108728.number": "+491724529546",
            "addresses.0.phone_numbers.2347108728.type": "MOBILE",
            "addresses.0.phone_numbers.2996989455.extension": "721",
            "addresses.0.phone_numbers.2996989455.media_type": "PHONE",
            "addresses.0.phone_numbers.2996989455.number": "721",
            "addresses.0.phone_numbers.2996989455.type": "WORK3",
            "addresses.0.phone_numbers.4223085921.extension": "",
            "addresses.0.phone_numbers.4223085921.media_type": "PHONE",
            "addresses.0.phone_numbers.4223085921.number": "+4989262029927",
            "addresses.0.phone_numbers.4223085921.type": "OTHER",
            "certifications.#": "3",
            "certifications.1489607815": "Scrum Master",
            "certifications.2872940307": "Genesys Cloud GCA",
            "certifications.4157636996": "IREB",
            "department": "Team Cloud",
            "division_id": "223a1aba-4f9c-40a8-b6f1-9c1a56f04419",
            "email": "kathrin.herrmann@infinit.cx",
            "employer_info.#": "1",
            "employer_info.0.date_hire": "",
            "employer_info.0.employee_id": "10319",
            "employer_info.0.employee_type": "",
            "employer_info.0.official_name": "",
            "id": "f594c02c-24f4-4688-854c-32073bc99b1a",
            "locations.#": "0",
            "manager": "",
            "name": "Kathrin Herrmann",
            "profile_skills.#": "4",
            "profile_skills.119342770": "PreSales",
            "profile_skills.3108029790": "Autoversicherung",
            "profile_skills.360646502": "Sales",
            "profile_skills.4261725386": "Genesys Cloud",
            "routing_languages.#": "1",
            "routing_languages.2189809220.language_id": "23c88d88-ebbd-47e8-b928-d291eb8b68f4",
            "routing_languages.2189809220.proficiency": "5",
            "routing_skills.#": "1",
            "routing_skills.436781296.proficiency": "5",
            "routing_skills.436781296.skill_id": "afa0726a-346e-4c7f-99af-2b33329d40df",
            "routing_utilization.#": "0",
            "state": "active",
            "title": "Manager CX Solutions"
          },
          "sensitive_attributes": []
        }
      ]
    },
    {
      "mode": "managed",
      "type": "genesyscloud_user",
      "name": "katrin_bissinger_vkb_de",
      "provider": "provider[\"registry.terraform.io/-/genesyscloud\"]",
      "instances": [
        {
          "schema_version": 1,
          "attributes_flat": {
            "acd_auto_answer": "false",
            "addresses.#": "0",
            "certifications.#": "0",
            "department": "",
            "division_id": "20693547-4367-47fa-b702-fcc8b375e78d",
            "email": "katrin.bissinger@vkb.de",
            "employer_info.#": "0",
            "id": "18fb09cb-29fa-4ae7-b06d-8fb386c0f162",
            "locations.#": "0",
            "manager": "",
            "name": "Katrin Bissinger",
            "profile_skills.#": "0",
            "routing_languages.#": "0",
            "routing_skills.#": "0",
            "routing_utilization.#": "0",
            "state": "active",
            "title": ""
          },
          "sensitive_attributes": []
        }
      ]
    },
    {
      "mode": "managed",
      "type": "genesyscloud_user",
      "name": "konstantin_nikolaev_infinit_cx",
      "provider": "provider[\"registry.terraform.io/-/genesyscloud\"]",
      "instances": [
        {
          "schema_version": 1,
          "attributes_flat": {
            "acd_auto_answer": "false",
            "addresses.#": "1",
            "addresses.0.other_emails.#": "1",
            "addresses.0.other_emails.3688829651.address": "konstantin.nikolaev@infinit.cx",
            "addresses.0.other_emails.3688829651.type": "WORK",
            "addresses.0.phone_numbers.#": "2",
            "addresses.0.phone_numbers.1964906014.extension": "",
            "addresses.0.phone_numbers.1964906014.media_type": "SMS",
            "addresses.0.phone_numbers.1964906014.number": "+4916090366865",
            "addresses.0.phone_numbers.1964906014.type": "MOBILE",
            "addresses.0.phone_numbers.3868761714.extension": "",
            "addresses.0.phone_numbers.3868761714.media_type": "PHONE",
            "addresses.0.phone_numbers.3868761714.number": "+4989262029922",
            "addresses.0.phone_numbers.3868761714.type": "OTHER",
            "certifications.#": "0",
            "department": "IT",
            "division_id": "223a1aba-4f9c-40a8-b6f1-9c1a56f04419",
            "email": "konstantin.nikolaev@infinit.cx",
            "employer_info.#": "1",
            "employer_info.0.date_hire": "",
            "employer_info.0.employee_id": "55190",
            "employer_info.0.employee_type": "",
            "employer_info.0.official_name": "",
            "id": "9e33c66f-42cc-42c4-8c76-919f58e891cb",
            "locations.#": "0",
            "manager": "29f9e580-a700-4746-b1b2-85319212aae9",
            "name": "Konstantin Nikolaev",
            "profile_skills.#": "0",
            "routing_languages.#": "0",
            "routing_skills.#": "0",
            "routing_utilization.#": "0",
            "state": "active",
            "title": "IT-Administrator"
          },
          "sensitive_attributes": []
        }
      ]
    },
    {
      "mode": "managed",
      "type": "genesyscloud_user",
      "name": "luis_fleissig_infinit_cx",
      "provider": "provider[\"registry.terraform.io/-/genesyscloud\"]",
      "instances": [
        {
          "schema_version": 1,
          "attributes_flat": {
            "acd_auto_answer": "false",
            "addresses.#": "0",
            "certifications.#": "0",
            "department": "",
            "division_id": "1ff5a765-bdc7-4946-9b65-0e855f9d92af",
            "email": "luis.fleissig@infinit.cx",
            "employer_info.#": "0",
            "id": "6a6c3ec5-4d71-4400-bf1d-65e2000603a9",
            "locations.#": "0",
            "manager": "",
            "name": "Luis Fleißig",
            "profile_skills.#": "0",
            "routing_languages.#": "2",
            "routing_languages.3207428808.language_id": "6920b33a-1637-463e-ac3b-7f452ad80e13",
            "routing_languages.3207428808.proficiency": "0",
            "routing_languages.4294058497.language_id": "23c88d88-ebbd-47e8-b928-d291eb8b68f4",
            "routing_languages.4294058497.proficiency": "0",
            "routing_skills.#": "11",
            "routing_skills.1327886857.proficiency": "5",
            "routing_skills.1327886857.skill_id": "80370def-d6d3-4f57-92cf-fa400c5509c1",
            "routing_skills.1614339832.proficiency": "5",
            "routing_skills.1614339832.skill_id": "6f242af7-09b8-435a-9f73-ae88dbe29ff8",
            "routing_skills.2288911979.proficiency": "3",
            "routing_skills.2288911979.skill_id": "a5224b21-3126-4d1f-aeb8-00e8bb9b4677",
            "routing_skills.3158120547.proficiency": "0",
            "routing_skills.3158120547.skill_id": "c1c166e9-c351-44f4-b8f2-01ecd7881300",
            "routing_skills.3752674293.proficiency": "5",
            "routing_skills.3752674293.skill_id": "0f0e58e1-f90a-41d0-b17e-9b763b7f59e8",
            "routing_skills.3795804261.proficiency": "5",
            "routing_skills.3795804261.skill_id": "352c9085-dec5-4a19-b077-aa5292b1d52a",
            "routing_skills.4032523614.proficiency": "3",
            "routing_skills.4032523614.skill_id": "edef7cc8-71bd-4daa-ae70-7deceda3972d",
            "routing_skills.4139502015.proficiency": "3",
            "routing_skills.4139502015.skill_id": "810298e1-f94b-43a4-8db9-49505efc5461",
            "routing_skills.697562483.proficiency": "5",
            "routing_skills.697562483.skill_id": "f1f53ded-69b6-4581-85b9-93eec8302495",
            "routing_skills.855679463.proficiency": "5",
            "routing_skills.855679463.skill_id": "6c6e2b42-fac1-440a-8f28-3e68bbe97505",
            "routing_skills.872264730.proficiency": "3",
            "routing_skills.872264730.skill_id": "f621d7c2-c5af-49cc-b71f-4705921f3b67",
            "routing_utilization.#": "0",
            "state": "active",
            "title": ""
          },
          "sensitive_attributes": []
        }
      ]
    },
    {
      "mode": "managed",
      "type": "genesyscloud_user",
      "name": "lukas_keim_infinit_cx",
      "provider": "provider[\"registry.terraform.io/-/genesyscloud\"]",
      "instances": [
        {
          "schema_version": 1,
          "attributes_flat": {
            "acd_auto_answer": "false",
            "addresses.#": "0",
            "certifications.#": "0",
            "department": "",
            "division_id": "223a1aba-4f9c-40a8-b6f1-9c1a56f04419",
            "email": "lukas.keim@infinit.cx",
            "employer_info.#": "0",
            "id": "b969f571-8325-4673-a349-310209adcf5d",
            "locations.#": "0",
            "manager": "",
            "name": "Lukas Keim",
            "profile_skills.#": "0",
            "routing_languages.#": "0",
            "routing_skills.#": "0",
            "routing_utilization.#": "0",
            "state": "active",
            "title": ""
          },
          "sensitive_attributes": []
        }
      ]
    },
    {
      "mode": "managed",
      "type": "genesyscloud_user",
      "name": "m_rehle_deliberate_de",
      "provider": "provider[\"registry.terraform.io/-/genesyscloud\"]",
      "instances": [
        {
          "schema_version": 1,
          "attributes_flat": {
            "acd_auto_answer": "false",
            "addresses.#": "0",
            "certifications.#": "0",
            "department": "",
            "division_id": "223a1aba-4f9c-40a8-b6f1-9c1a56f04419",
            "email": "m.rehle@deliberate.de",
            "employer_info.#": "1",
            "employer_info.0.date_hire": "2023-08-01",
            "employer_info.0.employee_id": "",
            "employer_info.0.employee_type": "",
            "employer_info.0.official_name": "",
            "id": "76190ee7-24bc-410f-8c52-345696db4d60",
            "locations.#": "1",
            "locations.152461799.location_id": "036fa8ed-798f-4f84-9f9e-18f2a6d85e47",
            "locations.152461799.notes": "",
            "manager": "",
            "name": "Markus Rehle",
            "profile_skills.#": "0",
            "routing_languages.#": "2",
            "routing_languages.2189809220.language_id": "23c88d88-ebbd-47e8-b928-d291eb8b68f4",
            "routing_languages.2189809220.proficiency": "5",
            "routing_languages.3260714637.language_id": "6920b33a-1637-463e-ac3b-7f452ad80e13",
            "routing_languages.3260714637.proficiency": "5",
            "routing_skills.#": "3",
            "routing_skills.2113865622.proficiency": "5",
            "routing_skills.2113865622.skill_id": "edef7cc8-71bd-4daa-ae70-7deceda3972d",
            "routing_skills.4038521755.proficiency": "5",
            "routing_skills.4038521755.skill_id": "859eed7c-4fd6-43b9-ac1f-41a147dbae5d",
            "routing_skills.459689234.proficiency": "5",
            "routing_skills.459689234.skill_id": "851fa026-7042-429a-bc54-e7dfa396ab66",
            "routing_utilization.#": "0",
            "state": "active",
            "title": "Presales Consultant"
          },
          "sensitive_attributes": []
        }
      ]
    },
    {
      "mode": "managed",
      "type": "genesyscloud_user",
      "name": "manuel_bock_infinit_cx",
      "provider": "provider[\"registry.terraform.io/-/genesyscloud\"]",
      "instances": [
        {
          "schema_version": 1,
          "attributes_flat": {
            "acd_auto_answer": "false",
            "addresses.#": "1",
            "addresses.0.other_emails.#": "1",
            "addresses.0.other_emails.2775049109.address": "manuel.bock@infinit.cx",
            "addresses.0.other_emails.2775049109.type": "WORK",
            "addresses.0.phone_numbers.#": "1",
            "addresses.0.phone_numbers.1875050309.extension": "",
            "addresses.0.phone_numbers.1875050309.media_type": "SMS",
            "addresses.0.phone_numbers.1875050309.number": "+4915118436907",
            "addresses.0.phone_numbers.1875050309.type": "MOBILE",
            "certifications.#": "0",
            "department": "IT",
            "division_id": "223a1aba-4f9c-40a8-b6f1-9c1a56f04419",
            "email": "manuel.bock@infinit.cx",
            "employer_info.#": "1",
            "employer_info.0.date_hire": "",
            "employer_info.0.employee_id": "55144",
            "employer_info.0.employee_type": "",
            "employer_info.0.official_name": "",
            "id": "e3cdb592-277f-4de6-a83c-e14c854d5c95",
            "locations.#": "0",
            "manager": "29f9e580-a700-4746-b1b2-85319212aae9",
            "name": "Manuel Bock",
            "profile_skills.#": "0",
            "routing_languages.#": "0",
            "routing_skills.#": "0",
            "routing_utilization.#": "0",
            "state": "active",
            "title": "IT Koordinator"
          },
          "sensitive_attributes": []
        }
      ]
    },
    {
      "mode": "managed",
      "type": "genesyscloud_user",
      "name": "marcelo_heil-franca_infinit_cx",
      "provider": "provider[\"registry.terraform.io/-/genesyscloud\"]",
      "instances": [
        {
          "schema_version": 1,
          "attributes_flat": {
            "acd_auto_answer": "false",
            "addresses.#": "1",
            "addresses.0.other_emails.#": "1",
            "addresses.0.other_emails.617991457.address": "marcelo.heil-franca@infinit.cx",
            "addresses.0.other_emails.617991457.type": "WORK",
            "addresses.0.phone_numbers.#": "2",
            "addresses.0.phone_numbers.2060600791.extension": "",
            "addresses.0.phone_numbers.2060600791.media_type": "SMS",
            "addresses.0.phone_numbers.2060600791.number": "+4916090676984",
            "addresses.0.phone_numbers.2060600791.type": "MOBILE",
            "addresses.0.phone_numbers.639759588.extension": "",
            "addresses.0.phone_numbers.639759588.media_type": "PHONE",
            "addresses.0.phone_numbers.639759588.number": "+4989262029926",
            "addresses.0.phone_numbers.639759588.type": "OTHER",
            "certifications.#": "0",
            "department": "Team shift2cloud",
            "division_id": "223a1aba-4f9c-40a8-b6f1-9c1a56f04419",
            "email": "marcelo.heil-franca@infinit.cx",
            "employer_info.#": "1",
            "employer_info.0.date_hire": "",
            "employer_info.0.employee_id": "55130",
            "employer_info.0.employee_type": "",
            "employer_info.0.official_name": "",
            "id": "236c4191-8811-4a8d-a843-635a6e77f4c9",
            "locations.#": "0",
            "manager": "",
            "name": "Marcelo Heil França",
            "profile_skills.#": "0",
            "routing_languages.#": "0",
            "routing_skills.#": "0",
            "routing_utilization.#": "0",
            "state": "active",
            "title": "Senior Solution Consultant"
          },
          "sensitive_attributes": []
        }
      ]
    },
    {
      "mode": "managed",
      "type": "genesyscloud_user",
      "name": "marcus_amthor_infinit_cx",
      "provider": "provider[\"registry.terraform.io/-/genesyscloud\"]",
      "instances": [
        {
          "schema_version": 1,
          "attributes_flat": {
            "acd_auto_answer": "false",
            "addresses.#": "0",
            "certifications.#": "0",
            "department": "",
            "division_id": "223a1aba-4f9c-40a8-b6f1-9c1a56f04419",
            "email": "marcus.amthor@infinit.cx",
            "employer_info.#": "0",
            "id": "07d4f5bb-23a0-4006-acf1-5874786154df",
            "locations.#": "0",
            "manager": "",
            "name": "Marcus Amthor",
            "profile_skills.#": "0",
            "routing_languages.#": "1",
            "routing_languages.4294058497.language_id": "23c88d88-ebbd-47e8-b928-d291eb8b68f4",
            "routing_languages.4294058497.proficiency": "0",
            "routing_skills.#": "5",
            "routing_skills.1492620880.proficiency": "0",
            "routing_skills.1492620880.skill_id": "89b37598-f39b-4805-8d78-ef348d440201",
            "routing_skills.2094730235.proficiency": "0",
            "routing_skills.2094730235.skill_id": "af463a50-e19b-4d01-b4a9-aad3ba64256f",
            "routing_skills.2184683354.proficiency": "0",
            "routing_skills.2184683354.skill_id": "df9edd6d-05e5-494a-a1c3-6d8c1f018d5e",
            "routing_skills.350588501.proficiency": "0",
            "routing_skills.350588501.skill_id": "a726a5b2-b9cf-4af4-8aa2-ec0a84d67b99",
            "routing_skills.411811991.proficiency": "0",
            "routing_skills.411811991.skill_id": "e2953d19-05f7-4da0-9545-8d1d6736251a",
            "routing_utilization.#": "0",
            "state": "active",
            "title": ""
          },
          "sensitive_attributes": []
        }
      ]
    },
    {
      "mode": "managed",
      "type": "genesyscloud_user",
      "name": "marcustest2_notreal_infinit_cx",
      "provider": "provider[\"registry.terraform.io/-/genesyscloud\"]",
      "instances": [
        {
          "schema_version": 1,
          "attributes_flat": {
            "acd_auto_answer": "false",
            "addresses.#": "0",
            "certifications.#": "0",
            "department": "",
            "division_id": "223a1aba-4f9c-40a8-b6f1-9c1a56f04419",
            "email": "marcustest2@notreal.infinit.cx",
            "employer_info.#": "0",
            "id": "5fdeb07f-da3e-4302-8ba1-ed6b9764a26e",
            "locations.#": "0",
            "manager": "",
            "name": "Marcus Test2",
            "profile_skills.#": "0",
            "routing_languages.#": "0",
            "routing_skills.#": "0",
            "routing_utilization.#": "0",
            "state": "active",
            "title": ""
          },
          "sensitive_attributes": []
        }
      ]
    },
    {
      "mode": "managed",
      "type": "genesyscloud_user",
      "name": "marcustest_notreal_infinit_cx",
      "provider": "provider[\"registry.terraform.io/-/genesyscloud\"]",
      "instances": [
        {
          "schema_version": 1,
          "attributes_flat": {
            "acd_auto_answer": "false",
            "addresses.#": "0",
            "certifications.#": "0",
            "department": "",
            "division_id": "223a1aba-4f9c-40a8-b6f1-9c1a56f04419",
            "email": "marcustest@notreal.infinit.cx",
            "employer_info.#": "0",
            "id": "08f7a22b-1969-465b-b959-47d8bd150d76",
            "locations.#": "0",
            "manager": "",
            "name": "Marcus Test",
            "profile_skills.#": "0",
            "routing_languages.#": "0",
            "routing_skills.#": "5",
            "routing_skills.1492620880.proficiency": "0",
            "routing_skills.1492620880.skill_id": "89b37598-f39b-4805-8d78-ef348d440201",
            "routing_skills.2094730235.proficiency": "0",
            "routing_skills.2094730235.skill_id": "af463a50-e19b-4d01-b4a9-aad3ba64256f",
            "routing_skills.2184683354.proficiency": "0",
            "routing_skills.2184683354.skill_id": "df9edd6d-05e5-494a-a1c3-6d8c1f018d5e",
            "routing_skills.350588501.proficiency": "0",
            "routing_skills.350588501.skill_id": "a726a5b2-b9cf-4af4-8aa2-ec0a84d67b99",
            "routing_skills.411811991.proficiency": "0",
            "routing_skills.411811991.skill_id": "e2953d19-05f7-4da0-9545-8d1d6736251a",
            "routing_utilization.#": "0",
            "state": "active",
            "title": ""
          },
          "sensitive_attributes": []
        }
      ]
    },
    {
      "mode": "managed",
      "type": "genesyscloud_user",
      "name": "mateusz_diel_1und1_de",
      "provider": "provider[\"registry.terraform.io/-/genesyscloud\"]",
      "instances": [
        {
          "schema_version": 1,
          "attributes_flat": {
            "acd_auto_answer": "false",
            "addresses.#": "1",
            "addresses.0.other_emails.#": "1",
            "addresses.0.other_emails.3147470582.address": "mateusz.diel@1und1.de",
            "addresses.0.other_emails.3147470582.type": "WORK",
            "addresses.0.phone_numbers.#": "0",
            "certifications.#": "0",
            "department": "",
            "division_id": "223a1aba-4f9c-40a8-b6f1-9c1a56f04419",
            "email": "mateusz.diel@1und1.de",
            "employer_info.#": "0",
            "id": "ac703b3c-4d0c-4dac-8f1e-f9b7fc7daa46",
            "locations.#": "0",
            "manager": "",
            "name": "Mateusz Diel",
            "profile_skills.#": "0",
            "routing_languages.#": "0",
            "routing_skills.#": "2",
            "routing_skills.1733421848.proficiency": "0",
            "routing_skills.1733421848.skill_id": "1a58347c-aae8-4fce-bb1e-8e2c277af840",
            "routing_skills.720214155.proficiency": "0",
            "routing_skills.720214155.skill_id": "2c63f567-3f47-4ae4-adc8-9f0774d418c8",
            "routing_utilization.#": "0",
            "state": "active",
            "title": ""
          },
          "sensitive_attributes": []
        }
      ]
    },
    {
      "mode": "managed",
      "type": "genesyscloud_user",
      "name": "mathias_robel_1und1_de",
      "provider": "provider[\"registry.terraform.io/-/genesyscloud\"]",
      "instances": [
        {
          "schema_version": 1,
          "attributes_flat": {
            "acd_auto_answer": "false",
            "addresses.#": "1",
            "addresses.0.other_emails.#": "1",
            "addresses.0.other_emails.2736128018.address": "mathias.robel@1und1.de",
            "addresses.0.other_emails.2736128018.type": "WORK",
            "addresses.0.phone_numbers.#": "0",
            "certifications.#": "0",
            "department": "",
            "division_id": "223a1aba-4f9c-40a8-b6f1-9c1a56f04419",
            "email": "mathias.robel@1und1.de",
            "employer_info.#": "0",
            "id": "a898de71-7037-41f8-8a42-8576251d13d8",
            "locations.#": "0",
            "manager": "",
            "name": "Mathias Robel",
            "profile_skills.#": "0",
            "routing_languages.#": "0",
            "routing_skills.#": "2",
            "routing_skills.1733421848.proficiency": "0",
            "routing_skills.1733421848.skill_id": "1a58347c-aae8-4fce-bb1e-8e2c277af840",
            "routing_skills.720214155.proficiency": "0",
            "routing_skills.720214155.skill_id": "2c63f567-3f47-4ae4-adc8-9f0774d418c8",
            "routing_utilization.#": "0",
            "state": "active",
            "title": ""
          },
          "sensitive_attributes": []
        }
      ]
    },
    {
      "mode": "managed",
      "type": "genesyscloud_user",
      "name": "max_macher_infinit_cx",
      "provider": "provider[\"registry.terraform.io/-/genesyscloud\"]",
      "instances": [
        {
          "schema_version": 1,
          "attributes_flat": {
            "acd_auto_answer": "false",
            "addresses.#": "0",
            "certifications.#": "0",
            "department": "",
            "division_id": "1ff5a765-bdc7-4946-9b65-0e855f9d92af",
            "email": "max.macher@infinit.cx",
            "employer_info.#": "0",
            "id": "3271ab1c-af53-483a-9ba9-2137e8518770",
            "locations.#": "0",
            "manager": "",
            "name": "Max Macher",
            "profile_skills.#": "0",
            "routing_languages.#": "0",
            "routing_skills.#": "1",
            "routing_skills.3752674293.proficiency": "5",
            "routing_skills.3752674293.skill_id": "0f0e58e1-f90a-41d0-b17e-9b763b7f59e8",
            "routing_utilization.#": "0",
            "state": "active",
            "title": ""
          },
          "sensitive_attributes": []
        }
      ]
    },
    {
      "mode": "managed",
      "type": "genesyscloud_user",
      "name": "michael_bitzl_infinit_cx",
      "provider": "provider[\"registry.terraform.io/-/genesyscloud\"]",
      "instances": [
        {
          "schema_version": 1,
          "attributes_flat": {
            "acd_auto_answer": "false",
            "addresses.#": "0",
            "certifications.#": "0",
            "department": "",
            "division_id": "178e1e60-722d-447a-8e8c-d87787dddc44",
            "email": "michael.bitzl@infinit.cx",
            "employer_info.#": "0",
            "id": "8b4d63c5-8648-49ac-9f5d-1a47ebe4bdec",
            "locations.#": "0",
            "manager": "",
            "name": "Michael Bitzl",
            "profile_skills.#": "0",
            "routing_languages.#": "0",
            "routing_skills.#": "0",
            "routing_utilization.#": "0",
            "state": "active",
            "title": ""
          },
          "sensitive_attributes": []
        }
      ]
    },
    {
      "mode": "managed",
      "type": "genesyscloud_user",
      "name": "michael_bohrsen_1und1_de",
      "provider": "provider[\"registry.terraform.io/-/genesyscloud\"]",
      "instances": [
        {
          "schema_version": 1,
          "attributes_flat": {
            "acd_auto_answer": "false",
            "addresses.#": "0",
            "certifications.#": "0",
            "department": "",
            "division_id": "996a624a-50a3-4815-a40c-1a6516ff8af2",
            "email": "michael.bohrsen@1und1.de",
            "employer_info.#": "0",
            "id": "b4a168be-97ca-4f7d-bbe3-bade128e5686",
            "locations.#": "0",
            "manager": "",
            "name": "Michael Bohrsen",
            "profile_skills.#": "0",
            "routing_languages.#": "0",
            "routing_skills.#": "0",
            "routing_utilization.#": "0",
            "state": "inactive",
            "title": ""
          },
          "sensitive_attributes": []
        }
      ]
    },
    {
      "mode": "managed",
      "type": "genesyscloud_user",
      "name": "michael_gede_swisscom_com",
      "provider": "provider[\"registry.terraform.io/-/genesyscloud\"]",
      "instances": [
        {
          "schema_version": 1,
          "attributes_flat": {
            "acd_auto_answer": "false",
            "addresses.#": "0",
            "certifications.#": "0",
            "department": "",
            "division_id": "84332f0b-1d0a-4d7a-8fbe-2eed91a0e0ac",
            "email": "michael.gede@swisscom.com",
            "employer_info.#": "0",
            "id": "6b049c38-2ceb-4a9d-bdf5-cd71163e19dc",
            "locations.#": "0",
            "manager": "",
            "name": "Alex Wilber(MG)",
            "profile_skills.#": "0",
            "routing_languages.#": "0",
            "routing_skills.#": "1",
            "routing_skills.1771037375.proficiency": "0",
            "routing_skills.1771037375.skill_id": "e2cbfceb-53dd-4540-a7ba-7725ceff3996",
            "routing_utilization.#": "0",
            "state": "active",
            "title": ""
          },
          "sensitive_attributes": []
        }
      ]
    },
    {
      "mode": "managed",
      "type": "genesyscloud_user",
      "name": "michael_gentner_1und1_de",
      "provider": "provider[\"registry.terraform.io/-/genesyscloud\"]",
      "instances": [
        {
          "schema_version": 1,
          "attributes_flat": {
            "acd_auto_answer": "false",
            "addresses.#": "0",
            "certifications.#": "0",
            "department": "",
            "division_id": "996a624a-50a3-4815-a40c-1a6516ff8af2",
            "email": "michael.gentner@1und1.de",
            "employer_info.#": "0",
            "id": "bb6876b9-7f45-45fa-b6a6-a8612d9244db",
            "locations.#": "0",
            "manager": "",
            "name": "Michael Gentner",
            "profile_skills.#": "0",
            "routing_languages.#": "0",
            "routing_skills.#": "0",
            "routing_utilization.#": "0",
            "state": "inactive",
            "title": ""
          },
          "sensitive_attributes": []
        }
      ]
    },
    {
      "mode": "managed",
      "type": "genesyscloud_user",
      "name": "michael_sann_gmx_de",
      "provider": "provider[\"registry.terraform.io/-/genesyscloud\"]",
      "instances": [
        {
          "schema_version": 1,
          "attributes_flat": {
            "acd_auto_answer": "false",
            "addresses.#": "0",
            "certifications.#": "0",
            "department": "",
            "division_id": "223a1aba-4f9c-40a8-b6f1-9c1a56f04419",
            "email": "michael.sann@gmx.de",
            "employer_info.#": "0",
            "id": "57d31ce8-1b78-4711-9a77-a49cd92b0845",
            "locations.#": "0",
            "manager": "",
            "name": "Tester",
            "profile_skills.#": "0",
            "routing_languages.#": "0",
            "routing_skills.#": "0",
            "routing_utilization.#": "0",
            "state": "active",
            "title": ""
          },
          "sensitive_attributes": []
        }
      ]
    },
    {
      "mode": "managed",
      "type": "genesyscloud_user",
      "name": "michael_sann_infinit_cx",
      "provider": "provider[\"registry.terraform.io/-/genesyscloud\"]",
      "instances": [
        {
          "schema_version": 1,
          "attributes_flat": {
            "acd_auto_answer": "false",
            "addresses.#": "1",
            "addresses.0.other_emails.#": "1",
            "addresses.0.other_emails.1649127707.address": "michael.sann@infinit.cx",
            "addresses.0.other_emails.1649127707.type": "WORK",
            "addresses.0.phone_numbers.#": "2",
            "addresses.0.phone_numbers.1687980817.extension": "",
            "addresses.0.phone_numbers.1687980817.media_type": "PHONE",
            "addresses.0.phone_numbers.1687980817.number": "+4989262029959",
            "addresses.0.phone_numbers.1687980817.type": "OTHER",
            "addresses.0.phone_numbers.2937948930.extension": "",
            "addresses.0.phone_numbers.2937948930.media_type": "SMS",
            "addresses.0.phone_numbers.2937948930.number": "+491512345678",
            "addresses.0.phone_numbers.2937948930.type": "MOBILE",
            "certifications.#": "0",
            "department": "Presales and Partner Management",
            "division_id": "1ff5a765-bdc7-4946-9b65-0e855f9d92af",
            "email": "michael.sann@infinit.cx",
            "employer_info.#": "1",
            "employer_info.0.date_hire": "",
            "employer_info.0.employee_id": "10333",
            "employer_info.0.employee_type": "",
            "employer_info.0.official_name": "",
            "id": "ec4911af-17f3-4e64-b712-c32b19bf0463",
            "locations.#": "1",
            "locations.4060090086.location_id": "7409f691-5681-461f-88e3-4043d7597743",
            "locations.4060090086.notes": "",
            "manager": "29f9e580-a700-4746-b1b2-85319212aae9",
            "name": "Michael Sann",
            "profile_skills.#": "0",
            "routing_languages.#": "2",
            "routing_languages.2189809220.language_id": "23c88d88-ebbd-47e8-b928-d291eb8b68f4",
            "routing_languages.2189809220.proficiency": "5",
            "routing_languages.553218553.language_id": "1f13f828-20e9-4d01-a54a-eb4be8d80587",
            "routing_languages.553218553.proficiency": "1",
            "routing_skills.#": "10",
            "routing_skills.1614339832.proficiency": "5",
            "routing_skills.1614339832.skill_id": "6f242af7-09b8-435a-9f73-ae88dbe29ff8",
            "routing_skills.1844243771.proficiency": "5",
            "routing_skills.1844243771.skill_id": "4ef58cb1-6249-4abb-b8e1-f3cb38e0d8af",
            "routing_skills.2001422287.proficiency": "5",
            "routing_skills.2001422287.skill_id": "c1c166e9-c351-44f4-b8f2-01ecd7881300",
            "routing_skills.2113865622.proficiency": "5",
            "routing_skills.2113865622.skill_id": "edef7cc8-71bd-4daa-ae70-7deceda3972d",
            "routing_skills.3752674293.proficiency": "5",
            "routing_skills.3752674293.skill_id": "0f0e58e1-f90a-41d0-b17e-9b763b7f59e8",
            "routing_skills.3795804261.proficiency": "5",
            "routing_skills.3795804261.skill_id": "352c9085-dec5-4a19-b077-aa5292b1d52a",
            "routing_skills.3903131789.proficiency": "5",
            "routing_skills.3903131789.skill_id": "4b6c48ea-a71a-421e-b626-2311b403b619",
            "routing_skills.4018541755.proficiency": "5",
            "routing_skills.4018541755.skill_id": "249660bf-4922-45e2-ba06-644b97b768b1",
            "routing_skills.855679463.proficiency": "5",
            "routing_skills.855679463.skill_id": "6c6e2b42-fac1-440a-8f28-3e68bbe97505",
            "routing_skills.97152163.proficiency": "5",
            "routing_skills.97152163.skill_id": "a5224b21-3126-4d1f-aeb8-00e8bb9b4677",
            "routing_utilization.#": "0",
            "state": "active",
            "title": "Lead Consultant"
          },
          "sensitive_attributes": []
        }
      ]
    },
    {
      "mode": "managed",
      "type": "genesyscloud_user",
      "name": "milind_mathai_infinit_cx",
      "provider": "provider[\"registry.terraform.io/-/genesyscloud\"]",
      "instances": [
        {
          "schema_version": 1,
          "attributes_flat": {
            "acd_auto_answer": "false",
            "addresses.#": "0",
            "certifications.#": "0",
            "department": "",
            "division_id": "223a1aba-4f9c-40a8-b6f1-9c1a56f04419",
            "email": "milind.mathai@infinit.cx",
            "employer_info.#": "0",
            "id": "27715c6e-3100-4513-8413-c3180a9d62c8",
            "locations.#": "0",
            "manager": "",
            "name": "Milind Mathai",
            "profile_skills.#": "0",
            "routing_languages.#": "0",
            "routing_skills.#": "0",
            "routing_utilization.#": "0",
            "state": "active",
            "title": ""
          },
          "sensitive_attributes": []
        }
      ]
    },
    {
      "mode": "managed",
      "type": "genesyscloud_user",
      "name": "miriam_ring_vkb_de",
      "provider": "provider[\"registry.terraform.io/-/genesyscloud\"]",
      "instances": [
        {
          "schema_version": 1,
          "attributes_flat": {
            "acd_auto_answer": "false",
            "addresses.#": "0",
            "certifications.#": "0",
            "department": "6SO01",
            "division_id": "20693547-4367-47fa-b702-fcc8b375e78d",
            "email": "miriam.ring@vkb.de",
            "employer_info.#": "0",
            "id": "ccdf8a80-8e28-4715-819c-35c19b35abb2",
            "locations.#": "0",
            "manager": "18fb09cb-29fa-4ae7-b06d-8fb386c0f162",
            "name": "Miriam Ring",
            "profile_skills.#": "0",
            "routing_languages.#": "0",
            "routing_skills.#": "0",
            "routing_utilization.#": "0",
            "state": "active",
            "title": "Abteilungsleiter"
          },
          "sensitive_attributes": []
        }
      ]
    },
    {
      "mode": "managed",
      "type": "genesyscloud_user",
      "name": "mldmat_hai_gmail_com",
      "provider": "provider[\"registry.terraform.io/-/genesyscloud\"]",
      "instances": [
        {
          "schema_version": 1,
          "attributes_flat": {
            "acd_auto_answer": "false",
            "addresses.#": "0",
            "certifications.#": "0",
            "department": "",
            "division_id": "223a1aba-4f9c-40a8-b6f1-9c1a56f04419",
            "email": "mldmat.hai@gmail.com",
            "employer_info.#": "0",
            "id": "c1f68ed1-05ff-4712-aa6e-14afba4b5e8b",
            "locations.#": "0",
            "manager": "",
            "name": "testMilind2",
            "profile_skills.#": "0",
            "routing_languages.#": "0",
            "routing_skills.#": "0",
            "routing_utilization.#": "0",
            "state": "active",
            "title": ""
          },
          "sensitive_attributes": []
        }
      ]
    },
    {
      "mode": "managed",
      "type": "genesyscloud_user",
      "name": "monika_gruber_1und1_de",
      "provider": "provider[\"registry.terraform.io/-/genesyscloud\"]",
      "instances": [
        {
          "schema_version": 1,
          "attributes_flat": {
            "acd_auto_answer": "false",
            "addresses.#": "1",
            "addresses.0.other_emails.#": "0",
            "addresses.0.phone_numbers.#": "1",
            "addresses.0.phone_numbers.289722416.extension": "",
            "addresses.0.phone_numbers.289722416.media_type": "PHONE",
            "addresses.0.phone_numbers.289722416.number": "+49721913743627",
            "addresses.0.phone_numbers.289722416.type": "OTHER",
            "certifications.#": "0",
            "department": "",
            "division_id": "996a624a-50a3-4815-a40c-1a6516ff8af2",
            "email": "monika.gruber@1und1.de",
            "employer_info.#": "0",
            "id": "b109562c-759d-4199-94ca-3033d15212a0",
            "locations.#": "0",
            "manager": "",
            "name": "Monika Gruber",
            "profile_skills.#": "0",
            "routing_languages.#": "0",
            "routing_skills.#": "0",
            "routing_utilization.#": "0",
            "state": "inactive",
            "title": ""
          },
          "sensitive_attributes": []
        }
      ]
    },
    {
      "mode": "managed",
      "type": "genesyscloud_user",
      "name": "moritz_schoenwandt_1und1_de",
      "provider": "provider[\"registry.terraform.io/-/genesyscloud\"]",
      "instances": [
        {
          "schema_version": 1,
          "attributes_flat": {
            "acd_auto_answer": "false",
            "addresses.#": "1",
            "addresses.0.other_emails.#": "1",
            "addresses.0.other_emails.618769305.address": "moritz.schoenwandt@1und1.de",
            "addresses.0.other_emails.618769305.type": "WORK",
            "addresses.0.phone_numbers.#": "0",
            "certifications.#": "0",
            "department": "",
            "division_id": "223a1aba-4f9c-40a8-b6f1-9c1a56f04419",
            "email": "moritz.schoenwandt@1und1.de",
            "employer_info.#": "0",
            "id": "8f44122c-7587-47ce-ba7d-e4e7bf690e03",
            "locations.#": "0",
            "manager": "",
            "name": "Moritz Schönwandt",
            "profile_skills.#": "0",
            "routing_languages.#": "0",
            "routing_skills.#": "2",
            "routing_skills.1733421848.proficiency": "0",
            "routing_skills.1733421848.skill_id": "1a58347c-aae8-4fce-bb1e-8e2c277af840",
            "routing_skills.720214155.proficiency": "0",
            "routing_skills.720214155.skill_id": "2c63f567-3f47-4ae4-adc8-9f0774d418c8",
            "routing_utilization.#": "0",
            "state": "active",
            "title": ""
          },
          "sensitive_attributes": []
        }
      ]
    },
    {
      "mode": "managed",
      "type": "genesyscloud_user",
      "name": "myriam_riske_1und1_de",
      "provider": "provider[\"registry.terraform.io/-/genesyscloud\"]",
      "instances": [
        {
          "schema_version": 1,
          "attributes_flat": {
            "acd_auto_answer": "false",
            "addresses.#": "1",
            "addresses.0.other_emails.#": "1",
            "addresses.0.other_emails.3094699490.address": "myriam.riske@1und1.de",
            "addresses.0.other_emails.3094699490.type": "WORK",
            "addresses.0.phone_numbers.#": "0",
            "certifications.#": "0",
            "department": "",
            "division_id": "223a1aba-4f9c-40a8-b6f1-9c1a56f04419",
            "email": "myriam.riske@1und1.de",
            "employer_info.#": "0",
            "id": "054676fe-41cf-4bd5-a7e4-a7abc2b0855d",
            "locations.#": "0",
            "manager": "",
            "name": "Myriam Riske",
            "profile_skills.#": "0",
            "routing_languages.#": "0",
            "routing_skills.#": "2",
            "routing_skills.1733421848.proficiency": "0",
            "routing_skills.1733421848.skill_id": "1a58347c-aae8-4fce-bb1e-8e2c277af840",
            "routing_skills.720214155.proficiency": "0",
            "routing_skills.720214155.skill_id": "2c63f567-3f47-4ae4-adc8-9f0774d418c8",
            "routing_utilization.#": "0",
            "state": "active",
            "title": ""
          },
          "sensitive_attributes": []
        }
      ]
    },
    {
      "mode": "managed",
      "type": "genesyscloud_user",
      "name": "o_b_krieger_gmail_com",
      "provider": "provider[\"registry.terraform.io/-/genesyscloud\"]",
      "instances": [
        {
          "schema_version": 1,
          "attributes_flat": {
            "acd_auto_answer": "false",
            "addresses.#": "0",
            "certifications.#": "0",
            "department": "SSaalleess",
            "division_id": "223a1aba-4f9c-40a8-b6f1-9c1a56f04419",
            "email": "o.b.krieger@gmail.com",
            "employer_info.#": "0",
            "id": "bf83e3b2-df44-41f5-be06-0b1b7c5ce549",
            "locations.#": "1",
            "locations.4060090086.location_id": "7409f691-5681-461f-88e3-4043d7597743",
            "locations.4060090086.notes": "",
            "manager": "",
            "name": "Bernhard Krieger",
            "profile_skills.#": "0",
            "routing_languages.#": "0",
            "routing_skills.#": "3",
            "routing_skills.1413353059.proficiency": "1",
            "routing_skills.1413353059.skill_id": "e2cbfceb-53dd-4540-a7ba-7725ceff3996",
            "routing_skills.2288911979.proficiency": "3",
            "routing_skills.2288911979.skill_id": "a5224b21-3126-4d1f-aeb8-00e8bb9b4677",
            "routing_skills.3724110639.proficiency": "2",
            "routing_skills.3724110639.skill_id": "4ef58cb1-6249-4abb-b8e1-f3cb38e0d8af",
            "routing_utilization.#": "0",
            "state": "active",
            "title": "TTiitteell"
          },
          "sensitive_attributes": []
        }
      ]
    },
    {
      "mode": "managed",
      "type": "genesyscloud_user",
      "name": "oliver_bohl_infinit_cx",
      "provider": "provider[\"registry.terraform.io/-/genesyscloud\"]",
      "instances": [
        {
          "schema_version": 1,
          "attributes_flat": {
            "acd_auto_answer": "false",
            "addresses.#": "0",
            "certifications.#": "0",
            "department": "",
            "division_id": "1ff5a765-bdc7-4946-9b65-0e855f9d92af",
            "email": "oliver.bohl@infinit.cx",
            "employer_info.#": "0",
            "id": "f433607a-60e5-4fa3-92cd-6595cc964fd5",
            "locations.#": "0",
            "manager": "",
            "name": "Oliver Bohl",
            "profile_skills.#": "0",
            "routing_languages.#": "0",
            "routing_skills.#": "1",
            "routing_skills.3752674293.proficiency": "5",
            "routing_skills.3752674293.skill_id": "0f0e58e1-f90a-41d0-b17e-9b763b7f59e8",
            "routing_utilization.#": "0",
            "state": "active",
            "title": ""
          },
          "sensitive_attributes": []
        }
      ]
    },
    {
      "mode": "managed",
      "type": "genesyscloud_user",
      "name": "oliver_krieger_infinit_cx",
      "provider": "provider[\"registry.terraform.io/-/genesyscloud\"]",
      "instances": [
        {
          "schema_version": 1,
          "attributes_flat": {
            "acd_auto_answer": "false",
            "addresses.#": "1",
            "addresses.0.other_emails.#": "1",
            "addresses.0.other_emails.3129691372.address": "oliver.krieger@infinit.cx",
            "addresses.0.other_emails.3129691372.type": "WORK",
            "addresses.0.phone_numbers.#": "2",
            "addresses.0.phone_numbers.115636572.extension": "",
            "addresses.0.phone_numbers.115636572.media_type": "PHONE",
            "addresses.0.phone_numbers.115636572.number": "+4989262029935",
            "addresses.0.phone_numbers.115636572.type": "OTHER",
            "addresses.0.phone_numbers.2178399251.extension": "",
            "addresses.0.phone_numbers.2178399251.media_type": "SMS",
            "addresses.0.phone_numbers.2178399251.number": "+491757224680",
            "addresses.0.phone_numbers.2178399251.type": "MOBILE",
            "certifications.#": "0",
            "department": "Team Cloud",
            "division_id": "223a1aba-4f9c-40a8-b6f1-9c1a56f04419",
            "email": "oliver.krieger@infinit.cx",
            "employer_info.#": "1",
            "employer_info.0.date_hire": "",
            "employer_info.0.employee_id": "10339",
            "employer_info.0.employee_type": "",
            "employer_info.0.official_name": "",
            "id": "a1bb983a-f125-410e-99f3-f7cc6bdbb74d",
            "locations.#": "0",
            "manager": "f594c02c-24f4-4688-854c-32073bc99b1a",
            "name": "Oliver Krieger",
            "profile_skills.#": "0",
            "routing_languages.#": "0",
            "routing_skills.#": "1",
            "routing_skills.3786735637.proficiency": "0",
            "routing_skills.3786735637.skill_id": "f66085dc-079d-4a36-82ee-4d354ac82498",
            "routing_utilization.#": "0",
            "state": "active",
            "title": "Senior Solution Consultant"
          },
          "sensitive_attributes": []
        }
      ]
    },
    {
      "mode": "managed",
      "type": "genesyscloud_user",
      "name": "orhan_ates_infinit_cx",
      "provider": "provider[\"registry.terraform.io/-/genesyscloud\"]",
      "instances": [
        {
          "schema_version": 1,
          "attributes_flat": {
            "acd_auto_answer": "false",
            "addresses.#": "1",
            "addresses.0.other_emails.#": "1",
            "addresses.0.other_emails.4263933842.address": "orhan.ates@infinit.cx",
            "addresses.0.other_emails.4263933842.type": "WORK",
            "addresses.0.phone_numbers.#": "2",
            "addresses.0.phone_numbers.1221426822.extension": "",
            "addresses.0.phone_numbers.1221426822.media_type": "SMS",
            "addresses.0.phone_numbers.1221426822.number": "+491724055229",
            "addresses.0.phone_numbers.1221426822.type": "MOBILE",
            "addresses.0.phone_numbers.2055560327.extension": "",
            "addresses.0.phone_numbers.2055560327.media_type": "PHONE",
            "addresses.0.phone_numbers.2055560327.number": "+4989262029905",
            "addresses.0.phone_numbers.2055560327.type": "OTHER",
            "certifications.#": "0",
            "department": "Team Cloud",
            "division_id": "223a1aba-4f9c-40a8-b6f1-9c1a56f04419",
            "email": "orhan.ates@infinit.cx",
            "employer_info.#": "1",
            "employer_info.0.date_hire": "",
            "employer_info.0.employee_id": "10326",
            "employer_info.0.employee_type": "",
            "employer_info.0.official_name": "",
            "id": "fc1e72d3-1640-4277-b2b4-f49c0d79b40f",
            "locations.#": "0",
            "manager": "",
            "name": "Orhan Ates",
            "profile_skills.#": "0",
            "routing_languages.#": "0",
            "routing_skills.#": "0",
            "routing_utilization.#": "0",
            "state": "active",
            "title": "Senior Project Manager"
          },
          "sensitive_attributes": []
        }
      ]
    },
    {
      "mode": "managed",
      "type": "genesyscloud_user",
      "name": "p_riepshoff_deliberate_de",
      "provider": "provider[\"registry.terraform.io/-/genesyscloud\"]",
      "instances": [
        {
          "schema_version": 1,
          "attributes_flat": {
            "acd_auto_answer": "false",
            "addresses.#": "0",
            "certifications.#": "0",
            "department": "",
            "division_id": "223a1aba-4f9c-40a8-b6f1-9c1a56f04419",
            "email": "p.riepshoff@deliberate.de",
            "employer_info.#": "0",
            "id": "ca7792a2-9e4d-4256-b476-e525ec50fb02",
            "locations.#": "0",
            "manager": "",
            "name": "Phillip Riepshoff",
            "profile_skills.#": "0",
            "routing_languages.#": "0",
            "routing_skills.#": "0",
            "routing_utilization.#": "0",
            "state": "active",
            "title": ""
          },
          "sensitive_attributes": []
        }
      ]
    },
    {
      "mode": "managed",
      "type": "genesyscloud_user",
      "name": "p_schneider_deliberate_de",
      "provider": "provider[\"registry.terraform.io/-/genesyscloud\"]",
      "instances": [
        {
          "schema_version": 1,
          "attributes_flat": {
            "acd_auto_answer": "false",
            "addresses.#": "1",
            "addresses.0.other_emails.#": "0",
            "addresses.0.phone_numbers.#": "1",
            "addresses.0.phone_numbers.2340704465.extension": "",
            "addresses.0.phone_numbers.2340704465.media_type": "PHONE",
            "addresses.0.phone_numbers.2340704465.number": "+4970335488433",
            "addresses.0.phone_numbers.2340704465.type": "WORK",
            "certifications.#": "0",
            "department": "",
            "division_id": "1ff5a765-bdc7-4946-9b65-0e855f9d92af",
            "email": "p.schneider@deliberate.de",
            "employer_info.#": "0",
            "id": "3009efe5-8983-4686-bdc5-66dc1e3a815d",
            "locations.#": "0",
            "manager": "",
            "name": "Pierre Schneider",
            "profile_skills.#": "0",
            "routing_languages.#": "0",
            "routing_skills.#": "1",
            "routing_skills.3752674293.proficiency": "5",
            "routing_skills.3752674293.skill_id": "0f0e58e1-f90a-41d0-b17e-9b763b7f59e8",
            "routing_utilization.#": "0",
            "state": "active",
            "title": "Technical Consultant CX"
          },
          "sensitive_attributes": []
        }
      ]
    },
    {
      "mode": "managed",
      "type": "genesyscloud_user",
      "name": "paul_wyszynski_jamitlabs_com",
      "provider": "provider[\"registry.terraform.io/-/genesyscloud\"]",
      "instances": [
        {
          "schema_version": 1,
          "attributes_flat": {
            "acd_auto_answer": "false",
            "addresses.#": "1",
            "addresses.0.other_emails.#": "1",
            "addresses.0.other_emails.3132672763.address": "paul.wyszynski@jamitlabs.com",
            "addresses.0.other_emails.3132672763.type": "WORK",
            "addresses.0.phone_numbers.#": "0",
            "certifications.#": "0",
            "department": "",
            "division_id": "223a1aba-4f9c-40a8-b6f1-9c1a56f04419",
            "email": "paul.wyszynski@jamitlabs.com",
            "employer_info.#": "0",
            "id": "6c4eb2b4-f8f7-4ab5-9780-41f01eaa8bc9",
            "locations.#": "0",
            "manager": "",
            "name": "Paul Wyszynski",
            "profile_skills.#": "0",
            "routing_languages.#": "0",
            "routing_skills.#": "2",
            "routing_skills.1733421848.proficiency": "0",
            "routing_skills.1733421848.skill_id": "1a58347c-aae8-4fce-bb1e-8e2c277af840",
            "routing_skills.720214155.proficiency": "0",
            "routing_skills.720214155.skill_id": "2c63f567-3f47-4ae4-adc8-9f0774d418c8",
            "routing_utilization.#": "0",
            "state": "active",
            "title": ""
          },
          "sensitive_attributes": []
        }
      ]
    },
    {
      "mode": "managed",
      "type": "genesyscloud_user",
      "name": "peter_aschenbrenner_1und1_de",
      "provider": "provider[\"registry.terraform.io/-/genesyscloud\"]",
      "instances": [
        {
          "schema_version": 1,
          "attributes_flat": {
            "acd_auto_answer": "false",
            "addresses.#": "1",
            "addresses.0.other_emails.#": "1",
            "addresses.0.other_emails.4231593297.address": "peter.aschenbrenner@1und1.de",
            "addresses.0.other_emails.4231593297.type": "WORK",
            "addresses.0.phone_numbers.#": "1",
            "addresses.0.phone_numbers.3842858059.extension": "+116",
            "addresses.0.phone_numbers.3842858059.media_type": "PHONE",
            "addresses.0.phone_numbers.3842858059.number": "+116",
            "addresses.0.phone_numbers.3842858059.type": "WORK2",
            "certifications.#": "0",
            "department": "",
            "division_id": "05ae812a-cd0b-4a2b-89c1-0a40a5a7b7c7",
            "email": "peter.aschenbrenner@1und1.de",
            "employer_info.#": "0",
            "id": "eead18b3-e576-47c3-a95e-5e919394129f",
            "locations.#": "0",
            "manager": "",
            "name": "Peter Aschenbrenner",
            "profile_skills.#": "0",
            "routing_languages.#": "1",
            "routing_languages.1780420077.language_id": "b461899e-1bda-44ef-bc63-6c4e97ae755f",
            "routing_languages.1780420077.proficiency": "4",
            "routing_skills.#": "29",
            "routing_skills.1189182528.proficiency": "0",
            "routing_skills.1189182528.skill_id": "960c1e56-8b11-4eba-95d1-f752ecf18ad7",
            "routing_skills.1200354375.proficiency": "0",
            "routing_skills.1200354375.skill_id": "e89be700-8c42-4c77-8e00-aeb65e88c702",
            "routing_skills.1357304556.proficiency": "0",
            "routing_skills.1357304556.skill_id": "5fe34a20-1ce0-4805-be9e-fcf1eb5b89d0",
            "routing_skills.1800441130.proficiency": "0",
            "routing_skills.1800441130.skill_id": "d41a1033-d755-4d04-9320-da9add74df26",
            "routing_skills.1842616081.proficiency": "0",
            "routing_skills.1842616081.skill_id": "ff400529-3a5b-4a82-94a7-2653e591a039",
            "routing_skills.2314243829.proficiency": "0",
            "routing_skills.2314243829.skill_id": "f9be8a68-f5e2-4759-851d-7a6f743d43f5",
            "routing_skills.2354595759.proficiency": "0",
            "routing_skills.2354595759.skill_id": "67205fa2-154e-4d5a-b02b-c5cefc9dab02",
            "routing_skills.2361147275.proficiency": "0",
            "routing_skills.2361147275.skill_id": "3042d8f1-368d-4ea9-b002-17e49d634c72",
            "routing_skills.2454628064.proficiency": "0",
            "routing_skills.2454628064.skill_id": "27bcd76e-d7d8-4c3a-85e6-5cb5f0ecad30",
            "routing_skills.2559771716.proficiency": "0",
            "routing_skills.2559771716.skill_id": "f4ac3133-8d3a-4509-b3c0-d8f506c57153",
            "routing_skills.2730488170.proficiency": "0",
            "routing_skills.2730488170.skill_id": "d8f78529-f30f-4fe3-82da-f5c073503511",
            "routing_skills.2747472999.proficiency": "0",
            "routing_skills.2747472999.skill_id": "75a9da1a-b195-40e4-8fc8-977984f8bc23",
            "routing_skills.2766783771.proficiency": "0",
            "routing_skills.2766783771.skill_id": "c4da3e8e-5b17-446d-bd90-673acd0951e1",
            "routing_skills.2859978157.proficiency": "0",
            "routing_skills.2859978157.skill_id": "16ffb209-8e64-445a-bc09-378abffe8553",
            "routing_skills.2995453477.proficiency": "0",
            "routing_skills.2995453477.skill_id": "09524709-4e1f-4b36-aaed-51fe1aa131de",
            "routing_skills.3051366628.proficiency": "0",
            "routing_skills.3051366628.skill_id": "1a54eb12-10f3-4749-aba6-a43d4db05b6b",
            "routing_skills.3065149506.proficiency": "0",
            "routing_skills.3065149506.skill_id": "2e770b86-a91e-4a62-abc7-32bc5e93b4f1",
            "routing_skills.330180911.proficiency": "0",
            "routing_skills.330180911.skill_id": "92b0bc05-dfdd-4202-a22e-9daf48640972",
            "routing_skills.3412739051.proficiency": "0",
            "routing_skills.3412739051.skill_id": "daa38fe3-a703-4216-a7fe-1e8504e726af",
            "routing_skills.3481541067.proficiency": "0",
            "routing_skills.3481541067.skill_id": "817dbed8-2c3f-474f-897e-246206a21cb3",
            "routing_skills.3573701533.proficiency": "0",
            "routing_skills.3573701533.skill_id": "a4e2017e-560f-4fc9-b686-d07700aa1037",
            "routing_skills.3590735202.proficiency": "0",
            "routing_skills.3590735202.skill_id": "71063408-14ed-487a-881c-1e764e909b1f",
            "routing_skills.4183711045.proficiency": "0",
            "routing_skills.4183711045.skill_id": "b0c9d413-ffb9-4bf9-a567-a74a8606b82d",
            "routing_skills.423096047.proficiency": "0",
            "routing_skills.423096047.skill_id": "f85ab542-146c-483d-aae4-3805f17ef9fa",
            "routing_skills.47731983.proficiency": "0",
            "routing_skills.47731983.skill_id": "94cd029c-89a9-4fe4-9715-0552915dcde6",
            "routing_skills.489732398.proficiency": "0",
            "routing_skills.489732398.skill_id": "ef23a48c-573d-4ace-a218-a41c2d5c2e95",
            "routing_skills.659464877.proficiency": "0",
            "routing_skills.659464877.skill_id": "e629c5a9-b683-4f46-a201-f8c0766c71a0",
            "routing_skills.706837459.proficiency": "0",
            "routing_skills.706837459.skill_id": "5d6b06a1-c681-4b70-aa7d-969de0a85f18",
            "routing_skills.720214155.proficiency": "0",
            "routing_skills.720214155.skill_id": "2c63f567-3f47-4ae4-adc8-9f0774d418c8",
            "routing_utilization.#": "0",
            "state": "active",
            "title": ""
          },
          "sensitive_attributes": []
        }
      ]
    },
    {
      "mode": "managed",
      "type": "genesyscloud_user",
      "name": "peter_eskofier_dummy_de",
      "provider": "provider[\"registry.terraform.io/-/genesyscloud\"]",
      "instances": [
        {
          "schema_version": 1,
          "attributes_flat": {
            "acd_auto_answer": "false",
            "addresses.#": "0",
            "certifications.#": "0",
            "department": "",
            "division_id": "223a1aba-4f9c-40a8-b6f1-9c1a56f04419",
            "email": "peter.eskofier@dummy.de",
            "employer_info.#": "0",
            "id": "fab6adad-049e-4a67-9f87-aa065aa80eff",
            "locations.#": "0",
            "manager": "",
            "name": "Peter Eskofier Test",
            "profile_skills.#": "0",
            "routing_languages.#": "0",
            "routing_skills.#": "0",
            "routing_utilization.#": "0",
            "state": "active",
            "title": ""
          },
          "sensitive_attributes": []
        }
      ]
    },
    {
      "mode": "managed",
      "type": "genesyscloud_user",
      "name": "peter_eskofier_infinit_cx",
      "provider": "provider[\"registry.terraform.io/-/genesyscloud\"]",
      "instances": [
        {
          "schema_version": 1,
          "attributes_flat": {
            "acd_auto_answer": "false",
            "addresses.#": "1",
            "addresses.0.other_emails.#": "1",
            "addresses.0.other_emails.3322943935.address": "peter.eskofier@infinit.cx",
            "addresses.0.other_emails.3322943935.type": "WORK",
            "addresses.0.phone_numbers.#": "2",
            "addresses.0.phone_numbers.2182946992.extension": "",
            "addresses.0.phone_numbers.2182946992.media_type": "PHONE",
            "addresses.0.phone_numbers.2182946992.number": "+4991195151011",
            "addresses.0.phone_numbers.2182946992.type": "OTHER",
            "addresses.0.phone_numbers.673661297.extension": "720",
            "addresses.0.phone_numbers.673661297.media_type": "PHONE",
            "addresses.0.phone_numbers.673661297.number": "720",
            "addresses.0.phone_numbers.673661297.type": "WORK3",
            "certifications.#": "0",
            "department": "Team Cloud",
            "division_id": "223a1aba-4f9c-40a8-b6f1-9c1a56f04419",
            "email": "peter.eskofier@infinit.cx",
            "employer_info.#": "1",
            "employer_info.0.date_hire": "",
            "employer_info.0.employee_id": "10349",
            "employer_info.0.employee_type": "",
            "employer_info.0.official_name": "",
            "id": "0b497904-6a27-4255-a48b-5e9d4407b6f9",
            "locations.#": "1",
            "locations.4060090086.location_id": "7409f691-5681-461f-88e3-4043d7597743",
            "locations.4060090086.notes": "",
            "manager": "f594c02c-24f4-4688-854c-32073bc99b1a",
            "name": "Peter Eskofier",
            "profile_skills.#": "0",
            "routing_languages.#": "0",
            "routing_skills.#": "0",
            "routing_utilization.#": "0",
            "state": "active",
            "title": "Senior Solution Consultant"
          },
          "sensitive_attributes": []
        }
      ]
    },
    {
      "mode": "managed",
      "type": "genesyscloud_user",
      "name": "philipp_riske_1und1_de",
      "provider": "provider[\"registry.terraform.io/-/genesyscloud\"]",
      "instances": [
        {
          "schema_version": 1,
          "attributes_flat": {
            "acd_auto_answer": "false",
            "addresses.#": "1",
            "addresses.0.other_emails.#": "1",
            "addresses.0.other_emails.1185719611.address": "philipp.riske@1und1.de",
            "addresses.0.other_emails.1185719611.type": "WORK",
            "addresses.0.phone_numbers.#": "0",
            "certifications.#": "0",
            "department": "",
            "division_id": "223a1aba-4f9c-40a8-b6f1-9c1a56f04419",
            "email": "philipp.riske@1und1.de",
            "employer_info.#": "0",
            "id": "9c343bff-edb7-46d2-ad3a-e9d3e7a1b09f",
            "locations.#": "0",
            "manager": "",
            "name": "Philipp Riske",
            "profile_skills.#": "0",
            "routing_languages.#": "0",
            "routing_skills.#": "2",
            "routing_skills.1733421848.proficiency": "0",
            "routing_skills.1733421848.skill_id": "1a58347c-aae8-4fce-bb1e-8e2c277af840",
            "routing_skills.720214155.proficiency": "0",
            "routing_skills.720214155.skill_id": "2c63f567-3f47-4ae4-adc8-9f0774d418c8",
            "routing_utilization.#": "0",
            "state": "active",
            "title": ""
          },
          "sensitive_attributes": []
        }
      ]
    },
    {
      "mode": "managed",
      "type": "genesyscloud_user",
      "name": "philipppeters_hotmail_com",
      "provider": "provider[\"registry.terraform.io/-/genesyscloud\"]",
      "instances": [
        {
          "schema_version": 1,
          "attributes_flat": {
            "acd_auto_answer": "false",
            "addresses.#": "0",
            "certifications.#": "0",
            "department": "",
            "division_id": "223a1aba-4f9c-40a8-b6f1-9c1a56f04419",
            "email": "philipppeters@hotmail.com",
            "employer_info.#": "0",
            "id": "112e16c5-fb8f-488e-9b14-2d24405545c3",
            "locations.#": "0",
            "manager": "",
            "name": "Philipp Peters",
            "profile_skills.#": "0",
            "routing_languages.#": "0",
            "routing_skills.#": "45",
            "routing_skills.1189182528.proficiency": "0",
            "routing_skills.1189182528.skill_id": "960c1e56-8b11-4eba-95d1-f752ecf18ad7",
            "routing_skills.1200354375.proficiency": "0",
            "routing_skills.1200354375.skill_id": "e89be700-8c42-4c77-8e00-aeb65e88c702",
            "routing_skills.1357304556.proficiency": "0",
            "routing_skills.1357304556.skill_id": "5fe34a20-1ce0-4805-be9e-fcf1eb5b89d0",
            "routing_skills.1733421848.proficiency": "0",
            "routing_skills.1733421848.skill_id": "1a58347c-aae8-4fce-bb1e-8e2c277af840",
            "routing_skills.1753358821.proficiency": "0",
            "routing_skills.1753358821.skill_id": "ed187f61-ce74-43e3-97ec-a352645386d4",
            "routing_skills.1800441130.proficiency": "0",
            "routing_skills.1800441130.skill_id": "d41a1033-d755-4d04-9320-da9add74df26",
            "routing_skills.1842616081.proficiency": "0",
            "routing_skills.1842616081.skill_id": "ff400529-3a5b-4a82-94a7-2653e591a039",
            "routing_skills.1892513839.proficiency": "0",
            "routing_skills.1892513839.skill_id": "e8abe21b-f703-4a25-9272-d49d2a8c6481",
            "routing_skills.2059884532.proficiency": "0",
            "routing_skills.2059884532.skill_id": "0938e766-1909-49fd-b378-fa0a5ac1496a",
            "routing_skills.2213582191.proficiency": "0",
            "routing_skills.2213582191.skill_id": "0eb0f8b5-d90d-402f-a49e-026f67938448",
            "routing_skills.2278492968.proficiency": "0",
            "routing_skills.2278492968.skill_id": "7f98454e-1357-4114-af88-7288ff54c7df",
            "routing_skills.2314243829.proficiency": "0",
            "routing_skills.2314243829.skill_id": "f9be8a68-f5e2-4759-851d-7a6f743d43f5",
            "routing_skills.2325424040.proficiency": "0",
            "routing_skills.2325424040.skill_id": "c585a041-046b-4a32-9f14-5a7b2d6ab680",
            "routing_skills.2354595759.proficiency": "0",
            "routing_skills.2354595759.skill_id": "67205fa2-154e-4d5a-b02b-c5cefc9dab02",
            "routing_skills.2361147275.proficiency": "0",
            "routing_skills.2361147275.skill_id": "3042d8f1-368d-4ea9-b002-17e49d634c72",
            "routing_skills.2446112903.proficiency": "0",
            "routing_skills.2446112903.skill_id": "3e3a7be5-21cc-458d-8730-7f7fc4cfbbb1",
            "routing_skills.2454628064.proficiency": "0",
            "routing_skills.2454628064.skill_id": "27bcd76e-d7d8-4c3a-85e6-5cb5f0ecad30",
            "routing_skills.251672839.proficiency": "0",
            "routing_skills.251672839.skill_id": "2090c573-88f6-4235-a869-99f4e1ce00ce",
            "routing_skills.2559771716.proficiency": "0",
            "routing_skills.2559771716.skill_id": "f4ac3133-8d3a-4509-b3c0-d8f506c57153",
            "routing_skills.260357044.proficiency": "0",
            "routing_skills.260357044.skill_id": "b8ad5246-752b-4238-9c65-f80bdd7ba691",
            "routing_skills.2730488170.proficiency": "0",
            "routing_skills.2730488170.skill_id": "d8f78529-f30f-4fe3-82da-f5c073503511",
            "routing_skills.2766783771.proficiency": "0",
            "routing_skills.2766783771.skill_id": "c4da3e8e-5b17-446d-bd90-673acd0951e1",
            "routing_skills.2859978157.proficiency": "0",
            "routing_skills.2859978157.skill_id": "16ffb209-8e64-445a-bc09-378abffe8553",
            "routing_skills.2995453477.proficiency": "0",
            "routing_skills.2995453477.skill_id": "09524709-4e1f-4b36-aaed-51fe1aa131de",
            "routing_skills.3051366628.proficiency": "0",
            "routing_skills.3051366628.skill_id": "1a54eb12-10f3-4749-aba6-a43d4db05b6b",
            "routing_skills.3065149506.proficiency": "0",
            "routing_skills.3065149506.skill_id": "2e770b86-a91e-4a62-abc7-32bc5e93b4f1",
            "routing_skills.3224148036.proficiency": "0",
            "routing_skills.3224148036.skill_id": "393f5d8a-4080-425c-98cb-407542ce5d50",
            "routing_skills.3257980729.proficiency": "0",
            "routing_skills.3257980729.skill_id": "c7da4203-69a1-4a65-9bc1-36b78e74148f",
            "routing_skills.330180911.proficiency": "0",
            "routing_skills.330180911.skill_id": "92b0bc05-dfdd-4202-a22e-9daf48640972",
            "routing_skills.3353183032.proficiency": "0",
            "routing_skills.3353183032.skill_id": "73df37de-4c9b-4aa8-82e1-31c04f658838",
            "routing_skills.3412739051.proficiency": "0",
            "routing_skills.3412739051.skill_id": "daa38fe3-a703-4216-a7fe-1e8504e726af",
            "routing_skills.3481541067.proficiency": "0",
            "routing_skills.3481541067.skill_id": "817dbed8-2c3f-474f-897e-246206a21cb3",
            "routing_skills.349903961.proficiency": "0",
            "routing_skills.349903961.skill_id": "0f0e58e1-f90a-41d0-b17e-9b763b7f59e8",
            "routing_skills.3514736476.proficiency": "0",
            "routing_skills.3514736476.skill_id": "afa0726a-346e-4c7f-99af-2b33329d40df",
            "routing_skills.3573701533.proficiency": "0",
            "routing_skills.3573701533.skill_id": "a4e2017e-560f-4fc9-b686-d07700aa1037",
            "routing_skills.3590735202.proficiency": "0",
            "routing_skills.3590735202.skill_id": "71063408-14ed-487a-881c-1e764e909b1f",
            "routing_skills.4183711045.proficiency": "0",
            "routing_skills.4183711045.skill_id": "b0c9d413-ffb9-4bf9-a567-a74a8606b82d",
            "routing_skills.423096047.proficiency": "0",
            "routing_skills.423096047.skill_id": "f85ab542-146c-483d-aae4-3805f17ef9fa",
            "routing_skills.4239098805.proficiency": "0",
            "routing_skills.4239098805.skill_id": "8ac8eabb-d8b9-4864-b434-7b54fe66f063",
            "routing_skills.476704732.proficiency": "0",
            "routing_skills.476704732.skill_id": "e466f6ec-42e7-4edb-b3c3-db7e29925c7a",
            "routing_skills.489732398.proficiency": "0",
            "routing_skills.489732398.skill_id": "ef23a48c-573d-4ace-a218-a41c2d5c2e95",
            "routing_skills.659464877.proficiency": "0",
            "routing_skills.659464877.skill_id": "e629c5a9-b683-4f46-a201-f8c0766c71a0",
            "routing_skills.706837459.proficiency": "0",
            "routing_skills.706837459.skill_id": "5d6b06a1-c681-4b70-aa7d-969de0a85f18",
            "routing_skills.720214155.proficiency": "0",
            "routing_skills.720214155.skill_id": "2c63f567-3f47-4ae4-adc8-9f0774d418c8",
            "routing_skills.791526653.proficiency": "0",
            "routing_skills.791526653.skill_id": "f75be404-cc4c-4c60-85db-e1d034689551",
            "routing_utilization.#": "0",
            "state": "active",
            "title": ""
          },
          "sensitive_attributes": []
        }
      ]
    },
    {
      "mode": "managed",
      "type": "genesyscloud_user",
      "name": "quirin_plenk_infinit_cx",
      "provider": "provider[\"registry.terraform.io/-/genesyscloud\"]",
      "instances": [
        {
          "schema_version": 1,
          "attributes_flat": {
            "acd_auto_answer": "false",
            "addresses.#": "0",
            "certifications.#": "0",
            "department": "",
            "division_id": "1ff5a765-bdc7-4946-9b65-0e855f9d92af",
            "email": "quirin.plenk@infinit.cx",
            "employer_info.#": "0",
            "id": "32a35d2e-4ccf-4f5e-b161-f6668df4739c",
            "locations.#": "0",
            "manager": "",
            "name": "Quirin Plenk",
            "profile_skills.#": "0",
            "routing_languages.#": "0",
            "routing_skills.#": "1",
            "routing_skills.3752674293.proficiency": "5",
            "routing_skills.3752674293.skill_id": "0f0e58e1-f90a-41d0-b17e-9b763b7f59e8",
            "routing_utilization.#": "0",
            "state": "active",
            "title": ""
          },
          "sensitive_attributes": []
        }
      ]
    },
    {
      "mode": "managed",
      "type": "genesyscloud_user",
      "name": "rainer_baumgaertel_gmail_com",
      "provider": "provider[\"registry.terraform.io/-/genesyscloud\"]",
      "instances": [
        {
          "schema_version": 1,
          "attributes_flat": {
            "acd_auto_answer": "false",
            "addresses.#": "0",
            "certifications.#": "0",
            "department": "",
            "division_id": "223a1aba-4f9c-40a8-b6f1-9c1a56f04419",
            "email": "rainer.baumgaertel@gmail.com",
            "employer_info.#": "0",
            "id": "1d871e6d-f559-4db7-8f17-eb065cb1e124",
            "locations.#": "0",
            "manager": "",
            "name": "Rainer B. Extern",
            "profile_skills.#": "0",
            "routing_languages.#": "0",
            "routing_skills.#": "0",
            "routing_utilization.#": "0",
            "state": "active",
            "title": ""
          },
          "sensitive_attributes": []
        }
      ]
    },
    {
      "mode": "managed",
      "type": "genesyscloud_user",
      "name": "rainer_baumgaertel_infinit_cx",
      "provider": "provider[\"registry.terraform.io/-/genesyscloud\"]",
      "instances": [
        {
          "schema_version": 1,
          "attributes_flat": {
            "acd_auto_answer": "false",
            "addresses.#": "0",
            "certifications.#": "0",
            "department": "",
            "division_id": "223a1aba-4f9c-40a8-b6f1-9c1a56f04419",
            "email": "rainer.baumgaertel@infinit.cx",
            "employer_info.#": "0",
            "id": "d4efc07a-3999-4333-9e72-955d731fb46c",
            "locations.#": "0",
            "manager": "",
            "name": "Rainer Baumgärtel",
            "profile_skills.#": "0",
            "routing_languages.#": "2",
            "routing_languages.2189809220.language_id": "23c88d88-ebbd-47e8-b928-d291eb8b68f4",
            "routing_languages.2189809220.proficiency": "5",
            "routing_languages.3678519244.language_id": "6920b33a-1637-463e-ac3b-7f452ad80e13",
            "routing_languages.3678519244.proficiency": "4",
            "routing_skills.#": "1",
            "routing_skills.2001422287.proficiency": "5",
            "routing_skills.2001422287.skill_id": "c1c166e9-c351-44f4-b8f2-01ecd7881300",
            "routing_utilization.#": "1",
            "routing_utilization.0.call.#": "1",
            "routing_utilization.0.call.0.include_non_acd": "false",
            "routing_utilization.0.call.0.interruptible_media_types.#": "0",
            "routing_utilization.0.call.0.maximum_capacity": "2",
            "routing_utilization.0.callback.#": "1",
            "routing_utilization.0.callback.0.include_non_acd": "false",
            "routing_utilization.0.callback.0.interruptible_media_types.#": "0",
            "routing_utilization.0.callback.0.maximum_capacity": "1",
            "routing_utilization.0.chat.#": "1",
            "routing_utilization.0.chat.0.include_non_acd": "false",
            "routing_utilization.0.chat.0.interruptible_media_types.#": "2",
            "routing_utilization.0.chat.0.interruptible_media_types.2728695085": "call",
            "routing_utilization.0.chat.0.interruptible_media_types.881205744": "email",
            "routing_utilization.0.chat.0.maximum_capacity": "3",
            "routing_utilization.0.email.#": "1",
            "routing_utilization.0.email.0.include_non_acd": "false",
            "routing_utilization.0.email.0.interruptible_media_types.#": "3",
            "routing_utilization.0.email.0.interruptible_media_types.1433391533": "chat",
            "routing_utilization.0.email.0.interruptible_media_types.2728695085": "call",
            "routing_utilization.0.email.0.interruptible_media_types.2977790496": "callback",
            "routing_utilization.0.email.0.maximum_capacity": "1",
            "routing_utilization.0.message.#": "1",
            "routing_utilization.0.message.0.include_non_acd": "false",
            "routing_utilization.0.message.0.interruptible_media_types.#": "1",
            "routing_utilization.0.message.0.interruptible_media_types.2728695085": "call",
            "routing_utilization.0.message.0.maximum_capacity": "4",
            "state": "active",
            "title": ""
          },
          "sensitive_attributes": []
        }
      ]
    },
    {
      "mode": "managed",
      "type": "genesyscloud_user",
      "name": "rk_questnet_de",
      "provider": "provider[\"registry.terraform.io/-/genesyscloud\"]",
      "instances": [
        {
          "schema_version": 1,
          "attributes_flat": {
            "acd_auto_answer": "false",
            "addresses.#": "1",
            "addresses.0.other_emails.#": "0",
            "addresses.0.phone_numbers.#": "1",
            "addresses.0.phone_numbers.3327924684.extension": "722",
            "addresses.0.phone_numbers.3327924684.media_type": "PHONE",
            "addresses.0.phone_numbers.3327924684.number": "722",
            "addresses.0.phone_numbers.3327924684.type": "WORK3",
            "certifications.#": "0",
            "department": "",
            "division_id": "223a1aba-4f9c-40a8-b6f1-9c1a56f04419",
            "email": "rk@questnet.de",
            "employer_info.#": "0",
            "id": "99371601-f35f-41b3-a1a9-c745c8532e94",
            "locations.#": "0",
            "manager": "",
            "name": "Rene Kockisch",
            "profile_skills.#": "0",
            "routing_languages.#": "0",
            "routing_skills.#": "0",
            "routing_utilization.#": "0",
            "state": "active",
            "title": ""
          },
          "sensitive_attributes": []
        }
      ]
    },
    {
      "mode": "managed",
      "type": "genesyscloud_user",
      "name": "roman_pawlowski_infinit_cx",
      "provider": "provider[\"registry.terraform.io/-/genesyscloud\"]",
      "instances": [
        {
          "schema_version": 1,
          "attributes_flat": {
            "acd_auto_answer": "false",
            "addresses.#": "1",
            "addresses.0.other_emails.#": "1",
            "addresses.0.other_emails.2733826167.address": "roman.pawlowski@infinit.cx",
            "addresses.0.other_emails.2733826167.type": "WORK",
            "addresses.0.phone_numbers.#": "2",
            "addresses.0.phone_numbers.3879808878.extension": "",
            "addresses.0.phone_numbers.3879808878.media_type": "PHONE",
            "addresses.0.phone_numbers.3879808878.number": "+498920509606",
            "addresses.0.phone_numbers.3879808878.type": "OTHER",
            "addresses.0.phone_numbers.662886584.extension": "",
            "addresses.0.phone_numbers.662886584.media_type": "SMS",
            "addresses.0.phone_numbers.662886584.number": "+491601267571",
            "addresses.0.phone_numbers.662886584.type": "MOBILE",
            "certifications.#": "0",
            "department": "Portfolio \u0026 Business Development",
            "division_id": "223a1aba-4f9c-40a8-b6f1-9c1a56f04419",
            "email": "roman.pawlowski@infinit.cx",
            "employer_info.#": "1",
            "employer_info.0.date_hire": "",
            "employer_info.0.employee_id": "55172",
            "employer_info.0.employee_type": "",
            "employer_info.0.official_name": "",
            "id": "027ba9e9-f894-46e9-8799-d35b17f49f74",
            "locations.#": "1",
            "locations.4060090086.location_id": "7409f691-5681-461f-88e3-4043d7597743",
            "locations.4060090086.notes": "",
            "manager": "",
            "name": "Roman Pawlowski",
            "profile_skills.#": "0",
            "routing_languages.#": "0",
            "routing_skills.#": "0",
            "routing_utilization.#": "0",
            "state": "active",
            "title": "Lead Customer Success Manager"
          },
          "sensitive_attributes": []
        }
      ]
    },
    {
      "mode": "managed",
      "type": "genesyscloud_user",
      "name": "ronja_zimmermann_andrena_de",
      "provider": "provider[\"registry.terraform.io/-/genesyscloud\"]",
      "instances": [
        {
          "schema_version": 1,
          "attributes_flat": {
            "acd_auto_answer": "false",
            "addresses.#": "1",
            "addresses.0.other_emails.#": "1",
            "addresses.0.other_emails.3049740596.address": "ronja.zimmermann@andrena.de",
            "addresses.0.other_emails.3049740596.type": "WORK",
            "addresses.0.phone_numbers.#": "0",
            "certifications.#": "0",
            "department": "",
            "division_id": "223a1aba-4f9c-40a8-b6f1-9c1a56f04419",
            "email": "ronja.zimmermann@andrena.de",
            "employer_info.#": "0",
            "id": "34cdebd9-8bd9-4623-9c66-b903f5ee8f95",
            "locations.#": "0",
            "manager": "",
            "name": "Ronja Zimmermann",
            "profile_skills.#": "0",
            "routing_languages.#": "0",
            "routing_skills.#": "2",
            "routing_skills.1733421848.proficiency": "0",
            "routing_skills.1733421848.skill_id": "1a58347c-aae8-4fce-bb1e-8e2c277af840",
            "routing_skills.720214155.proficiency": "0",
            "routing_skills.720214155.skill_id": "2c63f567-3f47-4ae4-adc8-9f0774d418c8",
            "routing_utilization.#": "0",
            "state": "active",
            "title": ""
          },
          "sensitive_attributes": []
        }
      ]
    },
    {
      "mode": "managed",
      "type": "genesyscloud_user",
      "name": "ruben_wolf_1und1_de",
      "provider": "provider[\"registry.terraform.io/-/genesyscloud\"]",
      "instances": [
        {
          "schema_version": 1,
          "attributes_flat": {
            "acd_auto_answer": "false",
            "addresses.#": "1",
            "addresses.0.other_emails.#": "1",
            "addresses.0.other_emails.2953105558.address": "ruben.wolf@1und1.de",
            "addresses.0.other_emails.2953105558.type": "WORK",
            "addresses.0.phone_numbers.#": "0",
            "certifications.#": "0",
            "department": "",
            "division_id": "223a1aba-4f9c-40a8-b6f1-9c1a56f04419",
            "email": "ruben.wolf@1und1.de",
            "employer_info.#": "0",
            "id": "dd6a047d-26ba-4af0-a874-0847a9b1c3c0",
            "locations.#": "0",
            "manager": "",
            "name": "Ruben Wolf",
            "profile_skills.#": "0",
            "routing_languages.#": "0",
            "routing_skills.#": "2",
            "routing_skills.1733421848.proficiency": "0",
            "routing_skills.1733421848.skill_id": "1a58347c-aae8-4fce-bb1e-8e2c277af840",
            "routing_skills.720214155.proficiency": "0",
            "routing_skills.720214155.skill_id": "2c63f567-3f47-4ae4-adc8-9f0774d418c8",
            "routing_utilization.#": "0",
            "state": "active",
            "title": ""
          },
          "sensitive_attributes": []
        }
      ]
    },
    {
      "mode": "managed",
      "type": "genesyscloud_user",
      "name": "ruediger_achtruth_1und1_de",
      "provider": "provider[\"registry.terraform.io/-/genesyscloud\"]",
      "instances": [
        {
          "schema_version": 1,
          "attributes_flat": {
            "acd_auto_answer": "false",
            "addresses.#": "0",
            "certifications.#": "0",
            "department": "",
            "division_id": "996a624a-50a3-4815-a40c-1a6516ff8af2",
            "email": "ruediger.achtruth@1und1.de",
            "employer_info.#": "0",
            "id": "70949f5b-84aa-4ef8-af49-92f97f6484d8",
            "locations.#": "0",
            "manager": "",
            "name": "Rüdiger Achtruth",
            "profile_skills.#": "0",
            "routing_languages.#": "0",
            "routing_skills.#": "0",
            "routing_utilization.#": "0",
            "state": "inactive",
            "title": ""
          },
          "sensitive_attributes": []
        }
      ]
    },
    {
      "mode": "managed",
      "type": "genesyscloud_user",
      "name": "s_voelkel_deliberate_de",
      "provider": "provider[\"registry.terraform.io/-/genesyscloud\"]",
      "instances": [
        {
          "schema_version": 1,
          "attributes_flat": {
            "acd_auto_answer": "false",
            "addresses.#": "0",
            "certifications.#": "0",
            "department": "",
            "division_id": "223a1aba-4f9c-40a8-b6f1-9c1a56f04419",
            "email": "s.voelkel@deliberate.de",
            "employer_info.#": "0",
            "id": "202bf38d-05e9-4183-a975-fbd3c626b448",
            "locations.#": "0",
            "manager": "",
            "name": "Sven Völkel",
            "profile_skills.#": "0",
            "routing_languages.#": "0",
            "routing_skills.#": "0",
            "routing_utilization.#": "0",
            "state": "active",
            "title": ""
          },
          "sensitive_attributes": []
        }
      ]
    },
    {
      "mode": "managed",
      "type": "genesyscloud_user",
      "name": "sabine_neugebaur_infinit_cx",
      "provider": "provider[\"registry.terraform.io/-/genesyscloud\"]",
      "instances": [
        {
          "schema_version": 1,
          "attributes_flat": {
            "acd_auto_answer": "false",
            "addresses.#": "1",
            "addresses.0.other_emails.#": "1",
            "addresses.0.other_emails.4027867642.address": "sabine.neugebaur@infinit.cx",
            "addresses.0.other_emails.4027867642.type": "WORK",
            "addresses.0.phone_numbers.#": "2",
            "addresses.0.phone_numbers.3438538901.extension": "",
            "addresses.0.phone_numbers.3438538901.media_type": "SMS",
            "addresses.0.phone_numbers.3438538901.number": "+491757224674",
            "addresses.0.phone_numbers.3438538901.type": "MOBILE",
            "addresses.0.phone_numbers.58025687.extension": "",
            "addresses.0.phone_numbers.58025687.media_type": "PHONE",
            "addresses.0.phone_numbers.58025687.number": "+4989262029947",
            "addresses.0.phone_numbers.58025687.type": "OTHER",
            "certifications.#": "0",
            "department": "Portfolio \u0026 Business Development",
            "division_id": "223a1aba-4f9c-40a8-b6f1-9c1a56f04419",
            "email": "sabine.neugebaur@infinit.cx",
            "employer_info.#": "1",
            "employer_info.0.date_hire": "",
            "employer_info.0.employee_id": "10342",
            "employer_info.0.employee_type": "",
            "employer_info.0.official_name": "",
            "id": "ddb9a2f2-6e2c-4382-9a8f-5f09a6d06f8a",
            "locations.#": "0",
            "manager": "",
            "name": "Sabine Neugebaur",
            "profile_skills.#": "0",
            "routing_languages.#": "0",
            "routing_skills.#": "0",
            "routing_utilization.#": "0",
            "state": "active",
            "title": "Lead Solution Consultant"
          },
          "sensitive_attributes": []
        }
      ]
    },
    {
      "mode": "managed",
      "type": "genesyscloud_user",
      "name": "santhosh_koroth_infinit_cx",
      "provider": "provider[\"registry.terraform.io/-/genesyscloud\"]",
      "instances": [
        {
          "schema_version": 1,
          "attributes_flat": {
            "acd_auto_answer": "false",
            "addresses.#": "1",
            "addresses.0.other_emails.#": "0",
            "addresses.0.phone_numbers.#": "1",
            "addresses.0.phone_numbers.3539934060.extension": "",
            "addresses.0.phone_numbers.3539934060.media_type": "PHONE",
            "addresses.0.phone_numbers.3539934060.number": "+4915781288745",
            "addresses.0.phone_numbers.3539934060.type": "WORK",
            "certifications.#": "0",
            "department": "",
            "division_id": "223a1aba-4f9c-40a8-b6f1-9c1a56f04419",
            "email": "santhosh.koroth@infinit.cx",
            "employer_info.#": "0",
            "id": "82942a17-a11d-4678-9298-508a21ee027f",
            "locations.#": "0",
            "manager": "",
            "name": "Santosh Koroth",
            "profile_skills.#": "0",
            "routing_languages.#": "2",
            "routing_languages.2189809220.language_id": "23c88d88-ebbd-47e8-b928-d291eb8b68f4",
            "routing_languages.2189809220.proficiency": "5",
            "routing_languages.3678519244.language_id": "6920b33a-1637-463e-ac3b-7f452ad80e13",
            "routing_languages.3678519244.proficiency": "4",
            "routing_skills.#": "0",
            "routing_utilization.#": "0",
            "state": "active",
            "title": ""
          },
          "sensitive_attributes": []
        }
      ]
    },
    {
      "mode": "managed",
      "type": "genesyscloud_user",
      "name": "seaag43genesys_1und1_de",
      "provider": "provider[\"registry.terraform.io/-/genesyscloud\"]",
      "instances": [
        {
          "schema_version": 1,
          "attributes_flat": {
            "acd_auto_answer": "false",
            "addresses.#": "1",
            "addresses.0.other_emails.#": "1",
            "addresses.0.other_emails.2795443885.address": "seaag43genesys@1und1.de",
            "addresses.0.other_emails.2795443885.type": "WORK",
            "addresses.0.phone_numbers.#": "0",
            "certifications.#": "0",
            "department": "",
            "division_id": "05ae812a-cd0b-4a2b-89c1-0a40a5a7b7c7",
            "email": "seaag43genesys@1und1.de",
            "employer_info.#": "0",
            "id": "fcaec784-45b5-43b2-95cc-87e2531865ab",
            "locations.#": "0",
            "manager": "",
            "name": "Andrei Töws-genesys",
            "profile_skills.#": "0",
            "routing_languages.#": "0",
            "routing_skills.#": "4",
            "routing_skills.2314243829.proficiency": "0",
            "routing_skills.2314243829.skill_id": "f9be8a68-f5e2-4759-851d-7a6f743d43f5",
            "routing_skills.2747472999.proficiency": "0",
            "routing_skills.2747472999.skill_id": "75a9da1a-b195-40e4-8fc8-977984f8bc23",
            "routing_skills.3412739051.proficiency": "0",
            "routing_skills.3412739051.skill_id": "daa38fe3-a703-4216-a7fe-1e8504e726af",
            "routing_skills.47731983.proficiency": "0",
            "routing_skills.47731983.skill_id": "94cd029c-89a9-4fe4-9715-0552915dcde6",
            "routing_utilization.#": "0",
            "state": "active",
            "title": ""
          },
          "sensitive_attributes": []
        }
      ]
    },
    {
      "mode": "managed",
      "type": "genesyscloud_user",
      "name": "seapasgenesys_1und1_de",
      "provider": "provider[\"registry.terraform.io/-/genesyscloud\"]",
      "instances": [
        {
          "schema_version": 1,
          "attributes_flat": {
            "acd_auto_answer": "false",
            "addresses.#": "1",
            "addresses.0.other_emails.#": "1",
            "addresses.0.other_emails.4245329736.address": "seapasgenesys@1und1.de",
            "addresses.0.other_emails.4245329736.type": "WORK",
            "addresses.0.phone_numbers.#": "0",
            "certifications.#": "0",
            "department": "",
            "division_id": "05ae812a-cd0b-4a2b-89c1-0a40a5a7b7c7",
            "email": "seapasgenesys@1und1.de",
            "employer_info.#": "0",
            "id": "b78b58c0-7101-4ae9-80e3-d73e10d4f577",
            "locations.#": "0",
            "manager": "",
            "name": "Peter Aschenbrenner-genesys",
            "profile_skills.#": "0",
            "routing_languages.#": "0",
            "routing_skills.#": "3",
            "routing_skills.2314243829.proficiency": "0",
            "routing_skills.2314243829.skill_id": "f9be8a68-f5e2-4759-851d-7a6f743d43f5",
            "routing_skills.2766783771.proficiency": "0",
            "routing_skills.2766783771.skill_id": "c4da3e8e-5b17-446d-bd90-673acd0951e1",
            "routing_skills.47731983.proficiency": "0",
            "routing_skills.47731983.skill_id": "94cd029c-89a9-4fe4-9715-0552915dcde6",
            "routing_utilization.#": "0",
            "state": "active",
            "title": ""
          },
          "sensitive_attributes": []
        }
      ]
    },
    {
      "mode": "managed",
      "type": "genesyscloud_user",
      "name": "sebastian_wutz_gmail_com",
      "provider": "provider[\"registry.terraform.io/-/genesyscloud\"]",
      "instances": [
        {
          "schema_version": 1,
          "attributes_flat": {
            "acd_auto_answer": "false",
            "addresses.#": "0",
            "certifications.#": "0",
            "department": "",
            "division_id": "223a1aba-4f9c-40a8-b6f1-9c1a56f04419",
            "email": "sebastian.wutz@gmail.com",
            "employer_info.#": "0",
            "id": "d17aa918-739d-4160-9090-9d79fc01ed1f",
            "locations.#": "0",
            "manager": "",
            "name": "Sebastian Test",
            "profile_skills.#": "0",
            "routing_languages.#": "0",
            "routing_skills.#": "0",
            "routing_utilization.#": "0",
            "state": "active",
            "title": ""
          },
          "sensitive_attributes": []
        }
      ]
    },
    {
      "mode": "managed",
      "type": "genesyscloud_user",
      "name": "sebastian_wutz_infinit_cx",
      "provider": "provider[\"registry.terraform.io/-/genesyscloud\"]",
      "instances": [
        {
          "schema_version": 1,
          "attributes_flat": {
            "acd_auto_answer": "false",
            "addresses.#": "1",
            "addresses.0.other_emails.#": "1",
            "addresses.0.other_emails.2209068904.address": "sebastian.wutz@infinit.cx",
            "addresses.0.other_emails.2209068904.type": "WORK",
            "addresses.0.phone_numbers.#": "3",
            "addresses.0.phone_numbers.1814489310.extension": "",
            "addresses.0.phone_numbers.1814489310.media_type": "PHONE",
            "addresses.0.phone_numbers.1814489310.number": "+4969380790",
            "addresses.0.phone_numbers.1814489310.type": "WORK",
            "addresses.0.phone_numbers.3581750081.extension": "",
            "addresses.0.phone_numbers.3581750081.media_type": "PHONE",
            "addresses.0.phone_numbers.3581750081.number": "+4940822166922",
            "addresses.0.phone_numbers.3581750081.type": "OTHER",
            "addresses.0.phone_numbers.4134607711.extension": "",
            "addresses.0.phone_numbers.4134607711.media_type": "SMS",
            "addresses.0.phone_numbers.4134607711.number": "+4915164916866",
            "addresses.0.phone_numbers.4134607711.type": "MOBILE",
            "certifications.#": "0",
            "department": "Team Cloud",
            "division_id": "204a33be-2805-4791-830e-d35119575c92",
            "email": "sebastian.wutz@infinit.cx",
            "employer_info.#": "1",
            "employer_info.0.date_hire": "",
            "employer_info.0.employee_id": "55143",
            "employer_info.0.employee_type": "",
            "employer_info.0.official_name": "",
            "id": "80d04181-405b-42a0-a3bd-bbe164b7dc70",
            "locations.#": "0",
            "manager": "f594c02c-24f4-4688-854c-32073bc99b1a",
            "name": "Sebastian Wutz",
            "profile_skills.#": "0",
            "routing_languages.#": "0",
            "routing_skills.#": "1",
            "routing_skills.1078913866.proficiency": "4",
            "routing_skills.1078913866.skill_id": "edef7cc8-71bd-4daa-ae70-7deceda3972d",
            "routing_utilization.#": "0",
            "state": "active",
            "title": "Senior Solution Consultant"
          },
          "sensitive_attributes": []
        }
      ]
    },
    {
      "mode": "managed",
      "type": "genesyscloud_user",
      "name": "selman_karatas_1und1_de",
      "provider": "provider[\"registry.terraform.io/-/genesyscloud\"]",
      "instances": [
        {
          "schema_version": 1,
          "attributes_flat": {
            "acd_auto_answer": "false",
            "addresses.#": "1",
            "addresses.0.other_emails.#": "1",
            "addresses.0.other_emails.2164054383.address": "selman.karatas@1und1.de",
            "addresses.0.other_emails.2164054383.type": "WORK",
            "addresses.0.phone_numbers.#": "0",
            "certifications.#": "0",
            "department": "",
            "division_id": "223a1aba-4f9c-40a8-b6f1-9c1a56f04419",
            "email": "selman.karatas@1und1.de",
            "employer_info.#": "0",
            "id": "218a15bf-999e-491c-b220-0721e8eb7dae",
            "locations.#": "0",
            "manager": "",
            "name": "Selman Karatas",
            "profile_skills.#": "0",
            "routing_languages.#": "0",
            "routing_skills.#": "2",
            "routing_skills.1733421848.proficiency": "0",
            "routing_skills.1733421848.skill_id": "1a58347c-aae8-4fce-bb1e-8e2c277af840",
            "routing_skills.720214155.proficiency": "0",
            "routing_skills.720214155.skill_id": "2c63f567-3f47-4ae4-adc8-9f0774d418c8",
            "routing_utilization.#": "0",
            "state": "active",
            "title": ""
          },
          "sensitive_attributes": []
        }
      ]
    },
    {
      "mode": "managed",
      "type": "genesyscloud_user",
      "name": "set_trest_com",
      "provider": "provider[\"registry.terraform.io/-/genesyscloud\"]",
      "instances": [
        {
          "schema_version": 1,
          "attributes_flat": {
            "acd_auto_answer": "false",
            "addresses.#": "0",
            "certifications.#": "0",
            "department": "",
            "division_id": "223a1aba-4f9c-40a8-b6f1-9c1a56f04419",
            "email": "set@trest.com",
            "employer_info.#": "0",
            "id": "356ccb6f-9417-4861-b5de-29176405b841",
            "locations.#": "0",
            "manager": "",
            "name": "test",
            "profile_skills.#": "0",
            "routing_languages.#": "0",
            "routing_skills.#": "0",
            "routing_utilization.#": "0",
            "state": "active",
            "title": ""
          },
          "sensitive_attributes": []
        }
      ]
    },
    {
      "mode": "managed",
      "type": "genesyscloud_user",
      "name": "simon_weichinger_infinit_cx",
      "provider": "provider[\"registry.terraform.io/-/genesyscloud\"]",
      "instances": [
        {
          "schema_version": 1,
          "attributes_flat": {
            "acd_auto_answer": "false",
            "addresses.#": "0",
            "certifications.#": "0",
            "department": "",
            "division_id": "223a1aba-4f9c-40a8-b6f1-9c1a56f04419",
            "email": "simon.weichinger@infinit.cx",
            "employer_info.#": "0",
            "id": "c114deaf-ca35-4716-9a34-ff268b02c047",
            "locations.#": "0",
            "manager": "",
            "name": "Simon Weichinger",
            "profile_skills.#": "0",
            "routing_languages.#": "0",
            "routing_skills.#": "0",
            "routing_utilization.#": "0",
            "state": "active",
            "title": ""
          },
          "sensitive_attributes": []
        }
      ]
    },
    {
      "mode": "managed",
      "type": "genesyscloud_user",
      "name": "slawomir_laszecki_codelab_eu",
      "provider": "provider[\"registry.terraform.io/-/genesyscloud\"]",
      "instances": [
        {
          "schema_version": 1,
          "attributes_flat": {
            "acd_auto_answer": "false",
            "addresses.#": "0",
            "certifications.#": "0",
            "department": "",
            "division_id": "223a1aba-4f9c-40a8-b6f1-9c1a56f04419",
            "email": "slawomir.laszecki@codelab.eu",
            "employer_info.#": "0",
            "id": "d0fb8c86-9ec3-4ab8-8147-f94f94de0d67",
            "locations.#": "0",
            "manager": "",
            "name": "Slawomir Laszecki",
            "profile_skills.#": "0",
            "routing_languages.#": "0",
            "routing_skills.#": "0",
            "routing_utilization.#": "0",
            "state": "active",
            "title": ""
          },
          "sensitive_attributes": []
        }
      ]
    },
    {
      "mode": "managed",
      "type": "genesyscloud_user",
      "name": "stefan_wuerzle_infinit_cx",
      "provider": "provider[\"registry.terraform.io/-/genesyscloud\"]",
      "instances": [
        {
          "schema_version": 1,
          "attributes_flat": {
            "acd_auto_answer": "false",
            "addresses.#": "0",
            "certifications.#": "0",
            "department": "",
            "division_id": "223a1aba-4f9c-40a8-b6f1-9c1a56f04419",
            "email": "stefan.wuerzle@infinit.cx",
            "employer_info.#": "0",
            "id": "b86e7014-39f9-4f3c-aded-19718e8c1641",
            "locations.#": "0",
            "manager": "",
            "name": "Stefan Würzle",
            "profile_skills.#": "0",
            "routing_languages.#": "0",
            "routing_skills.#": "0",
            "routing_utilization.#": "0",
            "state": "active",
            "title": ""
          },
          "sensitive_attributes": []
        }
      ]
    },
    {
      "mode": "managed",
      "type": "genesyscloud_user",
      "name": "steffen_biecker_infinit_cx",
      "provider": "provider[\"registry.terraform.io/-/genesyscloud\"]",
      "instances": [
        {
          "schema_version": 1,
          "attributes_flat": {
            "acd_auto_answer": "false",
            "addresses.#": "0",
            "certifications.#": "0",
            "department": "Portfolio Development",
            "division_id": "223a1aba-4f9c-40a8-b6f1-9c1a56f04419",
            "email": "steffen.biecker@infinit.cx",
            "employer_info.#": "0",
            "id": "1919713c-0138-4b3f-a595-1e3ca1a471ff",
            "locations.#": "0",
            "manager": "",
            "name": "Steffen Biecker",
            "profile_skills.#": "0",
            "routing_languages.#": "0",
            "routing_skills.#": "0",
            "routing_utilization.#": "0",
            "state": "active",
            "title": "Lead Consultant"
          },
          "sensitive_attributes": []
        }
      ]
    },
    {
      "mode": "managed",
      "type": "genesyscloud_user",
      "name": "steven_mai_1und1_de",
      "provider": "provider[\"registry.terraform.io/-/genesyscloud\"]",
      "instances": [
        {
          "schema_version": 1,
          "attributes_flat": {
            "acd_auto_answer": "false",
            "addresses.#": "1",
            "addresses.0.other_emails.#": "1",
            "addresses.0.other_emails.1125094868.address": "steven.mai@1und1.de",
            "addresses.0.other_emails.1125094868.type": "WORK",
            "addresses.0.phone_numbers.#": "1",
            "addresses.0.phone_numbers.754401270.extension": "+127",
            "addresses.0.phone_numbers.754401270.media_type": "PHONE",
            "addresses.0.phone_numbers.754401270.number": "+127",
            "addresses.0.phone_numbers.754401270.type": "WORK2",
            "certifications.#": "0",
            "department": "BE OCC",
            "division_id": "05ae812a-cd0b-4a2b-89c1-0a40a5a7b7c7",
            "email": "steven.mai@1und1.de",
            "employer_info.#": "0",
            "id": "daa1ffa7-6efe-491f-8059-90855fdd5a5c",
            "locations.#": "0",
            "manager": "",
            "name": "Steven Mai",
            "profile_skills.#": "0",
            "routing_languages.#": "1",
            "routing_languages.3088600935.language_id": "1da25459-f92f-49c8-82c7-25f7a0542d2d",
            "routing_languages.3088600935.proficiency": "4",
            "routing_skills.#": "53",
            "routing_skills.1082779099.proficiency": "5",
            "routing_skills.1082779099.skill_id": "89ebb17b-4e51-4c2c-a90c-1b6242288ff3",
            "routing_skills.1116131673.proficiency": "5",
            "routing_skills.1116131673.skill_id": "f9be8a68-f5e2-4759-851d-7a6f743d43f5",
            "routing_skills.1194203139.proficiency": "5",
            "routing_skills.1194203139.skill_id": "67205fa2-154e-4d5a-b02b-c5cefc9dab02",
            "routing_skills.1204445223.proficiency": "5",
            "routing_skills.1204445223.skill_id": "3042d8f1-368d-4ea9-b002-17e49d634c72",
            "routing_skills.1216793283.proficiency": "5",
            "routing_skills.1216793283.skill_id": "0eb0f8b5-d90d-402f-a49e-026f67938448",
            "routing_skills.1287214212.proficiency": "5",
            "routing_skills.1287214212.skill_id": "7f98454e-1357-4114-af88-7288ff54c7df",
            "routing_skills.1400669752.proficiency": "5",
            "routing_skills.1400669752.skill_id": "73ecf008-6ed7-4a54-8c8f-cc317a83dd8f",
            "routing_skills.1407540200.proficiency": "5",
            "routing_skills.1407540200.skill_id": "f4ac3133-8d3a-4509-b3c0-d8f506c57153",
            "routing_skills.1496906060.proficiency": "5",
            "routing_skills.1496906060.skill_id": "27bcd76e-d7d8-4c3a-85e6-5cb5f0ecad30",
            "routing_skills.1522198315.proficiency": "5",
            "routing_skills.1522198315.skill_id": "3e3a7be5-21cc-458d-8730-7f7fc4cfbbb1",
            "routing_skills.155617429.proficiency": "5",
            "routing_skills.155617429.skill_id": "c7da4203-69a1-4a65-9bc1-36b78e74148f",
            "routing_skills.1582589935.proficiency": "5",
            "routing_skills.1582589935.skill_id": "8529902c-274a-4d70-a977-bc8f7486601f",
            "routing_skills.1627492865.proficiency": "5",
            "routing_skills.1627492865.skill_id": "16ffb209-8e64-445a-bc09-378abffe8553",
            "routing_skills.1774825158.proficiency": "5",
            "routing_skills.1774825158.skill_id": "d8f78529-f30f-4fe3-82da-f5c073503511",
            "routing_skills.1842247.proficiency": "5",
            "routing_skills.1842247.skill_id": "daa38fe3-a703-4216-a7fe-1e8504e726af",
            "routing_skills.1872730807.proficiency": "5",
            "routing_skills.1872730807.skill_id": "c4da3e8e-5b17-446d-bd90-673acd0951e1",
            "routing_skills.190498792.proficiency": "5",
            "routing_skills.190498792.skill_id": "393f5d8a-4080-425c-98cb-407542ce5d50",
            "routing_skills.2002144170.proficiency": "5",
            "routing_skills.2002144170.skill_id": "0f31e245-b573-4ee9-b2fb-c2589f251cb3",
            "routing_skills.2046599561.proficiency": "5",
            "routing_skills.2046599561.skill_id": "09524709-4e1f-4b36-aaed-51fe1aa131de",
            "routing_skills.2110007278.proficiency": "5",
            "routing_skills.2110007278.skill_id": "2e770b86-a91e-4a62-abc7-32bc5e93b4f1",
            "routing_skills.2123790152.proficiency": "5",
            "routing_skills.2123790152.skill_id": "1a54eb12-10f3-4749-aba6-a43d4db05b6b",
            "routing_skills.212589716.proficiency": "5",
            "routing_skills.212589716.skill_id": "73df37de-4c9b-4aa8-82e1-31c04f658838",
            "routing_skills.2365434859.proficiency": "5",
            "routing_skills.2365434859.skill_id": "e89be700-8c42-4c77-8e00-aeb65e88c702",
            "routing_skills.2375492588.proficiency": "5",
            "routing_skills.2375492588.skill_id": "960c1e56-8b11-4eba-95d1-f752ecf18ad7",
            "routing_skills.2609941824.proficiency": "5",
            "routing_skills.2609941824.skill_id": "5fe34a20-1ce0-4805-be9e-fcf1eb5b89d0",
            "routing_skills.2677297613.proficiency": "5",
            "routing_skills.2677297613.skill_id": "068a37e4-f4b7-4230-b69e-dcea3e97c6c3",
            "routing_skills.2686898822.proficiency": "5",
            "routing_skills.2686898822.skill_id": "d41a1033-d755-4d04-9320-da9add74df26",
            "routing_skills.2750709321.proficiency": "5",
            "routing_skills.2750709321.skill_id": "ed187f61-ce74-43e3-97ec-a352645386d4",
            "routing_skills.2795653309.proficiency": "5",
            "routing_skills.2795653309.skill_id": "ff400529-3a5b-4a82-94a7-2653e591a039",
            "routing_skills.2833312489.proficiency": "5",
            "routing_skills.2833312489.skill_id": "6e4b6ec0-4399-48a9-bcff-3167c4b96340",
            "routing_skills.2888283316.proficiency": "5",
            "routing_skills.2888283316.skill_id": "1a58347c-aae8-4fce-bb1e-8e2c277af840",
            "routing_skills.2981169240.proficiency": "5",
            "routing_skills.2981169240.skill_id": "0938e766-1909-49fd-b378-fa0a5ac1496a",
            "routing_skills.3149604739.proficiency": "5",
            "routing_skills.3149604739.skill_id": "e8abe21b-f703-4a25-9272-d49d2a8c6481",
            "routing_skills.3296093867.proficiency": "5",
            "routing_skills.3296093867.skill_id": "2090c573-88f6-4235-a869-99f4e1ce00ce",
            "routing_skills.3304252440.proficiency": "5",
            "routing_skills.3304252440.skill_id": "b8ad5246-752b-4238-9c65-f80bdd7ba691",
            "routing_skills.3351055308.proficiency": "5",
            "routing_skills.3351055308.skill_id": "73c16df3-c5fe-4bbd-9b96-784aeed769e9",
            "routing_skills.3527520579.proficiency": "5",
            "routing_skills.3527520579.skill_id": "f85ab542-146c-483d-aae4-3805f17ef9fa",
            "routing_skills.3594970754.proficiency": "5",
            "routing_skills.3594970754.skill_id": "ef23a48c-573d-4ace-a218-a41c2d5c2e95",
            "routing_skills.3609178224.proficiency": "5",
            "routing_skills.3609178224.skill_id": "e466f6ec-42e7-4edb-b3c3-db7e29925c7a",
            "routing_skills.3638064771.proficiency": "5",
            "routing_skills.3638064771.skill_id": "92b0bc05-dfdd-4202-a22e-9daf48640972",
            "routing_skills.3752674293.proficiency": "5",
            "routing_skills.3752674293.skill_id": "0f0e58e1-f90a-41d0-b17e-9b763b7f59e8",
            "routing_skills.3780584575.proficiency": "5",
            "routing_skills.3780584575.skill_id": "5d6b06a1-c681-4b70-aa7d-969de0a85f18",
            "routing_skills.3785082663.proficiency": "5",
            "routing_skills.3785082663.skill_id": "2c63f567-3f47-4ae4-adc8-9f0774d418c8",
            "routing_skills.3812949691.proficiency": "5",
            "routing_skills.3812949691.skill_id": "901358e8-8224-4ebf-ac2a-c8ae6c07a5ab",
            "routing_skills.3831227217.proficiency": "5",
            "routing_skills.3831227217.skill_id": "f75be404-cc4c-4c60-85db-e1d034689551",
            "routing_skills.3875067182.proficiency": "5",
            "routing_skills.3875067182.skill_id": "798a4691-5d21-4419-b8b4-ad1979530395",
            "routing_skills.3963157761.proficiency": "5",
            "routing_skills.3963157761.skill_id": "e629c5a9-b683-4f46-a201-f8c0766c71a0",
            "routing_skills.428580747.proficiency": "5",
            "routing_skills.428580747.skill_id": "08524b2c-f41d-4dfe-8378-08beddd5037d",
            "routing_skills.493886158.proficiency": "5",
            "routing_skills.493886158.skill_id": "71063408-14ed-487a-881c-1e764e909b1f",
            "routing_skills.510919729.proficiency": "5",
            "routing_skills.510919729.skill_id": "a4e2017e-560f-4fc9-b686-d07700aa1037",
            "routing_skills.82986599.proficiency": "5",
            "routing_skills.82986599.skill_id": "817dbed8-2c3f-474f-897e-246206a21cb3",
            "routing_skills.841482985.proficiency": "5",
            "routing_skills.841482985.skill_id": "b0c9d413-ffb9-4bf9-a567-a74a8606b82d",
            "routing_skills.937286681.proficiency": "5",
            "routing_skills.937286681.skill_id": "8ac8eabb-d8b9-4864-b434-7b54fe66f063",
            "routing_utilization.#": "0",
            "state": "active",
            "title": ""
          },
          "sensitive_attributes": []
        }
      ]
    },
    {
      "mode": "managed",
      "type": "genesyscloud_user",
      "name": "svetlana_pavlova_infinit_cx",
      "provider": "provider[\"registry.terraform.io/-/genesyscloud\"]",
      "instances": [
        {
          "schema_version": 1,
          "attributes_flat": {
            "acd_auto_answer": "false",
            "addresses.#": "1",
            "addresses.0.other_emails.#": "1",
            "addresses.0.other_emails.985642838.address": "svetlana.pavlova@infinit.cx",
            "addresses.0.other_emails.985642838.type": "WORK",
            "addresses.0.phone_numbers.#": "2",
            "addresses.0.phone_numbers.1344494983.extension": "",
            "addresses.0.phone_numbers.1344494983.media_type": "SMS",
            "addresses.0.phone_numbers.1344494983.number": "+4915146114181",
            "addresses.0.phone_numbers.1344494983.type": "MOBILE",
            "addresses.0.phone_numbers.2203399346.extension": "",
            "addresses.0.phone_numbers.2203399346.media_type": "PHONE",
            "addresses.0.phone_numbers.2203399346.number": "+4989262029952",
            "addresses.0.phone_numbers.2203399346.type": "OTHER",
            "certifications.#": "0",
            "department": "Team Cloud",
            "division_id": "223a1aba-4f9c-40a8-b6f1-9c1a56f04419",
            "email": "svetlana.pavlova@infinit.cx",
            "employer_info.#": "1",
            "employer_info.0.date_hire": "",
            "employer_info.0.employee_id": "29610",
            "employer_info.0.employee_type": "",
            "employer_info.0.official_name": "",
            "id": "a99b57b4-f1dd-489b-b8d5-4716659274e8",
            "locations.#": "1",
            "locations.4060090086.location_id": "7409f691-5681-461f-88e3-4043d7597743",
            "locations.4060090086.notes": "",
            "manager": "f594c02c-24f4-4688-854c-32073bc99b1a",
            "name": "Svetlana Pavlova",
            "profile_skills.#": "0",
            "routing_languages.#": "0",
            "routing_skills.#": "0",
            "routing_utilization.#": "0",
            "state": "active",
            "title": "Senior Solution Consultant"
          },
          "sensitive_attributes": []
        }
      ]
    },
    {
      "mode": "managed",
      "type": "genesyscloud_user",
      "name": "tayfun_erol_infinit_cx",
      "provider": "provider[\"registry.terraform.io/-/genesyscloud\"]",
      "instances": [
        {
          "schema_version": 1,
          "attributes_flat": {
            "acd_auto_answer": "false",
            "addresses.#": "0",
            "certifications.#": "0",
            "department": "",
            "division_id": "223a1aba-4f9c-40a8-b6f1-9c1a56f04419",
            "email": "tayfun.erol@infinit.cx",
            "employer_info.#": "0",
            "id": "e6351364-99a4-449a-867e-4879141eef39",
            "locations.#": "0",
            "manager": "",
            "name": "Tayfun Erol",
            "profile_skills.#": "0",
            "routing_languages.#": "0",
            "routing_skills.#": "0",
            "routing_utilization.#": "0",
            "state": "active",
            "title": ""
          },
          "sensitive_attributes": []
        }
      ]
    },
    {
      "mode": "managed",
      "type": "genesyscloud_user",
      "name": "tempelhof_bclm_de",
      "provider": "provider[\"registry.terraform.io/-/genesyscloud\"]",
      "instances": [
        {
          "schema_version": 1,
          "attributes_flat": {
            "acd_auto_answer": "false",
            "addresses.#": "0",
            "certifications.#": "0",
            "department": "",
            "division_id": "223a1aba-4f9c-40a8-b6f1-9c1a56f04419",
            "email": "tempelhof@bclm.de",
            "employer_info.#": "0",
            "id": "08878b57-a67f-4aa6-89f0-449b4f11560f",
            "locations.#": "0",
            "manager": "",
            "name": "Mandy Hermanns123",
            "profile_skills.#": "0",
            "routing_languages.#": "0",
            "routing_skills.#": "2",
            "routing_skills.1733421848.proficiency": "0",
            "routing_skills.1733421848.skill_id": "1a58347c-aae8-4fce-bb1e-8e2c277af840",
            "routing_skills.720214155.proficiency": "0",
            "routing_skills.720214155.skill_id": "2c63f567-3f47-4ae4-adc8-9f0774d418c8",
            "routing_utilization.#": "0",
            "state": "active",
            "title": ""
          },
          "sensitive_attributes": []
        }
      ]
    },
    {
      "mode": "managed",
      "type": "genesyscloud_user",
      "name": "thomas_dettmann_1und1_de",
      "provider": "provider[\"registry.terraform.io/-/genesyscloud\"]",
      "instances": [
        {
          "schema_version": 1,
          "attributes_flat": {
            "acd_auto_answer": "false",
            "addresses.#": "1",
            "addresses.0.other_emails.#": "1",
            "addresses.0.other_emails.426103843.address": "thomas.dettmann@1und1.de",
            "addresses.0.other_emails.426103843.type": "WORK",
            "addresses.0.phone_numbers.#": "0",
            "certifications.#": "0",
            "department": "",
            "division_id": "223a1aba-4f9c-40a8-b6f1-9c1a56f04419",
            "email": "thomas.dettmann@1und1.de",
            "employer_info.#": "0",
            "id": "71aa96bf-8115-472d-85d0-42931f5595bf",
            "locations.#": "0",
            "manager": "",
            "name": "Thomas Dettmann",
            "profile_skills.#": "0",
            "routing_languages.#": "0",
            "routing_skills.#": "2",
            "routing_skills.1733421848.proficiency": "0",
            "routing_skills.1733421848.skill_id": "1a58347c-aae8-4fce-bb1e-8e2c277af840",
            "routing_skills.720214155.proficiency": "0",
            "routing_skills.720214155.skill_id": "2c63f567-3f47-4ae4-adc8-9f0774d418c8",
            "routing_utilization.#": "0",
            "state": "active",
            "title": ""
          },
          "sensitive_attributes": []
        }
      ]
    },
    {
      "mode": "managed",
      "type": "genesyscloud_user",
      "name": "thomas_henkel_1und1_de",
      "provider": "provider[\"registry.terraform.io/-/genesyscloud\"]",
      "instances": [
        {
          "schema_version": 1,
          "attributes_flat": {
            "acd_auto_answer": "false",
            "addresses.#": "0",
            "certifications.#": "0",
            "department": "",
            "division_id": "996a624a-50a3-4815-a40c-1a6516ff8af2",
            "email": "thomas.henkel@1und1.de",
            "employer_info.#": "0",
            "id": "2bc1f37d-5004-4e19-97b2-8c126787c755",
            "locations.#": "0",
            "manager": "",
            "name": "Thomas Henkel",
            "profile_skills.#": "0",
            "routing_languages.#": "0",
            "routing_skills.#": "0",
            "routing_utilization.#": "0",
            "state": "inactive",
            "title": ""
          },
          "sensitive_attributes": []
        }
      ]
    },
    {
      "mode": "managed",
      "type": "genesyscloud_user",
      "name": "thomas_sprater_infinit_cx",
      "provider": "provider[\"registry.terraform.io/-/genesyscloud\"]",
      "instances": [
        {
          "schema_version": 1,
          "attributes_flat": {
            "acd_auto_answer": "false",
            "addresses.#": "1",
            "addresses.0.other_emails.#": "1",
            "addresses.0.other_emails.3459937681.address": "thomas.sprater@infinit.cx",
            "addresses.0.other_emails.3459937681.type": "WORK",
            "addresses.0.phone_numbers.#": "3",
            "addresses.0.phone_numbers.1361991706.extension": "",
            "addresses.0.phone_numbers.1361991706.media_type": "PHONE",
            "addresses.0.phone_numbers.1361991706.number": "+4989262029915",
            "addresses.0.phone_numbers.1361991706.type": "WORK",
            "addresses.0.phone_numbers.2108129361.extension": "",
            "addresses.0.phone_numbers.2108129361.media_type": "SMS",
            "addresses.0.phone_numbers.2108129361.number": "+491751295776",
            "addresses.0.phone_numbers.2108129361.type": "MOBILE",
            "addresses.0.phone_numbers.3884629489.extension": "",
            "addresses.0.phone_numbers.3884629489.media_type": "PHONE",
            "addresses.0.phone_numbers.3884629489.number": "+4989262029915",
            "addresses.0.phone_numbers.3884629489.type": "OTHER",
            "certifications.#": "0",
            "department": "Presales and Partner Management",
            "division_id": "1ff5a765-bdc7-4946-9b65-0e855f9d92af",
            "email": "thomas.sprater@infinit.cx",
            "employer_info.#": "1",
            "employer_info.0.date_hire": "",
            "employer_info.0.employee_id": "55181",
            "employer_info.0.employee_type": "",
            "employer_info.0.official_name": "",
            "id": "8d5748b6-6d70-442c-96fa-653e0510806f",
            "locations.#": "0",
            "manager": "29f9e580-a700-4746-b1b2-85319212aae9",
            "name": "Thomas Sprater",
            "profile_skills.#": "0",
            "routing_languages.#": "0",
            "routing_skills.#": "2",
            "routing_skills.2033218388.proficiency": "5",
            "routing_skills.2033218388.skill_id": "dca65058-e494-4d5b-a242-3d8b78df80fb",
            "routing_skills.3752674293.proficiency": "5",
            "routing_skills.3752674293.skill_id": "0f0e58e1-f90a-41d0-b17e-9b763b7f59e8",
            "routing_utilization.#": "0",
            "state": "active",
            "title": "Presales Consultant"
          },
          "sensitive_attributes": []
        }
      ]
    },
    {
      "mode": "managed",
      "type": "genesyscloud_user",
      "name": "thomas_villinger_infinit_cx",
      "provider": "provider[\"registry.terraform.io/-/genesyscloud\"]",
      "instances": [
        {
          "schema_version": 1,
          "attributes_flat": {
            "acd_auto_answer": "false",
            "addresses.#": "1",
            "addresses.0.other_emails.#": "1",
            "addresses.0.other_emails.1544561425.address": "thomas.villinger@infinit.cx",
            "addresses.0.other_emails.1544561425.type": "WORK",
            "addresses.0.phone_numbers.#": "2",
            "addresses.0.phone_numbers.1323322015.extension": "",
            "addresses.0.phone_numbers.1323322015.media_type": "SMS",
            "addresses.0.phone_numbers.1323322015.number": "+491724273931",
            "addresses.0.phone_numbers.1323322015.type": "MOBILE",
            "addresses.0.phone_numbers.3757153489.extension": "",
            "addresses.0.phone_numbers.3757153489.media_type": "PHONE",
            "addresses.0.phone_numbers.3757153489.number": "+4989262029971",
            "addresses.0.phone_numbers.3757153489.type": "OTHER",
            "certifications.#": "0",
            "department": "Presales and Partner Management",
            "division_id": "223a1aba-4f9c-40a8-b6f1-9c1a56f04419",
            "email": "thomas.villinger@infinit.cx",
            "employer_info.#": "1",
            "employer_info.0.date_hire": "",
            "employer_info.0.employee_id": "10328",
            "employer_info.0.employee_type": "",
            "employer_info.0.official_name": "",
            "id": "29f9e580-a700-4746-b1b2-85319212aae9",
            "locations.#": "0",
            "manager": "",
            "name": "Thomas Villinger",
            "profile_skills.#": "0",
            "routing_languages.#": "2",
            "routing_languages.2189809220.language_id": "23c88d88-ebbd-47e8-b928-d291eb8b68f4",
            "routing_languages.2189809220.proficiency": "5",
            "routing_languages.3260714637.language_id": "6920b33a-1637-463e-ac3b-7f452ad80e13",
            "routing_languages.3260714637.proficiency": "5",
            "routing_skills.#": "6",
            "routing_skills.1327886857.proficiency": "5",
            "routing_skills.1327886857.skill_id": "80370def-d6d3-4f57-92cf-fa400c5509c1",
            "routing_skills.2001422287.proficiency": "5",
            "routing_skills.2001422287.skill_id": "c1c166e9-c351-44f4-b8f2-01ecd7881300",
            "routing_skills.2033218388.proficiency": "5",
            "routing_skills.2033218388.skill_id": "dca65058-e494-4d5b-a242-3d8b78df80fb",
            "routing_skills.2113865622.proficiency": "5",
            "routing_skills.2113865622.skill_id": "edef7cc8-71bd-4daa-ae70-7deceda3972d",
            "routing_skills.3903131789.proficiency": "5",
            "routing_skills.3903131789.skill_id": "4b6c48ea-a71a-421e-b626-2311b403b619",
            "routing_skills.97152163.proficiency": "5",
            "routing_skills.97152163.skill_id": "a5224b21-3126-4d1f-aeb8-00e8bb9b4677",
            "routing_utilization.#": "0",
            "state": "active",
            "title": "Head of Presales and Portfolio"
          },
          "sensitive_attributes": []
        }
      ]
    },
    {
      "mode": "managed",
      "type": "genesyscloud_user",
      "name": "tim_hobein1_1und1_de",
      "provider": "provider[\"registry.terraform.io/-/genesyscloud\"]",
      "instances": [
        {
          "schema_version": 1,
          "attributes_flat": {
            "acd_auto_answer": "false",
            "addresses.#": "1",
            "addresses.0.other_emails.#": "1",
            "addresses.0.other_emails.2375357569.address": "tim.hobein1@1und1.de",
            "addresses.0.other_emails.2375357569.type": "WORK",
            "addresses.0.phone_numbers.#": "0",
            "certifications.#": "0",
            "department": "",
            "division_id": "05ae812a-cd0b-4a2b-89c1-0a40a5a7b7c7",
            "email": "tim.hobein1@1und1.de",
            "employer_info.#": "0",
            "id": "dfb98460-1554-4910-a520-de7279bcc36b",
            "locations.#": "0",
            "manager": "",
            "name": "Tim Hobein",
            "profile_skills.#": "0",
            "routing_languages.#": "0",
            "routing_skills.#": "4",
            "routing_skills.2314243829.proficiency": "0",
            "routing_skills.2314243829.skill_id": "f9be8a68-f5e2-4759-851d-7a6f743d43f5",
            "routing_skills.3065149506.proficiency": "0",
            "routing_skills.3065149506.skill_id": "2e770b86-a91e-4a62-abc7-32bc5e93b4f1",
            "routing_skills.3412739051.proficiency": "0",
            "routing_skills.3412739051.skill_id": "daa38fe3-a703-4216-a7fe-1e8504e726af",
            "routing_skills.720214155.proficiency": "0",
            "routing_skills.720214155.skill_id": "2c63f567-3f47-4ae4-adc8-9f0774d418c8",
            "routing_utilization.#": "0",
            "state": "active",
            "title": ""
          },
          "sensitive_attributes": []
        }
      ]
    },
    {
      "mode": "managed",
      "type": "genesyscloud_user",
      "name": "uzay_doksoez_infinit_cx",
      "provider": "provider[\"registry.terraform.io/-/genesyscloud\"]",
      "instances": [
        {
          "schema_version": 1,
          "attributes_flat": {
            "acd_auto_answer": "false",
            "addresses.#": "1",
            "addresses.0.other_emails.#": "1",
            "addresses.0.other_emails.2010248192.address": "uzay.doksoez@infinit.cx",
            "addresses.0.other_emails.2010248192.type": "WORK",
            "addresses.0.phone_numbers.#": "2",
            "addresses.0.phone_numbers.1514197311.extension": "",
            "addresses.0.phone_numbers.1514197311.media_type": "PHONE",
            "addresses.0.phone_numbers.1514197311.number": "+4989262029916",
            "addresses.0.phone_numbers.1514197311.type": "OTHER",
            "addresses.0.phone_numbers.2294588038.extension": "",
            "addresses.0.phone_numbers.2294588038.media_type": "SMS",
            "addresses.0.phone_numbers.2294588038.number": "+4916090742055",
            "addresses.0.phone_numbers.2294588038.type": "MOBILE",
            "certifications.#": "0",
            "department": "Team Unicredit",
            "division_id": "82091387-0f50-4727-9ef7-1e61acc6b6b0",
            "email": "uzay.doksoez@infinit.cx",
            "employer_info.#": "1",
            "employer_info.0.date_hire": "",
            "employer_info.0.employee_id": "10338",
            "employer_info.0.employee_type": "",
            "employer_info.0.official_name": "",
            "id": "cd1948e2-5c86-43a8-8e54-0240fe5b238e",
            "locations.#": "0",
            "manager": "",
            "name": "Uzay Doksöz",
            "profile_skills.#": "0",
            "routing_languages.#": "0",
            "routing_skills.#": "0",
            "routing_utilization.#": "0",
            "state": "active",
            "title": "Manager CX Solutions"
          },
          "sensitive_attributes": []
        }
      ]
    },
    {
      "mode": "managed",
      "type": "genesyscloud_user",
      "name": "valentin_rueeck_1und1_de",
      "provider": "provider[\"registry.terraform.io/-/genesyscloud\"]",
      "instances": [
        {
          "schema_version": 1,
          "attributes_flat": {
            "acd_auto_answer": "false",
            "addresses.#": "1",
            "addresses.0.other_emails.#": "1",
            "addresses.0.other_emails.3123388512.address": "valentin.rueeck@1und1.de",
            "addresses.0.other_emails.3123388512.type": "WORK",
            "addresses.0.phone_numbers.#": "0",
            "certifications.#": "0",
            "department": "",
            "division_id": "223a1aba-4f9c-40a8-b6f1-9c1a56f04419",
            "email": "valentin.rueeck@1und1.de",
            "employer_info.#": "0",
            "id": "9c2b6fa3-fd7e-45f8-9ba5-5d7e697805dd",
            "locations.#": "0",
            "manager": "",
            "name": "Valentin Rüeck",
            "profile_skills.#": "0",
            "routing_languages.#": "0",
            "routing_skills.#": "2",
            "routing_skills.1733421848.proficiency": "0",
            "routing_skills.1733421848.skill_id": "1a58347c-aae8-4fce-bb1e-8e2c277af840",
            "routing_skills.720214155.proficiency": "0",
            "routing_skills.720214155.skill_id": "2c63f567-3f47-4ae4-adc8-9f0774d418c8",
            "routing_utilization.#": "0",
            "state": "active",
            "title": ""
          },
          "sensitive_attributes": []
        }
      ]
    },
    {
      "mode": "managed",
      "type": "genesyscloud_user",
      "name": "w_sproesser_deliberate_de",
      "provider": "provider[\"registry.terraform.io/-/genesyscloud\"]",
      "instances": [
        {
          "schema_version": 1,
          "attributes_flat": {
            "acd_auto_answer": "false",
            "addresses.#": "0",
            "certifications.#": "0",
            "department": "",
            "division_id": "1ff5a765-bdc7-4946-9b65-0e855f9d92af",
            "email": "w.sproesser@deliberate.de",
            "employer_info.#": "0",
            "id": "b0533c5d-7b72-4514-8416-486efa73ea69",
            "locations.#": "0",
            "manager": "",
            "name": "Wolfram Sprösser",
            "profile_skills.#": "0",
            "routing_languages.#": "0",
            "routing_skills.#": "1",
            "routing_skills.3752674293.proficiency": "5",
            "routing_skills.3752674293.skill_id": "0f0e58e1-f90a-41d0-b17e-9b763b7f59e8",
            "routing_utilization.#": "0",
            "state": "active",
            "title": ""
          },
          "sensitive_attributes": []
        }
      ]
    },
    {
      "mode": "managed",
      "type": "genesyscloud_user",
      "name": "zheyao_dai_genesys_com",
      "provider": "provider[\"registry.terraform.io/-/genesyscloud\"]",
      "instances": [
        {
          "schema_version": 1,
          "attributes_flat": {
            "acd_auto_answer": "false",
            "addresses.#": "1",
            "addresses.0.other_emails.#": "1",
            "addresses.0.other_emails.1624436179.address": "zheyao.dai@genesys.com",
            "addresses.0.other_emails.1624436179.type": "WORK",
            "addresses.0.phone_numbers.#": "0",
            "certifications.#": "0",
            "department": "",
            "division_id": "223a1aba-4f9c-40a8-b6f1-9c1a56f04419",
            "email": "zheyao.dai@genesys.com",
            "employer_info.#": "0",
            "id": "cf43cbab-abdf-4387-ae5b-6e6a91724fd9",
            "locations.#": "0",
            "manager": "",
            "name": "Zheyao Dai",
            "profile_skills.#": "0",
            "routing_languages.#": "0",
            "routing_skills.#": "2",
            "routing_skills.1733421848.proficiency": "0",
            "routing_skills.1733421848.skill_id": "1a58347c-aae8-4fce-bb1e-8e2c277af840",
            "routing_skills.489732398.proficiency": "0",
            "routing_skills.489732398.skill_id": "ef23a48c-573d-4ace-a218-a41c2d5c2e95",
            "routing_utilization.#": "0",
            "state": "active",
            "title": ""
          },
          "sensitive_attributes": []
        }
      ]
    }
  ],
  "check_results": null
}
